{
  "version": 4,
  "terraform_version": "0.14.9",
  "serial": 435,
  "lineage": "ef2f77d7-e3f0-bb63-ffe1-8584ee34a4e1",
  "outputs": {
    "load_balancer_hostname": {
      "value": "aea24df9ee0fc4a8fbdb8b421f0a214b-786879347.eu-west-2.elb.amazonaws.com",
      "type": "string"
    },
    "load_balancer_info": {
      "value": {
        "access_logs": [],
        "arn": "arn:aws:elasticloadbalancing:eu-west-2:772290144575:loadbalancer/aea24df9ee0fc4a8fbdb8b421f0a214b",
        "availability_zones": [
          "eu-west-2a",
          "eu-west-2b",
          "eu-west-2c"
        ],
        "connection_draining": false,
        "connection_draining_timeout": 300,
        "cross_zone_load_balancing": false,
        "dns_name": "aea24df9ee0fc4a8fbdb8b421f0a214b-786879347.eu-west-2.elb.amazonaws.com",
        "health_check": [
          {
            "healthy_threshold": 2,
            "interval": 10,
            "target": "TCP:31070",
            "timeout": 5,
            "unhealthy_threshold": 6
          }
        ],
        "id": "aea24df9ee0fc4a8fbdb8b421f0a214b",
        "idle_timeout": 60,
        "instances": [
          "i-04cf15d1ce3aced89",
          "i-09af29c8dd73be9f1"
        ],
        "internal": false,
        "listener": [
          {
            "instance_port": 31070,
            "instance_protocol": "tcp",
            "lb_port": 80,
            "lb_protocol": "tcp",
            "ssl_certificate_id": ""
          }
        ],
        "name": "aea24df9ee0fc4a8fbdb8b421f0a214b",
        "security_groups": [
          "sg-0e4db714c101134fc"
        ],
        "source_security_group": "772290144575/k8s-elb-aea24df9ee0fc4a8fbdb8b421f0a214b",
        "source_security_group_id": "sg-0e4db714c101134fc",
        "subnets": [
          "subnet-00b4cfa92254ea072",
          "subnet-046ac42d9787645e7",
          "subnet-0a5202d0a18d057e9"
        ],
        "tags": {
          "kubernetes.io/cluster/example-webapp-eks-BkRLJijl": "owned",
          "kubernetes.io/service-name": "default/example-webapp-svc"
        },
        "zone_id": "ZHURV8PSTC4K8"
      },
      "type": [
        "object",
        {
          "access_logs": [
            "list",
            [
              "object",
              {
                "bucket": "string",
                "bucket_prefix": "string",
                "enabled": "bool",
                "interval": "number"
              }
            ]
          ],
          "arn": "string",
          "availability_zones": [
            "set",
            "string"
          ],
          "connection_draining": "bool",
          "connection_draining_timeout": "number",
          "cross_zone_load_balancing": "bool",
          "dns_name": "string",
          "health_check": [
            "list",
            [
              "object",
              {
                "healthy_threshold": "number",
                "interval": "number",
                "target": "string",
                "timeout": "number",
                "unhealthy_threshold": "number"
              }
            ]
          ],
          "id": "string",
          "idle_timeout": "number",
          "instances": [
            "set",
            "string"
          ],
          "internal": "bool",
          "listener": [
            "set",
            [
              "object",
              {
                "instance_port": "number",
                "instance_protocol": "string",
                "lb_port": "number",
                "lb_protocol": "string",
                "ssl_certificate_id": "string"
              }
            ]
          ],
          "name": "string",
          "security_groups": [
            "set",
            "string"
          ],
          "source_security_group": "string",
          "source_security_group_id": "string",
          "subnets": [
            "set",
            "string"
          ],
          "tags": [
            "map",
            "string"
          ],
          "zone_id": "string"
        }
      ]
    },
    "load_balancer_name": {
      "value": "aea24df9ee0fc4a8fbdb8b421f0a214b",
      "type": "string"
    }
  },
  "resources": [
    {
      "mode": "data",
      "type": "aws_eks_cluster",
      "name": "cluster",
      "provider": "provider[\"registry.terraform.io/hashicorp/aws\"]",
      "instances": [
        {
          "schema_version": 0,
          "attributes": {
            "arn": "arn:aws:eks:eu-west-2:772290144575:cluster/example-webapp-eks-BkRLJijl",
            "certificate_authority": [
              {
                "data": "LS0tLS1CRUdJTiBDRVJUSUZJQ0FURS0tLS0tCk1JSUM1ekNDQWMrZ0F3SUJBZ0lCQURBTkJna3Foa2lHOXcwQkFRc0ZBREFWTVJNd0VRWURWUVFERXdwcmRXSmwKY201bGRHVnpNQjRYRFRJeE1ETXlPREV4TURjd05Wb1hEVE14TURNeU5qRXhNRGN3TlZvd0ZURVRNQkVHQTFVRQpBeE1LYTNWaVpYSnVaWFJsY3pDQ0FTSXdEUVlKS29aSWh2Y05BUUVCQlFBRGdnRVBBRENDQVFvQ2dnRUJBSlVuCldIeDdvdUpORXE4QnRuTWgxT3pYck1NR3FUZEtUbXN4RDNyTDZxVWRCTmM3emFWTWZCNndqNTlpbHhZVWo2RWoKTFp1c1Y3VUxBeEo4cmc2cE53aDZSWkJTd0VyM0tFdEZ1bHFUazRnUDZBd3Zwd1k1UndpVGNpMDFORExZSzlCUgpxZzhVajExM2VqRVRWd0c2eWJzRXNORHNYWU1LV0plQkZKTEtTa0t4UDdKUWo4UnI1NHU1TnlyODhiUEpxa2FKCkg5ZE1NaUJmOXFsZjFzMk83ZXRyR28wWnBva3Q1N3hsUkUvc1V4MklNS3NZV0dsTzQzM1lTejRreUVNaHFwRUMKamVRWWNMUUtQREpZR3FaeEVVbzN5YjRCVjk1d01yTTA2RE5SVDNBSGx1MUZyNCtQSGFLbTc0dUx2WE1TTTl2ZworY1RMdlFOOFc2QWtVMGlKOFowQ0F3RUFBYU5DTUVBd0RnWURWUjBQQVFIL0JBUURBZ0trTUE4R0ExVWRFd0VCCi93UUZNQU1CQWY4d0hRWURWUjBPQkJZRUZPUTZJZFhaeUpFYzZqS0NFQWdGQ2NXeHlnNlVNQTBHQ1NxR1NJYjMKRFFFQkN3VUFBNElCQVFBTXAxNHJhblF2MWR6dEl0cENndUp1V3JLN3ZiUkFzNXhtb3gxam9xRW8yVFlDdUJNOApwbUdpZ2Exb3ZKdHo3dXdnbnNUN0RweUFOY3ZSUTZkdlh6eWxKV1V3SjA3dFVOdVhyUHRsKzcvMFluN2tXMUoyCkdKTk1qaTg1WHVxZ0o1WmtpZGF5UXUwV3lBUnIrOXpSckc2aHVETUU1QmFoOTdTdjVVUzJsZ3lmSVFDWkFSQzQKa2wyeFk1WnhwM2hVdFdtQXNWNjdCdEpUbG96V3NRODFCY2taNmR0UzhpdGFWdHF3K0x3ZXhpTGVDSkFNamQ1RQp0ZXRuckJ0Z2pFNEVDZnBQLzdDeFhsTkJZUWNaR3FVRTQzdmxmcEpIOUx5bHAzS1NFaGJkTmRKNm5uZ0hxN0U2CkVXWlZFMTExZ09QbE8ySVl4a0JNQkNZZ29VMWJKN2FEZkpyNAotLS0tLUVORCBDRVJUSUZJQ0FURS0tLS0tCg=="
              }
            ],
            "created_at": "2021-03-28 11:01:20.25 +0000 UTC",
            "enabled_cluster_log_types": [],
            "endpoint": "https://D17DA99679A1AE2906E67DF6525C3141.gr7.eu-west-2.eks.amazonaws.com",
            "id": "example-webapp-eks-BkRLJijl",
            "identity": [
              {
                "oidc": [
                  {
                    "issuer": "https://oidc.eks.eu-west-2.amazonaws.com/id/D17DA99679A1AE2906E67DF6525C3141"
                  }
                ]
              }
            ],
            "kubernetes_network_config": [
              {
                "service_ipv4_cidr": "172.20.0.0/16"
              }
            ],
            "name": "example-webapp-eks-BkRLJijl",
            "platform_version": "eks.2",
            "role_arn": "arn:aws:iam::772290144575:role/example-webapp-eks-BkRLJijl20210328110028407300000002",
            "status": "ACTIVE",
            "tags": {
              "Environment": "Example"
            },
            "version": "1.19",
            "vpc_config": [
              {
                "cluster_security_group_id": "sg-02dcba6a4ace86cf4",
                "endpoint_private_access": true,
                "endpoint_public_access": true,
                "public_access_cidrs": [
                  "35.177.233.21/32",
                  "88.98.247.243/32"
                ],
                "security_group_ids": [
                  "sg-01590e2ba51cdbba8"
                ],
                "subnet_ids": [
                  "subnet-065fcf6a2c477e164",
                  "subnet-073915192c70c46f5",
                  "subnet-099d56cc632ba46b3"
                ],
                "vpc_id": "vpc-0cfa7c52e8a5a4bd7"
              }
            ]
          },
          "sensitive_attributes": []
        }
      ]
    },
    {
      "mode": "data",
      "type": "aws_eks_cluster_auth",
      "name": "cluster",
      "provider": "provider[\"registry.terraform.io/hashicorp/aws\"]",
      "instances": [
        {
          "schema_version": 0,
          "attributes": {
            "id": "example-webapp-eks-BkRLJijl",
            "name": "example-webapp-eks-BkRLJijl",
            "token": "k8s-aws-v1.aHR0cHM6Ly9zdHMuYW1hem9uYXdzLmNvbS8_QWN0aW9uPUdldENhbGxlcklkZW50aXR5JlZlcnNpb249MjAxMS0wNi0xNSZYLUFtei1BbGdvcml0aG09QVdTNC1ITUFDLVNIQTI1NiZYLUFtei1DcmVkZW50aWFsPUFTSUEzSFVBVU5FN1dDVk1URlVPJTJGMjAyMTAzMjglMkZ1cy1lYXN0LTElMkZzdHMlMkZhd3M0X3JlcXVlc3QmWC1BbXotRGF0ZT0yMDIxMDMyOFQxMTE3MTlaJlgtQW16LUV4cGlyZXM9MCZYLUFtei1TZWN1cml0eS1Ub2tlbj1Gd29HWlhJdllYZHpFQTBhREVwYXRZY1VtTXk3bUVzZ0xDSzNBZDFHcU5MdlVJR0R4OFlRM0FFcGVhdzNTRVJLNVd6VFJvb3R3Q0VTZHluZzZRNGVZS2xYaHptZTFuNm1zZDRQJTJGVjJDMCUyRmlZeEtQTyUyQk9sQzF1THJGcHJlcHRUSml6V3NlTW8zWGVlQXNTMmQxQmdWeGdkcGNWcWxkNHh4bGlsQiUyQkEwaEhreUc5WTJZSE51Slg3dGwlMkJ6eFlxR3g4ZkNpdzhOWmZnMzZjS2YlMkZxbFdNOTJKUVA4SXhwQlExeEJsTjlpTXF5WU9GJTJCNXhvU3d0eXpicmJYa213dWVQWDVlNTJnRnJpNTZjVTBTMjV5cXcydXphTExaU2l1eTRHREJqSXRvYVBPV1M5U0lvekJ0Qmo2eEFHNTRaSyUyRmVaaGFVNUY0bmlUV2ppQVV6RndmTlZqYXNFYU5xNzR4enB0MiZYLUFtei1TaWduZWRIZWFkZXJzPWhvc3QlM0J4LWs4cy1hd3MtaWQmWC1BbXotU2lnbmF0dXJlPWMyZTg3NjI5YTA1ZjQzOGU0ZjI4MDljYzk5Njc2NDI1ZDQyNzEyMjg2N2NhMzMyNTE5MzQwNGU3YjAyYjcyMjA"
          },
          "sensitive_attributes": []
        }
      ]
    },
    {
      "mode": "data",
      "type": "aws_elb",
      "name": "lb",
      "provider": "provider[\"registry.terraform.io/hashicorp/aws\"]",
      "instances": [
        {
          "schema_version": 0,
          "attributes": {
            "access_logs": [],
            "arn": "arn:aws:elasticloadbalancing:eu-west-2:772290144575:loadbalancer/aea24df9ee0fc4a8fbdb8b421f0a214b",
            "availability_zones": [
              "eu-west-2a",
              "eu-west-2b",
              "eu-west-2c"
            ],
            "connection_draining": false,
            "connection_draining_timeout": 300,
            "cross_zone_load_balancing": false,
            "dns_name": "aea24df9ee0fc4a8fbdb8b421f0a214b-786879347.eu-west-2.elb.amazonaws.com",
            "health_check": [
              {
                "healthy_threshold": 2,
                "interval": 10,
                "target": "TCP:31070",
                "timeout": 5,
                "unhealthy_threshold": 6
              }
            ],
            "id": "aea24df9ee0fc4a8fbdb8b421f0a214b",
            "idle_timeout": 60,
            "instances": [
              "i-04cf15d1ce3aced89",
              "i-09af29c8dd73be9f1"
            ],
            "internal": false,
            "listener": [
              {
                "instance_port": 31070,
                "instance_protocol": "tcp",
                "lb_port": 80,
                "lb_protocol": "tcp",
                "ssl_certificate_id": ""
              }
            ],
            "name": "aea24df9ee0fc4a8fbdb8b421f0a214b",
            "security_groups": [
              "sg-0e4db714c101134fc"
            ],
            "source_security_group": "772290144575/k8s-elb-aea24df9ee0fc4a8fbdb8b421f0a214b",
            "source_security_group_id": "sg-0e4db714c101134fc",
            "subnets": [
              "subnet-00b4cfa92254ea072",
              "subnet-046ac42d9787645e7",
              "subnet-0a5202d0a18d057e9"
            ],
            "tags": {
              "kubernetes.io/cluster/example-webapp-eks-BkRLJijl": "owned",
              "kubernetes.io/service-name": "default/example-webapp-svc"
            },
            "zone_id": "ZHURV8PSTC4K8"
          },
          "sensitive_attributes": []
        }
      ]
    },
    {
      "mode": "managed",
      "type": "kubernetes_pod",
      "name": "example-webapp",
      "provider": "provider[\"registry.terraform.io/hashicorp/kubernetes\"]",
      "instances": [
        {
          "schema_version": 1,
          "attributes": {
            "id": "default/example-webapp",
            "metadata": [
              {
                "annotations": {},
                "generate_name": "",
                "generation": 0,
                "labels": {
                  "app": "example-webapp"
                },
                "name": "example-webapp",
                "namespace": "default",
                "resource_version": "1386",
                "self_link": "",
                "uid": "389197e3-6526-43d7-9742-d3c3c0e9f30e"
              }
            ],
            "spec": [
              {
                "active_deadline_seconds": 0,
                "affinity": [],
                "automount_service_account_token": true,
                "container": [
                  {
                    "args": [],
                    "command": [],
                    "env": [],
                    "env_from": [],
                    "image": "772290144575.dkr.ecr.eu-west-2.amazonaws.com/example-webapp:0.0.1",
                    "image_pull_policy": "IfNotPresent",
                    "lifecycle": [],
                    "liveness_probe": [
                      {
                        "exec": [],
                        "failure_threshold": 3,
                        "http_get": [
                          {
                            "host": "",
                            "http_header": [
                              {
                                "name": "X-Kubernetes-Liveness-Probe",
                                "value": "OK"
                              }
                            ],
                            "path": "/info",
                            "port": "3000",
                            "scheme": "HTTP"
                          }
                        ],
                        "initial_delay_seconds": 5,
                        "period_seconds": 5,
                        "success_threshold": 1,
                        "tcp_socket": [],
                        "timeout_seconds": 1
                      }
                    ],
                    "name": "webapp",
                    "port": [
                      {
                        "container_port": 3000,
                        "host_ip": "",
                        "host_port": 0,
                        "name": "",
                        "protocol": "TCP"
                      }
                    ],
                    "readiness_probe": [],
                    "resources": [
                      {
                        "limits": null,
                        "requests": null
                      }
                    ],
                    "security_context": [],
                    "startup_probe": [],
                    "stdin": false,
                    "stdin_once": false,
                    "termination_message_path": "/dev/termination-log",
                    "termination_message_policy": "File",
                    "tty": false,
                    "volume_mount": [],
                    "working_dir": ""
                  },
                  {
                    "args": [],
                    "command": [],
                    "env": [],
                    "env_from": [],
                    "image": "redis",
                    "image_pull_policy": "Always",
                    "lifecycle": [],
                    "liveness_probe": [
                      {
                        "exec": [
                          {
                            "command": [
                              "redis-cli",
                              "ping"
                            ]
                          }
                        ],
                        "failure_threshold": 3,
                        "http_get": [],
                        "initial_delay_seconds": 5,
                        "period_seconds": 5,
                        "success_threshold": 1,
                        "tcp_socket": [],
                        "timeout_seconds": 1
                      }
                    ],
                    "name": "redis",
                    "port": [
                      {
                        "container_port": 6379,
                        "host_ip": "",
                        "host_port": 0,
                        "name": "",
                        "protocol": "TCP"
                      }
                    ],
                    "readiness_probe": [],
                    "resources": [
                      {
                        "limits": null,
                        "requests": null
                      }
                    ],
                    "security_context": [],
                    "startup_probe": [],
                    "stdin": false,
                    "stdin_once": false,
                    "termination_message_path": "/dev/termination-log",
                    "termination_message_policy": "File",
                    "tty": false,
                    "volume_mount": [],
                    "working_dir": ""
                  }
                ],
                "dns_config": [],
                "dns_policy": "ClusterFirst",
                "enable_service_links": true,
                "host_aliases": [],
                "host_ipc": false,
                "host_network": false,
                "host_pid": false,
                "hostname": "",
                "image_pull_secrets": [],
                "init_container": [],
                "node_name": "ip-10-0-1-211.eu-west-2.compute.internal",
                "node_selector": {},
                "priority_class_name": "",
                "readiness_gate": [],
                "restart_policy": "Always",
                "security_context": [],
                "service_account_name": "default",
                "share_process_namespace": false,
                "subdomain": "",
                "termination_grace_period_seconds": 30,
                "toleration": [],
                "topology_spread_constraint": [],
                "volume": []
              }
            ],
            "timeouts": null
          },
          "sensitive_attributes": [],
          "private": "eyJlMmJmYjczMC1lY2FhLTExZTYtOGY4OC0zNDM2M2JjN2M0YzAiOnsiY3JlYXRlIjozMDAwMDAwMDAwMDAsImRlbGV0ZSI6MzAwMDAwMDAwMDAwfSwic2NoZW1hX3ZlcnNpb24iOiIxIn0=",
          "dependencies": [
            "data.aws_eks_cluster.cluster",
            "module.build-example-webapp.aws_ecr_repository.repo",
            "module.eks-cluster.data.aws_availability_zones.available",
            "module.eks-cluster.module.eks.aws_cloudwatch_log_group.this",
            "module.eks-cluster.module.eks.aws_eks_cluster.this",
            "module.eks-cluster.module.eks.aws_iam_role.cluster",
            "module.eks-cluster.module.eks.aws_iam_role_policy_attachment.cluster_AmazonEKSClusterPolicy",
            "module.eks-cluster.module.eks.aws_iam_role_policy_attachment.cluster_AmazonEKSServicePolicy",
            "module.eks-cluster.module.eks.aws_iam_role_policy_attachment.cluster_AmazonEKSVPCResourceControllerPolicy",
            "module.eks-cluster.module.eks.aws_security_group.cluster",
            "module.eks-cluster.module.eks.aws_security_group.workers",
            "module.eks-cluster.module.eks.aws_security_group_rule.cluster_egress_internet",
            "module.eks-cluster.module.eks.aws_security_group_rule.cluster_https_worker_ingress",
            "module.eks-cluster.module.eks.aws_security_group_rule.cluster_private_access",
            "module.eks-cluster.module.eks.data.aws_iam_policy_document.cluster_assume_role_policy",
            "module.eks-cluster.module.eks.data.aws_iam_role.custom_cluster_iam_role",
            "module.eks-cluster.module.eks.data.aws_partition.current",
            "module.eks-cluster.module.eks.null_resource.wait_for_cluster",
            "module.eks-cluster.module.vpc.aws_eip.nat",
            "module.eks-cluster.module.vpc.aws_subnet.private",
            "module.eks-cluster.module.vpc.aws_vpc.this",
            "module.eks-cluster.module.vpc.aws_vpc_ipv4_cidr_block_association.this",
            "module.eks-cluster.random_string.suffix"
          ]
        }
      ]
    },
    {
      "mode": "managed",
      "type": "kubernetes_service",
      "name": "example-webapp",
      "provider": "provider[\"registry.terraform.io/hashicorp/kubernetes\"]",
      "instances": [
        {
          "schema_version": 1,
          "attributes": {
            "id": "default/example-webapp-svc",
            "metadata": [
              {
                "annotations": null,
                "generate_name": "",
                "generation": 0,
                "labels": null,
                "name": "example-webapp-svc",
                "namespace": "default",
                "resource_version": "1992",
                "self_link": "",
                "uid": "ea24df9e-e0fc-4a8f-bdb8-b421f0a214b2"
              }
            ],
            "spec": [
              {
                "cluster_ip": "172.20.43.202",
                "external_ips": null,
                "external_name": "",
                "external_traffic_policy": "Cluster",
                "health_check_node_port": 0,
                "load_balancer_ip": "",
                "load_balancer_source_ranges": [
                  "88.98.247.243/32"
                ],
                "port": [
                  {
                    "name": "",
                    "node_port": 31070,
                    "port": 80,
                    "protocol": "TCP",
                    "target_port": "3000"
                  }
                ],
                "publish_not_ready_addresses": false,
                "selector": {
                  "app": "example-webapp"
                },
                "session_affinity": "None",
                "type": "LoadBalancer"
              }
            ],
            "status": [
              {
                "load_balancer": [
                  {
                    "ingress": [
                      {
                        "hostname": "aea24df9ee0fc4a8fbdb8b421f0a214b-786879347.eu-west-2.elb.amazonaws.com",
                        "ip": ""
                      }
                    ]
                  }
                ]
              }
            ],
            "timeouts": null,
            "wait_for_load_balancer": true
          },
          "sensitive_attributes": [],
          "private": "eyJlMmJmYjczMC1lY2FhLTExZTYtOGY4OC0zNDM2M2JjN2M0YzAiOnsiY3JlYXRlIjo2MDAwMDAwMDAwMDB9LCJzY2hlbWFfdmVyc2lvbiI6IjEifQ==",
          "dependencies": [
            "data.aws_eks_cluster.cluster",
            "kubernetes_pod.example-webapp"
          ]
        }
      ]
    },
    {
      "module": "module.build-example-webapp",
      "mode": "data",
      "type": "aws_caller_identity",
      "name": "current",
      "provider": "provider[\"registry.terraform.io/hashicorp/aws\"]",
      "instances": [
        {
          "schema_version": 0,
          "attributes": {
            "account_id": "772290144575",
            "arn": "arn:aws:sts::772290144575:assumed-role/Admin/1616930221416489000",
            "id": "772290144575",
            "user_id": "AROA3HUAUNE77SWCCCT7H:1616930221416489000"
          },
          "sensitive_attributes": []
        }
      ]
    },
    {
      "module": "module.build-example-webapp",
      "mode": "managed",
      "type": "aws_ecr_repository",
      "name": "repo",
      "provider": "provider[\"registry.terraform.io/hashicorp/aws\"]",
      "instances": [
        {
          "schema_version": 0,
          "attributes": {
            "arn": "arn:aws:ecr:eu-west-2:772290144575:repository/example-webapp",
            "encryption_configuration": [
              {
                "encryption_type": "AES256",
                "kms_key": ""
              }
            ],
            "id": "example-webapp",
            "image_scanning_configuration": [
              {
                "scan_on_push": false
              }
            ],
            "image_tag_mutability": "IMMUTABLE",
            "name": "example-webapp",
            "registry_id": "772290144575",
            "repository_url": "772290144575.dkr.ecr.eu-west-2.amazonaws.com/example-webapp",
            "tags": {},
            "timeouts": null
          },
          "sensitive_attributes": [],
          "private": "eyJlMmJmYjczMC1lY2FhLTExZTYtOGY4OC0zNDM2M2JjN2M0YzAiOnsiZGVsZXRlIjoxMjAwMDAwMDAwMDAwfX0="
        }
      ]
    },
    {
      "module": "module.build-example-webapp",
      "mode": "managed",
      "type": "null_resource",
      "name": "push_image",
      "provider": "provider[\"registry.terraform.io/hashicorp/null\"]",
      "instances": [
        {
          "schema_version": 0,
          "attributes": {
            "id": "8676080105713929621",
            "triggers": {
              "tag": "0.0.1"
            }
          },
          "sensitive_attributes": [],
          "private": "bnVsbA==",
          "dependencies": [
            "module.build-example-webapp.aws_ecr_repository.repo",
            "module.build-example-webapp.data.aws_caller_identity.current"
          ]
        }
      ]
    },
    {
      "module": "module.eks-cluster",
      "mode": "data",
      "type": "aws_availability_zones",
      "name": "available",
      "provider": "provider[\"registry.terraform.io/hashicorp/aws\"]",
      "instances": [
        {
          "schema_version": 0,
          "attributes": {
            "all_availability_zones": null,
            "exclude_names": null,
            "exclude_zone_ids": null,
            "filter": null,
            "group_names": [
              "eu-west-2"
            ],
            "id": "eu-west-2",
            "names": [
              "eu-west-2a",
              "eu-west-2b",
              "eu-west-2c"
            ],
            "state": null,
            "zone_ids": [
              "euw2-az2",
              "euw2-az3",
              "euw2-az1"
            ]
          },
          "sensitive_attributes": []
        }
      ]
    },
    {
      "module": "module.eks-cluster",
      "mode": "managed",
      "type": "aws_ecr_repository",
      "name": "k8s",
      "provider": "provider[\"registry.terraform.io/hashicorp/aws\"]",
      "instances": [
        {
          "schema_version": 0,
          "attributes": {
            "arn": "arn:aws:ecr:eu-west-2:772290144575:repository/k8s",
            "encryption_configuration": [
              {
                "encryption_type": "AES256",
                "kms_key": ""
              }
            ],
            "id": "k8s",
            "image_scanning_configuration": [
              {
                "scan_on_push": false
              }
            ],
            "image_tag_mutability": "IMMUTABLE",
            "name": "k8s",
            "registry_id": "772290144575",
            "repository_url": "772290144575.dkr.ecr.eu-west-2.amazonaws.com/k8s",
            "tags": {},
            "timeouts": null
          },
          "sensitive_attributes": [],
          "private": "eyJlMmJmYjczMC1lY2FhLTExZTYtOGY4OC0zNDM2M2JjN2M0YzAiOnsiZGVsZXRlIjoxMjAwMDAwMDAwMDAwfX0="
        }
      ]
    },
    {
      "module": "module.eks-cluster",
      "mode": "managed",
      "type": "aws_security_group",
      "name": "eks_worker",
      "provider": "provider[\"registry.terraform.io/hashicorp/aws\"]",
      "instances": [
        {
          "schema_version": 1,
          "attributes": {
            "arn": "arn:aws:ec2:eu-west-2:772290144575:security-group/sg-06ef402d4695c3ebf",
            "description": "Managed by Terraform",
            "egress": [],
            "id": "sg-06ef402d4695c3ebf",
            "ingress": [
              {
                "cidr_blocks": [
                  "10.0.0.0/8",
                  "172.16.0.0/12",
                  "192.168.0.0/16"
                ],
                "description": "",
                "from_port": 22,
                "ipv6_cidr_blocks": [],
                "prefix_list_ids": [],
                "protocol": "tcp",
                "security_groups": [],
                "self": false,
                "to_port": 22
              }
            ],
            "name": "all_worker_management20210328110054042500000007",
            "name_prefix": "all_worker_management",
            "owner_id": "772290144575",
            "revoke_rules_on_delete": false,
            "tags": {},
            "timeouts": null,
            "vpc_id": "vpc-0cfa7c52e8a5a4bd7"
          },
          "sensitive_attributes": [],
          "private": "eyJlMmJmYjczMC1lY2FhLTExZTYtOGY4OC0zNDM2M2JjN2M0YzAiOnsiY3JlYXRlIjo2MDAwMDAwMDAwMDAsImRlbGV0ZSI6NjAwMDAwMDAwMDAwfSwic2NoZW1hX3ZlcnNpb24iOiIxIn0=",
          "dependencies": [
            "module.eks-cluster.module.vpc.aws_vpc.this",
            "module.eks-cluster.random_string.suffix"
          ],
          "create_before_destroy": true
        }
      ]
    },
    {
      "module": "module.eks-cluster",
      "mode": "managed",
      "type": "random_string",
      "name": "suffix",
      "provider": "provider[\"registry.terraform.io/hashicorp/random\"]",
      "instances": [
        {
          "schema_version": 1,
          "attributes": {
            "id": "BkRLJijl",
            "keepers": null,
            "length": 8,
            "lower": true,
            "min_lower": 0,
            "min_numeric": 0,
            "min_special": 0,
            "min_upper": 0,
            "number": true,
            "override_special": null,
            "result": "BkRLJijl",
            "special": false,
            "upper": true
          },
          "sensitive_attributes": [],
          "private": "eyJzY2hlbWFfdmVyc2lvbiI6IjEifQ==",
          "create_before_destroy": true
        }
      ]
    },
    {
      "module": "module.eks-cluster.module.eks",
      "mode": "data",
      "type": "aws_ami",
      "name": "eks_worker",
      "provider": "provider[\"registry.terraform.io/hashicorp/aws\"]",
      "instances": [
        {
          "schema_version": 0,
          "attributes": {
            "architecture": "x86_64",
            "arn": "arn:aws:ec2:eu-west-2::image/ami-033389566816ade4b",
            "block_device_mappings": [
              {
                "device_name": "/dev/xvda",
                "ebs": {
                  "delete_on_termination": "true",
                  "encrypted": "false",
                  "iops": "0",
                  "snapshot_id": "snap-06ac5504fb0c9bd1f",
                  "throughput": "0",
                  "volume_size": "20",
                  "volume_type": "gp2"
                },
                "no_device": "",
                "virtual_name": ""
              }
            ],
            "creation_date": "2021-03-23T20:36:54.000Z",
            "description": "EKS Kubernetes Worker AMI with AmazonLinux2 image, (k8s: 1.19.6, docker: 19.03.13ce-1.amzn2, containerd: 1.4.1-2.amzn2)",
            "ena_support": true,
            "executable_users": null,
            "filter": [
              {
                "name": "name",
                "values": [
                  "amazon-eks-node-1.19-v*"
                ]
              }
            ],
            "hypervisor": "xen",
            "id": "ami-033389566816ade4b",
            "image_id": "ami-033389566816ade4b",
            "image_location": "amazon/amazon-eks-node-1.19-v20210322",
            "image_owner_alias": "amazon",
            "image_type": "machine",
            "kernel_id": null,
            "most_recent": true,
            "name": "amazon-eks-node-1.19-v20210322",
            "name_regex": null,
            "owner_id": "602401143452",
            "owners": [
              "amazon"
            ],
            "platform": null,
            "platform_details": "Linux/UNIX",
            "product_codes": [],
            "public": true,
            "ramdisk_id": null,
            "root_device_name": "/dev/xvda",
            "root_device_type": "ebs",
            "root_snapshot_id": "snap-06ac5504fb0c9bd1f",
            "sriov_net_support": "simple",
            "state": "available",
            "state_reason": {
              "code": "UNSET",
              "message": "UNSET"
            },
            "tags": {},
            "usage_operation": "RunInstances",
            "virtualization_type": "hvm"
          },
          "sensitive_attributes": []
        }
      ]
    },
    {
      "module": "module.eks-cluster.module.eks",
      "mode": "data",
      "type": "aws_ami",
      "name": "eks_worker_windows",
      "provider": "provider[\"registry.terraform.io/hashicorp/aws\"]",
      "instances": [
        {
          "schema_version": 0,
          "attributes": {
            "architecture": "x86_64",
            "arn": "arn:aws:ec2:eu-west-2::image/ami-09ab5e086545c7c41",
            "block_device_mappings": [
              {
                "device_name": "/dev/sda1",
                "ebs": {
                  "delete_on_termination": "true",
                  "encrypted": "false",
                  "iops": "0",
                  "snapshot_id": "snap-0c82b5c8705d92357",
                  "throughput": "0",
                  "volume_size": "50",
                  "volume_type": "gp2"
                },
                "no_device": "",
                "virtual_name": ""
              },
              {
                "device_name": "xvdca",
                "ebs": {},
                "no_device": "",
                "virtual_name": "ephemeral0"
              },
              {
                "device_name": "xvdcb",
                "ebs": {},
                "no_device": "",
                "virtual_name": "ephemeral1"
              },
              {
                "device_name": "xvdcc",
                "ebs": {},
                "no_device": "",
                "virtual_name": "ephemeral2"
              },
              {
                "device_name": "xvdcd",
                "ebs": {},
                "no_device": "",
                "virtual_name": "ephemeral3"
              },
              {
                "device_name": "xvdce",
                "ebs": {},
                "no_device": "",
                "virtual_name": "ephemeral4"
              },
              {
                "device_name": "xvdcf",
                "ebs": {},
                "no_device": "",
                "virtual_name": "ephemeral5"
              },
              {
                "device_name": "xvdcg",
                "ebs": {},
                "no_device": "",
                "virtual_name": "ephemeral6"
              },
              {
                "device_name": "xvdch",
                "ebs": {},
                "no_device": "",
                "virtual_name": "ephemeral7"
              },
              {
                "device_name": "xvdci",
                "ebs": {},
                "no_device": "",
                "virtual_name": "ephemeral8"
              },
              {
                "device_name": "xvdcj",
                "ebs": {},
                "no_device": "",
                "virtual_name": "ephemeral9"
              },
              {
                "device_name": "xvdck",
                "ebs": {},
                "no_device": "",
                "virtual_name": "ephemeral10"
              },
              {
                "device_name": "xvdcl",
                "ebs": {},
                "no_device": "",
                "virtual_name": "ephemeral11"
              },
              {
                "device_name": "xvdcm",
                "ebs": {},
                "no_device": "",
                "virtual_name": "ephemeral12"
              },
              {
                "device_name": "xvdcn",
                "ebs": {},
                "no_device": "",
                "virtual_name": "ephemeral13"
              },
              {
                "device_name": "xvdco",
                "ebs": {},
                "no_device": "",
                "virtual_name": "ephemeral14"
              },
              {
                "device_name": "xvdcp",
                "ebs": {},
                "no_device": "",
                "virtual_name": "ephemeral15"
              },
              {
                "device_name": "xvdcq",
                "ebs": {},
                "no_device": "",
                "virtual_name": "ephemeral16"
              },
              {
                "device_name": "xvdcr",
                "ebs": {},
                "no_device": "",
                "virtual_name": "ephemeral17"
              },
              {
                "device_name": "xvdcs",
                "ebs": {},
                "no_device": "",
                "virtual_name": "ephemeral18"
              },
              {
                "device_name": "xvdct",
                "ebs": {},
                "no_device": "",
                "virtual_name": "ephemeral19"
              },
              {
                "device_name": "xvdcu",
                "ebs": {},
                "no_device": "",
                "virtual_name": "ephemeral20"
              },
              {
                "device_name": "xvdcv",
                "ebs": {},
                "no_device": "",
                "virtual_name": "ephemeral21"
              },
              {
                "device_name": "xvdcw",
                "ebs": {},
                "no_device": "",
                "virtual_name": "ephemeral22"
              },
              {
                "device_name": "xvdcx",
                "ebs": {},
                "no_device": "",
                "virtual_name": "ephemeral23"
              },
              {
                "device_name": "xvdcy",
                "ebs": {},
                "no_device": "",
                "virtual_name": "ephemeral24"
              },
              {
                "device_name": "xvdcz",
                "ebs": {},
                "no_device": "",
                "virtual_name": "ephemeral25"
              }
            ],
            "creation_date": "2021-03-11T22:18:03.000Z",
            "description": "Microsoft Windows Server 2019 Core optimized for EKS and provided by Amazon",
            "ena_support": true,
            "executable_users": null,
            "filter": [
              {
                "name": "name",
                "values": [
                  "Windows_Server-2019-English-Core-EKS_Optimized-1.19-*"
                ]
              },
              {
                "name": "platform",
                "values": [
                  "windows"
                ]
              }
            ],
            "hypervisor": "xen",
            "id": "ami-09ab5e086545c7c41",
            "image_id": "ami-09ab5e086545c7c41",
            "image_location": "amazon/Windows_Server-2019-English-Core-EKS_Optimized-1.19-2021.03.10",
            "image_owner_alias": "amazon",
            "image_type": "machine",
            "kernel_id": null,
            "most_recent": true,
            "name": "Windows_Server-2019-English-Core-EKS_Optimized-1.19-2021.03.10",
            "name_regex": null,
            "owner_id": "801119661308",
            "owners": [
              "amazon"
            ],
            "platform": "windows",
            "platform_details": "Windows",
            "product_codes": [],
            "public": true,
            "ramdisk_id": null,
            "root_device_name": "/dev/sda1",
            "root_device_type": "ebs",
            "root_snapshot_id": "snap-0c82b5c8705d92357",
            "sriov_net_support": "simple",
            "state": "available",
            "state_reason": {
              "code": "UNSET",
              "message": "UNSET"
            },
            "tags": {},
            "usage_operation": "RunInstances:0002",
            "virtualization_type": "hvm"
          },
          "sensitive_attributes": []
        }
      ]
    },
    {
      "module": "module.eks-cluster.module.eks",
      "mode": "data",
      "type": "aws_caller_identity",
      "name": "current",
      "provider": "provider[\"registry.terraform.io/hashicorp/aws\"]",
      "instances": [
        {
          "schema_version": 0,
          "attributes": {
            "account_id": "772290144575",
            "arn": "arn:aws:sts::772290144575:assumed-role/Admin/1616930221416489000",
            "id": "772290144575",
            "user_id": "AROA3HUAUNE77SWCCCT7H:1616930221416489000"
          },
          "sensitive_attributes": []
        }
      ]
    },
    {
      "module": "module.eks-cluster.module.eks",
      "mode": "data",
      "type": "aws_iam_policy_document",
      "name": "cluster_assume_role_policy",
      "provider": "provider[\"registry.terraform.io/hashicorp/aws\"]",
      "instances": [
        {
          "schema_version": 0,
          "attributes": {
            "id": "2764486067",
            "json": "{\n  \"Version\": \"2012-10-17\",\n  \"Statement\": [\n    {\n      \"Sid\": \"EKSClusterAssumeRole\",\n      \"Effect\": \"Allow\",\n      \"Action\": \"sts:AssumeRole\",\n      \"Principal\": {\n        \"Service\": \"eks.amazonaws.com\"\n      }\n    }\n  ]\n}",
            "override_json": null,
            "override_policy_documents": null,
            "policy_id": null,
            "source_json": null,
            "source_policy_documents": null,
            "statement": [
              {
                "actions": [
                  "sts:AssumeRole"
                ],
                "condition": [],
                "effect": "Allow",
                "not_actions": [],
                "not_principals": [],
                "not_resources": [],
                "principals": [
                  {
                    "identifiers": [
                      "eks.amazonaws.com"
                    ],
                    "type": "Service"
                  }
                ],
                "resources": [],
                "sid": "EKSClusterAssumeRole"
              }
            ],
            "version": "2012-10-17"
          },
          "sensitive_attributes": []
        }
      ]
    },
    {
      "module": "module.eks-cluster.module.eks",
      "mode": "data",
      "type": "aws_iam_policy_document",
      "name": "cluster_elb_sl_role_creation",
      "provider": "provider[\"registry.terraform.io/hashicorp/aws\"]",
      "instances": [
        {
          "index_key": 0,
          "schema_version": 0,
          "attributes": {
            "id": "3407219844",
            "json": "{\n  \"Version\": \"2012-10-17\",\n  \"Statement\": [\n    {\n      \"Sid\": \"\",\n      \"Effect\": \"Allow\",\n      \"Action\": [\n        \"ec2:DescribeInternetGateways\",\n        \"ec2:DescribeAccountAttributes\"\n      ],\n      \"Resource\": \"*\"\n    }\n  ]\n}",
            "override_json": null,
            "override_policy_documents": null,
            "policy_id": null,
            "source_json": null,
            "source_policy_documents": null,
            "statement": [
              {
                "actions": [
                  "ec2:DescribeAccountAttributes",
                  "ec2:DescribeInternetGateways"
                ],
                "condition": [],
                "effect": "Allow",
                "not_actions": [],
                "not_principals": [],
                "not_resources": [],
                "principals": [],
                "resources": [
                  "*"
                ],
                "sid": ""
              }
            ],
            "version": "2012-10-17"
          },
          "sensitive_attributes": []
        }
      ]
    },
    {
      "module": "module.eks-cluster.module.eks",
      "mode": "data",
      "type": "aws_iam_policy_document",
      "name": "workers_assume_role_policy",
      "provider": "provider[\"registry.terraform.io/hashicorp/aws\"]",
      "instances": [
        {
          "schema_version": 0,
          "attributes": {
            "id": "3778018924",
            "json": "{\n  \"Version\": \"2012-10-17\",\n  \"Statement\": [\n    {\n      \"Sid\": \"EKSWorkerAssumeRole\",\n      \"Effect\": \"Allow\",\n      \"Action\": \"sts:AssumeRole\",\n      \"Principal\": {\n        \"Service\": \"ec2.amazonaws.com\"\n      }\n    }\n  ]\n}",
            "override_json": null,
            "override_policy_documents": null,
            "policy_id": null,
            "source_json": null,
            "source_policy_documents": null,
            "statement": [
              {
                "actions": [
                  "sts:AssumeRole"
                ],
                "condition": [],
                "effect": "Allow",
                "not_actions": [],
                "not_principals": [],
                "not_resources": [],
                "principals": [
                  {
                    "identifiers": [
                      "ec2.amazonaws.com"
                    ],
                    "type": "Service"
                  }
                ],
                "resources": [],
                "sid": "EKSWorkerAssumeRole"
              }
            ],
            "version": "2012-10-17"
          },
          "sensitive_attributes": []
        }
      ]
    },
    {
      "module": "module.eks-cluster.module.eks",
      "mode": "data",
      "type": "aws_partition",
      "name": "current",
      "provider": "provider[\"registry.terraform.io/hashicorp/aws\"]",
      "instances": [
        {
          "schema_version": 0,
          "attributes": {
            "dns_suffix": "amazonaws.com",
            "id": "aws",
            "partition": "aws",
            "reverse_dns_prefix": "com.amazonaws"
          },
          "sensitive_attributes": []
        }
      ]
    },
    {
      "module": "module.eks-cluster.module.eks",
      "mode": "data",
      "type": "template_file",
      "name": "userdata",
      "provider": "provider[\"registry.terraform.io/hashicorp/template\"]",
      "instances": [
        {
          "index_key": 0,
          "schema_version": 0,
          "attributes": {
            "filename": null,
            "id": "fc1d06fc51febe18edd12f7f0be45e78eb0dcad9873ba24601496861c11beed9",
            "rendered": "#!/bin/bash -e\n\n# Allow user supplied pre userdata code\n\n\n# Bootstrap and join the cluster\n/etc/eks/bootstrap.sh --b64-cluster-ca 'LS0tLS1CRUdJTiBDRVJUSUZJQ0FURS0tLS0tCk1JSUM1ekNDQWMrZ0F3SUJBZ0lCQURBTkJna3Foa2lHOXcwQkFRc0ZBREFWTVJNd0VRWURWUVFERXdwcmRXSmwKY201bGRHVnpNQjRYRFRJeE1ETXlPREV4TURjd05Wb1hEVE14TURNeU5qRXhNRGN3TlZvd0ZURVRNQkVHQTFVRQpBeE1LYTNWaVpYSnVaWFJsY3pDQ0FTSXdEUVlKS29aSWh2Y05BUUVCQlFBRGdnRVBBRENDQVFvQ2dnRUJBSlVuCldIeDdvdUpORXE4QnRuTWgxT3pYck1NR3FUZEtUbXN4RDNyTDZxVWRCTmM3emFWTWZCNndqNTlpbHhZVWo2RWoKTFp1c1Y3VUxBeEo4cmc2cE53aDZSWkJTd0VyM0tFdEZ1bHFUazRnUDZBd3Zwd1k1UndpVGNpMDFORExZSzlCUgpxZzhVajExM2VqRVRWd0c2eWJzRXNORHNYWU1LV0plQkZKTEtTa0t4UDdKUWo4UnI1NHU1TnlyODhiUEpxa2FKCkg5ZE1NaUJmOXFsZjFzMk83ZXRyR28wWnBva3Q1N3hsUkUvc1V4MklNS3NZV0dsTzQzM1lTejRreUVNaHFwRUMKamVRWWNMUUtQREpZR3FaeEVVbzN5YjRCVjk1d01yTTA2RE5SVDNBSGx1MUZyNCtQSGFLbTc0dUx2WE1TTTl2ZworY1RMdlFOOFc2QWtVMGlKOFowQ0F3RUFBYU5DTUVBd0RnWURWUjBQQVFIL0JBUURBZ0trTUE4R0ExVWRFd0VCCi93UUZNQU1CQWY4d0hRWURWUjBPQkJZRUZPUTZJZFhaeUpFYzZqS0NFQWdGQ2NXeHlnNlVNQTBHQ1NxR1NJYjMKRFFFQkN3VUFBNElCQVFBTXAxNHJhblF2MWR6dEl0cENndUp1V3JLN3ZiUkFzNXhtb3gxam9xRW8yVFlDdUJNOApwbUdpZ2Exb3ZKdHo3dXdnbnNUN0RweUFOY3ZSUTZkdlh6eWxKV1V3SjA3dFVOdVhyUHRsKzcvMFluN2tXMUoyCkdKTk1qaTg1WHVxZ0o1WmtpZGF5UXUwV3lBUnIrOXpSckc2aHVETUU1QmFoOTdTdjVVUzJsZ3lmSVFDWkFSQzQKa2wyeFk1WnhwM2hVdFdtQXNWNjdCdEpUbG96V3NRODFCY2taNmR0UzhpdGFWdHF3K0x3ZXhpTGVDSkFNamQ1RQp0ZXRuckJ0Z2pFNEVDZnBQLzdDeFhsTkJZUWNaR3FVRTQzdmxmcEpIOUx5bHAzS1NFaGJkTmRKNm5uZ0hxN0U2CkVXWlZFMTExZ09QbE8ySVl4a0JNQkNZZ29VMWJKN2FEZkpyNAotLS0tLUVORCBDRVJUSUZJQ0FURS0tLS0tCg==' --apiserver-endpoint 'https://D17DA99679A1AE2906E67DF6525C3141.gr7.eu-west-2.eks.amazonaws.com'  --kubelet-extra-args \"\" 'example-webapp-eks-BkRLJijl'\n\n# Allow user supplied userdata code\n\n",
            "template": "#!/bin/bash -e\n\n# Allow user supplied pre userdata code\n${pre_userdata}\n\n# Bootstrap and join the cluster\n/etc/eks/bootstrap.sh --b64-cluster-ca '${cluster_auth_base64}' --apiserver-endpoint '${endpoint}' ${bootstrap_extra_args} --kubelet-extra-args \"${kubelet_extra_args}\" '${cluster_name}'\n\n# Allow user supplied userdata code\n${additional_userdata}\n",
            "vars": {
              "additional_userdata": "",
              "bootstrap_extra_args": "",
              "cluster_auth_base64": "LS0tLS1CRUdJTiBDRVJUSUZJQ0FURS0tLS0tCk1JSUM1ekNDQWMrZ0F3SUJBZ0lCQURBTkJna3Foa2lHOXcwQkFRc0ZBREFWTVJNd0VRWURWUVFERXdwcmRXSmwKY201bGRHVnpNQjRYRFRJeE1ETXlPREV4TURjd05Wb1hEVE14TURNeU5qRXhNRGN3TlZvd0ZURVRNQkVHQTFVRQpBeE1LYTNWaVpYSnVaWFJsY3pDQ0FTSXdEUVlKS29aSWh2Y05BUUVCQlFBRGdnRVBBRENDQVFvQ2dnRUJBSlVuCldIeDdvdUpORXE4QnRuTWgxT3pYck1NR3FUZEtUbXN4RDNyTDZxVWRCTmM3emFWTWZCNndqNTlpbHhZVWo2RWoKTFp1c1Y3VUxBeEo4cmc2cE53aDZSWkJTd0VyM0tFdEZ1bHFUazRnUDZBd3Zwd1k1UndpVGNpMDFORExZSzlCUgpxZzhVajExM2VqRVRWd0c2eWJzRXNORHNYWU1LV0plQkZKTEtTa0t4UDdKUWo4UnI1NHU1TnlyODhiUEpxa2FKCkg5ZE1NaUJmOXFsZjFzMk83ZXRyR28wWnBva3Q1N3hsUkUvc1V4MklNS3NZV0dsTzQzM1lTejRreUVNaHFwRUMKamVRWWNMUUtQREpZR3FaeEVVbzN5YjRCVjk1d01yTTA2RE5SVDNBSGx1MUZyNCtQSGFLbTc0dUx2WE1TTTl2ZworY1RMdlFOOFc2QWtVMGlKOFowQ0F3RUFBYU5DTUVBd0RnWURWUjBQQVFIL0JBUURBZ0trTUE4R0ExVWRFd0VCCi93UUZNQU1CQWY4d0hRWURWUjBPQkJZRUZPUTZJZFhaeUpFYzZqS0NFQWdGQ2NXeHlnNlVNQTBHQ1NxR1NJYjMKRFFFQkN3VUFBNElCQVFBTXAxNHJhblF2MWR6dEl0cENndUp1V3JLN3ZiUkFzNXhtb3gxam9xRW8yVFlDdUJNOApwbUdpZ2Exb3ZKdHo3dXdnbnNUN0RweUFOY3ZSUTZkdlh6eWxKV1V3SjA3dFVOdVhyUHRsKzcvMFluN2tXMUoyCkdKTk1qaTg1WHVxZ0o1WmtpZGF5UXUwV3lBUnIrOXpSckc2aHVETUU1QmFoOTdTdjVVUzJsZ3lmSVFDWkFSQzQKa2wyeFk1WnhwM2hVdFdtQXNWNjdCdEpUbG96V3NRODFCY2taNmR0UzhpdGFWdHF3K0x3ZXhpTGVDSkFNamQ1RQp0ZXRuckJ0Z2pFNEVDZnBQLzdDeFhsTkJZUWNaR3FVRTQzdmxmcEpIOUx5bHAzS1NFaGJkTmRKNm5uZ0hxN0U2CkVXWlZFMTExZ09QbE8ySVl4a0JNQkNZZ29VMWJKN2FEZkpyNAotLS0tLUVORCBDRVJUSUZJQ0FURS0tLS0tCg==",
              "cluster_name": "example-webapp-eks-BkRLJijl",
              "endpoint": "https://D17DA99679A1AE2906E67DF6525C3141.gr7.eu-west-2.eks.amazonaws.com",
              "kubelet_extra_args": "",
              "platform": "linux",
              "pre_userdata": ""
            }
          },
          "sensitive_attributes": []
        }
      ]
    },
    {
      "module": "module.eks-cluster.module.eks",
      "mode": "managed",
      "type": "aws_autoscaling_group",
      "name": "workers",
      "provider": "provider[\"registry.terraform.io/hashicorp/aws\"]",
      "instances": [
        {
          "index_key": 0,
          "schema_version": 0,
          "attributes": {
            "arn": "arn:aws:autoscaling:eu-west-2:772290144575:autoScalingGroup:8bbbd22b-c275-43f3-a8ca-5f1dec3143fc:autoScalingGroupName/example-webapp-eks-BkRLJijl-eks-worker-group20210328111239860400000010",
            "availability_zones": [
              "eu-west-2a",
              "eu-west-2b",
              "eu-west-2c"
            ],
            "capacity_rebalance": false,
            "default_cooldown": 300,
            "desired_capacity": 2,
            "enabled_metrics": [],
            "force_delete": false,
            "health_check_grace_period": 300,
            "health_check_type": "EC2",
            "id": "example-webapp-eks-BkRLJijl-eks-worker-group20210328111239860400000010",
            "initial_lifecycle_hook": [],
            "instance_refresh": [],
            "launch_configuration": "example-webapp-eks-BkRLJijl-eks-worker-group2021032811123084660000000f",
            "launch_template": [],
            "load_balancers": [],
            "max_instance_lifetime": 0,
            "max_size": 3,
            "metrics_granularity": "1Minute",
            "min_elb_capacity": null,
            "min_size": 1,
            "mixed_instances_policy": [],
            "name": "example-webapp-eks-BkRLJijl-eks-worker-group20210328111239860400000010",
            "name_prefix": "example-webapp-eks-BkRLJijl-eks-worker-group",
            "placement_group": "",
            "protect_from_scale_in": false,
            "service_linked_role_arn": "arn:aws:iam::772290144575:role/aws-service-role/autoscaling.amazonaws.com/AWSServiceRoleForAutoScaling",
            "suspended_processes": [
              "AZRebalance"
            ],
            "tag": [
              {
                "key": "Environment",
                "propagate_at_launch": true,
                "value": "Example"
              },
              {
                "key": "Name",
                "propagate_at_launch": true,
                "value": "example-webapp-eks-BkRLJijl-eks-worker-group-eks_asg"
              },
              {
                "key": "k8s.io/cluster/example-webapp-eks-BkRLJijl",
                "propagate_at_launch": true,
                "value": "owned"
              },
              {
                "key": "kubernetes.io/cluster/example-webapp-eks-BkRLJijl",
                "propagate_at_launch": true,
                "value": "owned"
              }
            ],
            "tags": null,
            "target_group_arns": [],
            "termination_policies": [],
            "timeouts": null,
            "vpc_zone_identifier": [
              "subnet-065fcf6a2c477e164",
              "subnet-073915192c70c46f5",
              "subnet-099d56cc632ba46b3"
            ],
            "wait_for_capacity_timeout": "10m",
            "wait_for_elb_capacity": null
          },
          "sensitive_attributes": [],
          "private": "eyJlMmJmYjczMC1lY2FhLTExZTYtOGY4OC0zNDM2M2JjN2M0YzAiOnsiZGVsZXRlIjo2MDAwMDAwMDAwMDB9fQ==",
          "dependencies": [
            "module.eks-cluster.aws_security_group.eks_worker",
            "module.eks-cluster.data.aws_availability_zones.available",
            "module.eks-cluster.module.eks.aws_cloudwatch_log_group.this",
            "module.eks-cluster.module.eks.aws_eks_cluster.this",
            "module.eks-cluster.module.eks.aws_iam_instance_profile.workers",
            "module.eks-cluster.module.eks.aws_iam_role.cluster",
            "module.eks-cluster.module.eks.aws_iam_role.workers",
            "module.eks-cluster.module.eks.aws_iam_role_policy_attachment.cluster_AmazonEKSClusterPolicy",
            "module.eks-cluster.module.eks.aws_iam_role_policy_attachment.cluster_AmazonEKSServicePolicy",
            "module.eks-cluster.module.eks.aws_iam_role_policy_attachment.cluster_AmazonEKSVPCResourceControllerPolicy",
            "module.eks-cluster.module.eks.aws_iam_role_policy_attachment.workers_AmazonEC2ContainerRegistryReadOnly",
            "module.eks-cluster.module.eks.aws_iam_role_policy_attachment.workers_AmazonEKSWorkerNodePolicy",
            "module.eks-cluster.module.eks.aws_iam_role_policy_attachment.workers_AmazonEKS_CNI_Policy",
            "module.eks-cluster.module.eks.aws_iam_role_policy_attachment.workers_additional_policies",
            "module.eks-cluster.module.eks.aws_launch_configuration.workers",
            "module.eks-cluster.module.eks.aws_security_group.cluster",
            "module.eks-cluster.module.eks.aws_security_group.workers",
            "module.eks-cluster.module.eks.aws_security_group_rule.cluster_egress_internet",
            "module.eks-cluster.module.eks.aws_security_group_rule.cluster_https_worker_ingress",
            "module.eks-cluster.module.eks.aws_security_group_rule.cluster_primary_ingress_workers",
            "module.eks-cluster.module.eks.aws_security_group_rule.workers_egress_internet",
            "module.eks-cluster.module.eks.aws_security_group_rule.workers_ingress_cluster",
            "module.eks-cluster.module.eks.aws_security_group_rule.workers_ingress_cluster_https",
            "module.eks-cluster.module.eks.aws_security_group_rule.workers_ingress_cluster_kubelet",
            "module.eks-cluster.module.eks.aws_security_group_rule.workers_ingress_cluster_primary",
            "module.eks-cluster.module.eks.aws_security_group_rule.workers_ingress_self",
            "module.eks-cluster.module.eks.data.aws_ami.eks_worker",
            "module.eks-cluster.module.eks.data.aws_ami.eks_worker_windows",
            "module.eks-cluster.module.eks.data.aws_iam_instance_profile.custom_worker_group_iam_instance_profile",
            "module.eks-cluster.module.eks.data.aws_iam_policy_document.cluster_assume_role_policy",
            "module.eks-cluster.module.eks.data.aws_iam_policy_document.workers_assume_role_policy",
            "module.eks-cluster.module.eks.data.aws_iam_role.custom_cluster_iam_role",
            "module.eks-cluster.module.eks.data.aws_partition.current",
            "module.eks-cluster.module.eks.data.template_file.userdata",
            "module.eks-cluster.module.eks.random_pet.workers",
            "module.eks-cluster.module.vpc.aws_eip.nat",
            "module.eks-cluster.module.vpc.aws_subnet.private",
            "module.eks-cluster.module.vpc.aws_vpc.this",
            "module.eks-cluster.module.vpc.aws_vpc_ipv4_cidr_block_association.this",
            "module.eks-cluster.random_string.suffix"
          ],
          "create_before_destroy": true
        }
      ]
    },
    {
      "module": "module.eks-cluster.module.eks",
      "mode": "managed",
      "type": "aws_eks_cluster",
      "name": "this",
      "provider": "provider[\"registry.terraform.io/hashicorp/aws\"]",
      "instances": [
        {
          "index_key": 0,
          "schema_version": 0,
          "attributes": {
            "arn": "arn:aws:eks:eu-west-2:772290144575:cluster/example-webapp-eks-BkRLJijl",
            "certificate_authority": [
              {
                "data": "LS0tLS1CRUdJTiBDRVJUSUZJQ0FURS0tLS0tCk1JSUM1ekNDQWMrZ0F3SUJBZ0lCQURBTkJna3Foa2lHOXcwQkFRc0ZBREFWTVJNd0VRWURWUVFERXdwcmRXSmwKY201bGRHVnpNQjRYRFRJeE1ETXlPREV4TURjd05Wb1hEVE14TURNeU5qRXhNRGN3TlZvd0ZURVRNQkVHQTFVRQpBeE1LYTNWaVpYSnVaWFJsY3pDQ0FTSXdEUVlKS29aSWh2Y05BUUVCQlFBRGdnRVBBRENDQVFvQ2dnRUJBSlVuCldIeDdvdUpORXE4QnRuTWgxT3pYck1NR3FUZEtUbXN4RDNyTDZxVWRCTmM3emFWTWZCNndqNTlpbHhZVWo2RWoKTFp1c1Y3VUxBeEo4cmc2cE53aDZSWkJTd0VyM0tFdEZ1bHFUazRnUDZBd3Zwd1k1UndpVGNpMDFORExZSzlCUgpxZzhVajExM2VqRVRWd0c2eWJzRXNORHNYWU1LV0plQkZKTEtTa0t4UDdKUWo4UnI1NHU1TnlyODhiUEpxa2FKCkg5ZE1NaUJmOXFsZjFzMk83ZXRyR28wWnBva3Q1N3hsUkUvc1V4MklNS3NZV0dsTzQzM1lTejRreUVNaHFwRUMKamVRWWNMUUtQREpZR3FaeEVVbzN5YjRCVjk1d01yTTA2RE5SVDNBSGx1MUZyNCtQSGFLbTc0dUx2WE1TTTl2ZworY1RMdlFOOFc2QWtVMGlKOFowQ0F3RUFBYU5DTUVBd0RnWURWUjBQQVFIL0JBUURBZ0trTUE4R0ExVWRFd0VCCi93UUZNQU1CQWY4d0hRWURWUjBPQkJZRUZPUTZJZFhaeUpFYzZqS0NFQWdGQ2NXeHlnNlVNQTBHQ1NxR1NJYjMKRFFFQkN3VUFBNElCQVFBTXAxNHJhblF2MWR6dEl0cENndUp1V3JLN3ZiUkFzNXhtb3gxam9xRW8yVFlDdUJNOApwbUdpZ2Exb3ZKdHo3dXdnbnNUN0RweUFOY3ZSUTZkdlh6eWxKV1V3SjA3dFVOdVhyUHRsKzcvMFluN2tXMUoyCkdKTk1qaTg1WHVxZ0o1WmtpZGF5UXUwV3lBUnIrOXpSckc2aHVETUU1QmFoOTdTdjVVUzJsZ3lmSVFDWkFSQzQKa2wyeFk1WnhwM2hVdFdtQXNWNjdCdEpUbG96V3NRODFCY2taNmR0UzhpdGFWdHF3K0x3ZXhpTGVDSkFNamQ1RQp0ZXRuckJ0Z2pFNEVDZnBQLzdDeFhsTkJZUWNaR3FVRTQzdmxmcEpIOUx5bHAzS1NFaGJkTmRKNm5uZ0hxN0U2CkVXWlZFMTExZ09QbE8ySVl4a0JNQkNZZ29VMWJKN2FEZkpyNAotLS0tLUVORCBDRVJUSUZJQ0FURS0tLS0tCg=="
              }
            ],
            "created_at": "2021-03-28 11:01:20.25 +0000 UTC",
            "enabled_cluster_log_types": [],
            "encryption_config": [],
            "endpoint": "https://D17DA99679A1AE2906E67DF6525C3141.gr7.eu-west-2.eks.amazonaws.com",
            "id": "example-webapp-eks-BkRLJijl",
            "identity": [
              {
                "oidc": [
                  {
                    "issuer": "https://oidc.eks.eu-west-2.amazonaws.com/id/D17DA99679A1AE2906E67DF6525C3141"
                  }
                ]
              }
            ],
            "kubernetes_network_config": [
              {
                "service_ipv4_cidr": "172.20.0.0/16"
              }
            ],
            "name": "example-webapp-eks-BkRLJijl",
            "platform_version": "eks.2",
            "role_arn": "arn:aws:iam::772290144575:role/example-webapp-eks-BkRLJijl20210328110028407300000002",
            "status": "ACTIVE",
            "tags": {
              "Environment": "Example"
            },
            "timeouts": {
              "create": "30m",
              "delete": "15m",
              "update": null
            },
            "version": "1.19",
            "vpc_config": [
              {
                "cluster_security_group_id": "sg-02dcba6a4ace86cf4",
                "endpoint_private_access": true,
                "endpoint_public_access": true,
                "public_access_cidrs": [
                  "35.177.233.21/32",
                  "88.98.247.243/32"
                ],
                "security_group_ids": [
                  "sg-01590e2ba51cdbba8"
                ],
                "subnet_ids": [
                  "subnet-065fcf6a2c477e164",
                  "subnet-073915192c70c46f5",
                  "subnet-099d56cc632ba46b3"
                ],
                "vpc_id": "vpc-0cfa7c52e8a5a4bd7"
              }
            ]
          },
          "sensitive_attributes": [],
          "private": "eyJlMmJmYjczMC1lY2FhLTExZTYtOGY4OC0zNDM2M2JjN2M0YzAiOnsiY3JlYXRlIjoxODAwMDAwMDAwMDAwLCJkZWxldGUiOjkwMDAwMDAwMDAwMCwidXBkYXRlIjozNjAwMDAwMDAwMDAwfX0=",
          "dependencies": [
            "module.eks-cluster.data.aws_availability_zones.available",
            "module.eks-cluster.module.eks.aws_cloudwatch_log_group.this",
            "module.eks-cluster.module.eks.aws_iam_role.cluster",
            "module.eks-cluster.module.eks.aws_iam_role_policy_attachment.cluster_AmazonEKSClusterPolicy",
            "module.eks-cluster.module.eks.aws_iam_role_policy_attachment.cluster_AmazonEKSServicePolicy",
            "module.eks-cluster.module.eks.aws_iam_role_policy_attachment.cluster_AmazonEKSVPCResourceControllerPolicy",
            "module.eks-cluster.module.eks.aws_security_group.cluster",
            "module.eks-cluster.module.eks.aws_security_group.workers",
            "module.eks-cluster.module.eks.aws_security_group_rule.cluster_egress_internet",
            "module.eks-cluster.module.eks.aws_security_group_rule.cluster_https_worker_ingress",
            "module.eks-cluster.module.eks.data.aws_iam_policy_document.cluster_assume_role_policy",
            "module.eks-cluster.module.eks.data.aws_iam_role.custom_cluster_iam_role",
            "module.eks-cluster.module.eks.data.aws_partition.current",
            "module.eks-cluster.module.vpc.aws_eip.nat",
            "module.eks-cluster.module.vpc.aws_subnet.private",
            "module.eks-cluster.module.vpc.aws_vpc.this",
            "module.eks-cluster.module.vpc.aws_vpc_ipv4_cidr_block_association.this",
            "module.eks-cluster.random_string.suffix"
          ],
          "create_before_destroy": true
        }
      ]
    },
    {
      "module": "module.eks-cluster.module.eks",
      "mode": "managed",
      "type": "aws_iam_instance_profile",
      "name": "workers",
      "provider": "provider[\"registry.terraform.io/hashicorp/aws\"]",
      "instances": [
        {
          "index_key": 0,
          "schema_version": 0,
          "attributes": {
            "arn": "arn:aws:iam::772290144575:instance-profile/example-webapp-eks-BkRLJijl2021032811122300830000000b",
            "create_date": "2021-03-28T11:12:24Z",
            "id": "example-webapp-eks-BkRLJijl2021032811122300830000000b",
            "name": "example-webapp-eks-BkRLJijl2021032811122300830000000b",
            "name_prefix": "example-webapp-eks-BkRLJijl",
            "path": "/",
            "role": "example-webapp-eks-BkRLJijl2021032811121410450000000a",
            "tags": {},
            "unique_id": "AIPA3HUAUNE7SKL5LB3UJ"
          },
          "sensitive_attributes": [],
          "private": "bnVsbA==",
          "dependencies": [
            "module.eks-cluster.aws_security_group.eks_worker",
            "module.eks-cluster.data.aws_availability_zones.available",
            "module.eks-cluster.module.eks.aws_cloudwatch_log_group.this",
            "module.eks-cluster.module.eks.aws_eks_cluster.this",
            "module.eks-cluster.module.eks.aws_iam_role.cluster",
            "module.eks-cluster.module.eks.aws_iam_role.workers",
            "module.eks-cluster.module.eks.aws_iam_role_policy_attachment.cluster_AmazonEKSClusterPolicy",
            "module.eks-cluster.module.eks.aws_iam_role_policy_attachment.cluster_AmazonEKSServicePolicy",
            "module.eks-cluster.module.eks.aws_iam_role_policy_attachment.cluster_AmazonEKSVPCResourceControllerPolicy",
            "module.eks-cluster.module.eks.aws_security_group.cluster",
            "module.eks-cluster.module.eks.aws_security_group.workers",
            "module.eks-cluster.module.eks.aws_security_group_rule.cluster_egress_internet",
            "module.eks-cluster.module.eks.aws_security_group_rule.cluster_https_worker_ingress",
            "module.eks-cluster.module.eks.data.aws_iam_policy_document.cluster_assume_role_policy",
            "module.eks-cluster.module.eks.data.aws_iam_policy_document.workers_assume_role_policy",
            "module.eks-cluster.module.eks.data.aws_iam_role.custom_cluster_iam_role",
            "module.eks-cluster.module.eks.data.aws_partition.current",
            "module.eks-cluster.module.vpc.aws_eip.nat",
            "module.eks-cluster.module.vpc.aws_subnet.private",
            "module.eks-cluster.module.vpc.aws_vpc.this",
            "module.eks-cluster.module.vpc.aws_vpc_ipv4_cidr_block_association.this",
            "module.eks-cluster.random_string.suffix"
          ],
          "create_before_destroy": true
        }
      ]
    },
    {
      "module": "module.eks-cluster.module.eks",
      "mode": "managed",
      "type": "aws_iam_policy",
      "name": "cluster_elb_sl_role_creation",
      "provider": "provider[\"registry.terraform.io/hashicorp/aws\"]",
      "instances": [
        {
          "index_key": 0,
          "schema_version": 0,
          "attributes": {
            "arn": "arn:aws:iam::772290144575:policy/example-webapp-eks-BkRLJijl-elb-sl-role-creation20210328110028402300000001",
            "description": "Permissions for EKS to create AWSServiceRoleForElasticLoadBalancing service-linked role",
            "id": "arn:aws:iam::772290144575:policy/example-webapp-eks-BkRLJijl-elb-sl-role-creation20210328110028402300000001",
            "name": "example-webapp-eks-BkRLJijl-elb-sl-role-creation20210328110028402300000001",
            "name_prefix": "example-webapp-eks-BkRLJijl-elb-sl-role-creation",
            "path": "/",
            "policy": "{\n  \"Version\": \"2012-10-17\",\n  \"Statement\": [\n    {\n      \"Sid\": \"\",\n      \"Effect\": \"Allow\",\n      \"Action\": [\n        \"ec2:DescribeInternetGateways\",\n        \"ec2:DescribeAccountAttributes\"\n      ],\n      \"Resource\": \"*\"\n    }\n  ]\n}"
          },
          "sensitive_attributes": [],
          "private": "bnVsbA==",
          "dependencies": [
            "module.eks-cluster.module.eks.data.aws_iam_policy_document.cluster_elb_sl_role_creation",
            "module.eks-cluster.random_string.suffix"
          ]
        }
      ]
    },
    {
      "module": "module.eks-cluster.module.eks",
      "mode": "managed",
      "type": "aws_iam_role",
      "name": "cluster",
      "provider": "provider[\"registry.terraform.io/hashicorp/aws\"]",
      "instances": [
        {
          "index_key": 0,
          "schema_version": 0,
          "attributes": {
            "arn": "arn:aws:iam::772290144575:role/example-webapp-eks-BkRLJijl20210328110028407300000002",
            "assume_role_policy": "{\"Version\":\"2012-10-17\",\"Statement\":[{\"Sid\":\"EKSClusterAssumeRole\",\"Effect\":\"Allow\",\"Principal\":{\"Service\":\"eks.amazonaws.com\"},\"Action\":\"sts:AssumeRole\"}]}",
            "create_date": "2021-03-28T11:00:29Z",
            "description": "",
            "force_detach_policies": true,
            "id": "example-webapp-eks-BkRLJijl20210328110028407300000002",
            "inline_policy": [
              {
                "name": "",
                "policy": ""
              }
            ],
            "managed_policy_arns": [
              "arn:aws:iam::772290144575:policy/example-webapp-eks-BkRLJijl-elb-sl-role-creation20210328110028402300000001",
              "arn:aws:iam::aws:policy/AmazonEKSClusterPolicy",
              "arn:aws:iam::aws:policy/AmazonEKSServicePolicy",
              "arn:aws:iam::aws:policy/AmazonEKSVPCResourceController"
            ],
            "max_session_duration": 3600,
            "name": "example-webapp-eks-BkRLJijl20210328110028407300000002",
            "name_prefix": "example-webapp-eks-BkRLJijl",
            "path": "/",
            "permissions_boundary": null,
            "tags": {
              "Environment": "Example"
            },
            "unique_id": "AROA3HUAUNE72CXOM27WR"
          },
          "sensitive_attributes": [],
          "private": "bnVsbA==",
          "dependencies": [
            "module.eks-cluster.module.eks.data.aws_iam_policy_document.cluster_assume_role_policy",
            "module.eks-cluster.random_string.suffix"
          ],
          "create_before_destroy": true
        }
      ]
    },
    {
      "module": "module.eks-cluster.module.eks",
      "mode": "managed",
      "type": "aws_iam_role",
      "name": "workers",
      "provider": "provider[\"registry.terraform.io/hashicorp/aws\"]",
      "instances": [
        {
          "index_key": 0,
          "schema_version": 0,
          "attributes": {
            "arn": "arn:aws:iam::772290144575:role/example-webapp-eks-BkRLJijl2021032811121410450000000a",
            "assume_role_policy": "{\"Version\":\"2012-10-17\",\"Statement\":[{\"Sid\":\"EKSWorkerAssumeRole\",\"Effect\":\"Allow\",\"Principal\":{\"Service\":\"ec2.amazonaws.com\"},\"Action\":\"sts:AssumeRole\"}]}",
            "create_date": "2021-03-28T11:12:16Z",
            "description": "",
            "force_detach_policies": true,
            "id": "example-webapp-eks-BkRLJijl2021032811121410450000000a",
            "inline_policy": [
              {
                "name": "",
                "policy": ""
              }
            ],
            "managed_policy_arns": [
              "arn:aws:iam::aws:policy/AmazonEC2ContainerRegistryReadOnly",
              "arn:aws:iam::aws:policy/AmazonEKSWorkerNodePolicy",
              "arn:aws:iam::aws:policy/AmazonEKS_CNI_Policy"
            ],
            "max_session_duration": 3600,
            "name": "example-webapp-eks-BkRLJijl2021032811121410450000000a",
            "name_prefix": "example-webapp-eks-BkRLJijl",
            "path": "/",
            "permissions_boundary": null,
            "tags": {
              "Environment": "Example"
            },
            "unique_id": "AROA3HUAUNE7WCQNAMNXH"
          },
          "sensitive_attributes": [],
          "private": "bnVsbA==",
          "dependencies": [
            "module.eks-cluster.data.aws_availability_zones.available",
            "module.eks-cluster.module.eks.aws_cloudwatch_log_group.this",
            "module.eks-cluster.module.eks.aws_eks_cluster.this",
            "module.eks-cluster.module.eks.aws_iam_role.cluster",
            "module.eks-cluster.module.eks.aws_iam_role_policy_attachment.cluster_AmazonEKSClusterPolicy",
            "module.eks-cluster.module.eks.aws_iam_role_policy_attachment.cluster_AmazonEKSServicePolicy",
            "module.eks-cluster.module.eks.aws_iam_role_policy_attachment.cluster_AmazonEKSVPCResourceControllerPolicy",
            "module.eks-cluster.module.eks.aws_security_group.cluster",
            "module.eks-cluster.module.eks.aws_security_group.workers",
            "module.eks-cluster.module.eks.aws_security_group_rule.cluster_egress_internet",
            "module.eks-cluster.module.eks.aws_security_group_rule.cluster_https_worker_ingress",
            "module.eks-cluster.module.eks.data.aws_iam_policy_document.cluster_assume_role_policy",
            "module.eks-cluster.module.eks.data.aws_iam_policy_document.workers_assume_role_policy",
            "module.eks-cluster.module.eks.data.aws_iam_role.custom_cluster_iam_role",
            "module.eks-cluster.module.eks.data.aws_partition.current",
            "module.eks-cluster.module.vpc.aws_eip.nat",
            "module.eks-cluster.module.vpc.aws_subnet.private",
            "module.eks-cluster.module.vpc.aws_vpc.this",
            "module.eks-cluster.module.vpc.aws_vpc_ipv4_cidr_block_association.this",
            "module.eks-cluster.random_string.suffix"
          ],
          "create_before_destroy": true
        }
      ]
    },
    {
      "module": "module.eks-cluster.module.eks",
      "mode": "managed",
      "type": "aws_iam_role_policy_attachment",
      "name": "cluster_AmazonEKSClusterPolicy",
      "provider": "provider[\"registry.terraform.io/hashicorp/aws\"]",
      "instances": [
        {
          "index_key": 0,
          "schema_version": 0,
          "attributes": {
            "id": "example-webapp-eks-BkRLJijl20210328110028407300000002-20210328110036718300000005",
            "policy_arn": "arn:aws:iam::aws:policy/AmazonEKSClusterPolicy",
            "role": "example-webapp-eks-BkRLJijl20210328110028407300000002"
          },
          "sensitive_attributes": [],
          "private": "bnVsbA==",
          "dependencies": [
            "module.eks-cluster.module.eks.aws_iam_role.cluster",
            "module.eks-cluster.module.eks.data.aws_iam_policy_document.cluster_assume_role_policy",
            "module.eks-cluster.module.eks.data.aws_partition.current",
            "module.eks-cluster.random_string.suffix"
          ],
          "create_before_destroy": true
        }
      ]
    },
    {
      "module": "module.eks-cluster.module.eks",
      "mode": "managed",
      "type": "aws_iam_role_policy_attachment",
      "name": "cluster_AmazonEKSServicePolicy",
      "provider": "provider[\"registry.terraform.io/hashicorp/aws\"]",
      "instances": [
        {
          "index_key": 0,
          "schema_version": 0,
          "attributes": {
            "id": "example-webapp-eks-BkRLJijl20210328110028407300000002-20210328110036690200000003",
            "policy_arn": "arn:aws:iam::aws:policy/AmazonEKSServicePolicy",
            "role": "example-webapp-eks-BkRLJijl20210328110028407300000002"
          },
          "sensitive_attributes": [],
          "private": "bnVsbA==",
          "dependencies": [
            "module.eks-cluster.module.eks.aws_iam_role.cluster",
            "module.eks-cluster.module.eks.data.aws_iam_policy_document.cluster_assume_role_policy",
            "module.eks-cluster.module.eks.data.aws_partition.current",
            "module.eks-cluster.random_string.suffix"
          ],
          "create_before_destroy": true
        }
      ]
    },
    {
      "module": "module.eks-cluster.module.eks",
      "mode": "managed",
      "type": "aws_iam_role_policy_attachment",
      "name": "cluster_AmazonEKSVPCResourceControllerPolicy",
      "provider": "provider[\"registry.terraform.io/hashicorp/aws\"]",
      "instances": [
        {
          "index_key": 0,
          "schema_version": 0,
          "attributes": {
            "id": "example-webapp-eks-BkRLJijl20210328110028407300000002-20210328110036718400000006",
            "policy_arn": "arn:aws:iam::aws:policy/AmazonEKSVPCResourceController",
            "role": "example-webapp-eks-BkRLJijl20210328110028407300000002"
          },
          "sensitive_attributes": [],
          "private": "bnVsbA==",
          "dependencies": [
            "module.eks-cluster.module.eks.aws_iam_role.cluster",
            "module.eks-cluster.module.eks.data.aws_iam_policy_document.cluster_assume_role_policy",
            "module.eks-cluster.module.eks.data.aws_partition.current",
            "module.eks-cluster.random_string.suffix"
          ],
          "create_before_destroy": true
        }
      ]
    },
    {
      "module": "module.eks-cluster.module.eks",
      "mode": "managed",
      "type": "aws_iam_role_policy_attachment",
      "name": "cluster_elb_sl_role_creation",
      "provider": "provider[\"registry.terraform.io/hashicorp/aws\"]",
      "instances": [
        {
          "index_key": 0,
          "schema_version": 0,
          "attributes": {
            "id": "example-webapp-eks-BkRLJijl20210328110028407300000002-20210328110036692400000004",
            "policy_arn": "arn:aws:iam::772290144575:policy/example-webapp-eks-BkRLJijl-elb-sl-role-creation20210328110028402300000001",
            "role": "example-webapp-eks-BkRLJijl20210328110028407300000002"
          },
          "sensitive_attributes": [],
          "private": "bnVsbA==",
          "dependencies": [
            "module.eks-cluster.module.eks.aws_iam_policy.cluster_elb_sl_role_creation",
            "module.eks-cluster.module.eks.aws_iam_role.cluster",
            "module.eks-cluster.module.eks.data.aws_iam_policy_document.cluster_assume_role_policy",
            "module.eks-cluster.module.eks.data.aws_iam_policy_document.cluster_elb_sl_role_creation",
            "module.eks-cluster.random_string.suffix"
          ]
        }
      ]
    },
    {
      "module": "module.eks-cluster.module.eks",
      "mode": "managed",
      "type": "aws_iam_role_policy_attachment",
      "name": "workers_AmazonEC2ContainerRegistryReadOnly",
      "provider": "provider[\"registry.terraform.io/hashicorp/aws\"]",
      "instances": [
        {
          "index_key": 0,
          "schema_version": 0,
          "attributes": {
            "id": "example-webapp-eks-BkRLJijl2021032811121410450000000a-2021032811122479600000000e",
            "policy_arn": "arn:aws:iam::aws:policy/AmazonEC2ContainerRegistryReadOnly",
            "role": "example-webapp-eks-BkRLJijl2021032811121410450000000a"
          },
          "sensitive_attributes": [],
          "private": "bnVsbA==",
          "dependencies": [
            "module.eks-cluster.data.aws_availability_zones.available",
            "module.eks-cluster.module.eks.aws_cloudwatch_log_group.this",
            "module.eks-cluster.module.eks.aws_eks_cluster.this",
            "module.eks-cluster.module.eks.aws_iam_role.cluster",
            "module.eks-cluster.module.eks.aws_iam_role.workers",
            "module.eks-cluster.module.eks.aws_iam_role_policy_attachment.cluster_AmazonEKSClusterPolicy",
            "module.eks-cluster.module.eks.aws_iam_role_policy_attachment.cluster_AmazonEKSServicePolicy",
            "module.eks-cluster.module.eks.aws_iam_role_policy_attachment.cluster_AmazonEKSVPCResourceControllerPolicy",
            "module.eks-cluster.module.eks.aws_security_group.cluster",
            "module.eks-cluster.module.eks.aws_security_group.workers",
            "module.eks-cluster.module.eks.aws_security_group_rule.cluster_egress_internet",
            "module.eks-cluster.module.eks.aws_security_group_rule.cluster_https_worker_ingress",
            "module.eks-cluster.module.eks.data.aws_iam_policy_document.cluster_assume_role_policy",
            "module.eks-cluster.module.eks.data.aws_iam_policy_document.workers_assume_role_policy",
            "module.eks-cluster.module.eks.data.aws_iam_role.custom_cluster_iam_role",
            "module.eks-cluster.module.eks.data.aws_partition.current",
            "module.eks-cluster.module.vpc.aws_eip.nat",
            "module.eks-cluster.module.vpc.aws_subnet.private",
            "module.eks-cluster.module.vpc.aws_vpc.this",
            "module.eks-cluster.module.vpc.aws_vpc_ipv4_cidr_block_association.this",
            "module.eks-cluster.random_string.suffix"
          ],
          "create_before_destroy": true
        }
      ]
    },
    {
      "module": "module.eks-cluster.module.eks",
      "mode": "managed",
      "type": "aws_iam_role_policy_attachment",
      "name": "workers_AmazonEKSWorkerNodePolicy",
      "provider": "provider[\"registry.terraform.io/hashicorp/aws\"]",
      "instances": [
        {
          "index_key": 0,
          "schema_version": 0,
          "attributes": {
            "id": "example-webapp-eks-BkRLJijl2021032811121410450000000a-2021032811122450500000000d",
            "policy_arn": "arn:aws:iam::aws:policy/AmazonEKSWorkerNodePolicy",
            "role": "example-webapp-eks-BkRLJijl2021032811121410450000000a"
          },
          "sensitive_attributes": [],
          "private": "bnVsbA==",
          "dependencies": [
            "module.eks-cluster.data.aws_availability_zones.available",
            "module.eks-cluster.module.eks.aws_cloudwatch_log_group.this",
            "module.eks-cluster.module.eks.aws_eks_cluster.this",
            "module.eks-cluster.module.eks.aws_iam_role.cluster",
            "module.eks-cluster.module.eks.aws_iam_role.workers",
            "module.eks-cluster.module.eks.aws_iam_role_policy_attachment.cluster_AmazonEKSClusterPolicy",
            "module.eks-cluster.module.eks.aws_iam_role_policy_attachment.cluster_AmazonEKSServicePolicy",
            "module.eks-cluster.module.eks.aws_iam_role_policy_attachment.cluster_AmazonEKSVPCResourceControllerPolicy",
            "module.eks-cluster.module.eks.aws_security_group.cluster",
            "module.eks-cluster.module.eks.aws_security_group.workers",
            "module.eks-cluster.module.eks.aws_security_group_rule.cluster_egress_internet",
            "module.eks-cluster.module.eks.aws_security_group_rule.cluster_https_worker_ingress",
            "module.eks-cluster.module.eks.data.aws_iam_policy_document.cluster_assume_role_policy",
            "module.eks-cluster.module.eks.data.aws_iam_policy_document.workers_assume_role_policy",
            "module.eks-cluster.module.eks.data.aws_iam_role.custom_cluster_iam_role",
            "module.eks-cluster.module.eks.data.aws_partition.current",
            "module.eks-cluster.module.vpc.aws_eip.nat",
            "module.eks-cluster.module.vpc.aws_subnet.private",
            "module.eks-cluster.module.vpc.aws_vpc.this",
            "module.eks-cluster.module.vpc.aws_vpc_ipv4_cidr_block_association.this",
            "module.eks-cluster.random_string.suffix"
          ],
          "create_before_destroy": true
        }
      ]
    },
    {
      "module": "module.eks-cluster.module.eks",
      "mode": "managed",
      "type": "aws_iam_role_policy_attachment",
      "name": "workers_AmazonEKS_CNI_Policy",
      "provider": "provider[\"registry.terraform.io/hashicorp/aws\"]",
      "instances": [
        {
          "index_key": 0,
          "schema_version": 0,
          "attributes": {
            "id": "example-webapp-eks-BkRLJijl2021032811121410450000000a-2021032811122450490000000c",
            "policy_arn": "arn:aws:iam::aws:policy/AmazonEKS_CNI_Policy",
            "role": "example-webapp-eks-BkRLJijl2021032811121410450000000a"
          },
          "sensitive_attributes": [],
          "private": "bnVsbA==",
          "dependencies": [
            "module.eks-cluster.data.aws_availability_zones.available",
            "module.eks-cluster.module.eks.aws_cloudwatch_log_group.this",
            "module.eks-cluster.module.eks.aws_eks_cluster.this",
            "module.eks-cluster.module.eks.aws_iam_role.cluster",
            "module.eks-cluster.module.eks.aws_iam_role.workers",
            "module.eks-cluster.module.eks.aws_iam_role_policy_attachment.cluster_AmazonEKSClusterPolicy",
            "module.eks-cluster.module.eks.aws_iam_role_policy_attachment.cluster_AmazonEKSServicePolicy",
            "module.eks-cluster.module.eks.aws_iam_role_policy_attachment.cluster_AmazonEKSVPCResourceControllerPolicy",
            "module.eks-cluster.module.eks.aws_security_group.cluster",
            "module.eks-cluster.module.eks.aws_security_group.workers",
            "module.eks-cluster.module.eks.aws_security_group_rule.cluster_egress_internet",
            "module.eks-cluster.module.eks.aws_security_group_rule.cluster_https_worker_ingress",
            "module.eks-cluster.module.eks.data.aws_iam_policy_document.cluster_assume_role_policy",
            "module.eks-cluster.module.eks.data.aws_iam_policy_document.workers_assume_role_policy",
            "module.eks-cluster.module.eks.data.aws_iam_role.custom_cluster_iam_role",
            "module.eks-cluster.module.eks.data.aws_partition.current",
            "module.eks-cluster.module.vpc.aws_eip.nat",
            "module.eks-cluster.module.vpc.aws_subnet.private",
            "module.eks-cluster.module.vpc.aws_vpc.this",
            "module.eks-cluster.module.vpc.aws_vpc_ipv4_cidr_block_association.this",
            "module.eks-cluster.random_string.suffix"
          ],
          "create_before_destroy": true
        }
      ]
    },
    {
      "module": "module.eks-cluster.module.eks",
      "mode": "managed",
      "type": "aws_launch_configuration",
      "name": "workers",
      "provider": "provider[\"registry.terraform.io/hashicorp/aws\"]",
      "instances": [
        {
          "index_key": 0,
          "schema_version": 0,
          "attributes": {
            "arn": "arn:aws:autoscaling:eu-west-2:772290144575:launchConfiguration:9b9331c6-0ee5-4c83-837a-be31dabeacc1:launchConfigurationName/example-webapp-eks-BkRLJijl-eks-worker-group2021032811123084660000000f",
            "associate_public_ip_address": false,
            "ebs_block_device": [],
            "ebs_optimized": true,
            "enable_monitoring": true,
            "ephemeral_block_device": [],
            "iam_instance_profile": "example-webapp-eks-BkRLJijl2021032811122300830000000b",
            "id": "example-webapp-eks-BkRLJijl-eks-worker-group2021032811123084660000000f",
            "image_id": "ami-033389566816ade4b",
            "instance_type": "t3.small",
            "key_name": "",
            "metadata_options": [],
            "name": "example-webapp-eks-BkRLJijl-eks-worker-group2021032811123084660000000f",
            "name_prefix": "example-webapp-eks-BkRLJijl-eks-worker-group",
            "placement_tenancy": "",
            "root_block_device": [
              {
                "delete_on_termination": true,
                "encrypted": false,
                "iops": 0,
                "volume_size": 100,
                "volume_type": "gp2"
              }
            ],
            "security_groups": [
              "sg-01dc77cbc8afd1808",
              "sg-06ef402d4695c3ebf"
            ],
            "spot_price": "",
            "user_data": null,
            "user_data_base64": "IyEvYmluL2Jhc2ggLWUKCiMgQWxsb3cgdXNlciBzdXBwbGllZCBwcmUgdXNlcmRhdGEgY29kZQoKCiMgQm9vdHN0cmFwIGFuZCBqb2luIHRoZSBjbHVzdGVyCi9ldGMvZWtzL2Jvb3RzdHJhcC5zaCAtLWI2NC1jbHVzdGVyLWNhICdMUzB0TFMxQ1JVZEpUaUJEUlZKVVNVWkpRMEZVUlMwdExTMHRDazFKU1VNMWVrTkRRV01yWjBGM1NVSkJaMGxDUVVSQlRrSm5hM0ZvYTJsSE9YY3dRa0ZSYzBaQlJFRldUVkpOZDBWUldVUldVVkZFUlhkd2NtUlhTbXdLWTIwMWJHUkhWbnBOUWpSWVJGUkplRTFFVFhsUFJFVjRUVVJqZDA1V2IxaEVWRTE0VFVSTmVVNXFSWGhOUkdOM1RsWnZkMFpVUlZSTlFrVkhRVEZWUlFwQmVFMUxZVE5XYVZwWVNuVmFXRkpzWTNwRFEwRlRTWGRFVVZsS1MyOWFTV2gyWTA1QlVVVkNRbEZCUkdkblJWQkJSRU5EUVZGdlEyZG5SVUpCU2xWdUNsZEllRGR2ZFVwT1JYRTRRblJ1VFdneFQzcFljazFOUjNGVVpFdFViWE40UkROeVREWnhWV1JDVG1NM2VtRldUV1pDTm5kcU5UbHBiSGhaVldvMlJXb0tURnAxYzFZM1ZVeEJlRW80Y21jMmNFNTNhRFpTV2tKVGQwVnlNMHRGZEVaMWJIRlVhelJuVURaQmQzWndkMWsxVW5kcFZHTnBNREZPUkV4WlN6bENVZ3B4WnpoVmFqRXhNMlZxUlZSV2QwYzJlV0p6UlhOT1JITllXVTFMVjBwbFFrWktURXRUYTB0NFVEZEtVV280VW5JMU5IVTFUbmx5T0RoaVVFcHhhMkZLQ2tnNVpFMU5hVUptT1hGc1pqRnpNazgzWlhSeVIyOHdXbkJ2YTNRMU4zaHNVa1V2YzFWNE1rbE5TM05aVjBkc1R6UXpNMWxUZWpScmVVVk5hSEZ3UlVNS2FtVlJXV05NVVV0UVJFcFpSM0ZhZUVWVmJ6TjVZalJDVmprMWQwMXlUVEEyUkU1U1ZETkJTR3gxTVVaeU5DdFFTR0ZMYlRjMGRVeDJXRTFUVFRsMlp3b3JZMVJNZGxGT09GYzJRV3RWTUdsS09Gb3dRMEYzUlVGQllVNURUVVZCZDBSbldVUldVakJRUVZGSUwwSkJVVVJCWjB0clRVRTRSMEV4VldSRmQwVkNDaTkzVVVaTlFVMUNRV1k0ZDBoUldVUldVakJQUWtKWlJVWlBVVFpKWkZoYWVVcEZZelpxUzBORlFXZEdRMk5YZUhsbk5sVk5RVEJIUTFOeFIxTkpZak1LUkZGRlFrTjNWVUZCTkVsQ1FWRkJUWEF4TkhKaGJsRjJNV1I2ZEVsMGNFTm5kVXAxVjNKTE4zWmlVa0Z6TlhodGIzZ3hhbTl4Ulc4eVZGbERkVUpOT0Fwd2JVZHBaMkV4YjNaS2RIbzNkWGRuYm5OVU4wUndlVUZPWTNaU1VUWmtkbGg2ZVd4S1YxVjNTakEzZEZWT2RWaHlVSFJzS3pjdk1GbHVOMnRYTVVveUNrZEtUazFxYVRnMVdIVnhaMG8xV210cFpHRjVVWFV3VjNsQlVuSXJPWHBTY2tjMmFIVkVUVVUxUW1Gb09UZFRkalZWVXpKc1ozbG1TVkZEV2tGU1F6UUthMnd5ZUZrMVduaHdNMmhWZEZkdFFYTldOamRDZEVwVWJHOTZWM05ST0RGQ1kydGFObVIwVXpocGRHRldkSEYzSzB4M1pYaHBUR1ZEU2tGTmFtUTFSUXAwWlhSdWNrSjBaMnBGTkVWRFpuQlFMemREZUZoc1RrSlpVV05hUjNGVlJUUXpkbXhtY0VwSU9VeDViSEF6UzFORmFHSmtUbVJLTm01dVowaHhOMFUyQ2tWWFdsWkZNVEV4WjA5UWJFOHlTVmw0YTBKTlFrTlpaMjlWTVdKS04yRkVaa3B5TkFvdExTMHRMVVZPUkNCRFJWSlVTVVpKUTBGVVJTMHRMUzB0Q2c9PScgLS1hcGlzZXJ2ZXItZW5kcG9pbnQgJ2h0dHBzOi8vRDE3REE5OTY3OUExQUUyOTA2RTY3REY2NTI1QzMxNDEuZ3I3LmV1LXdlc3QtMi5la3MuYW1hem9uYXdzLmNvbScgIC0ta3ViZWxldC1leHRyYS1hcmdzICIiICdleGFtcGxlLXdlYmFwcC1la3MtQmtSTEppamwnCgojIEFsbG93IHVzZXIgc3VwcGxpZWQgdXNlcmRhdGEgY29kZQoK",
            "vpc_classic_link_id": "",
            "vpc_classic_link_security_groups": []
          },
          "sensitive_attributes": [],
          "private": "bnVsbA==",
          "dependencies": [
            "module.eks-cluster.aws_security_group.eks_worker",
            "module.eks-cluster.data.aws_availability_zones.available",
            "module.eks-cluster.module.eks.aws_cloudwatch_log_group.this",
            "module.eks-cluster.module.eks.aws_eks_cluster.this",
            "module.eks-cluster.module.eks.aws_iam_instance_profile.workers",
            "module.eks-cluster.module.eks.aws_iam_role.cluster",
            "module.eks-cluster.module.eks.aws_iam_role.workers",
            "module.eks-cluster.module.eks.aws_iam_role_policy_attachment.cluster_AmazonEKSClusterPolicy",
            "module.eks-cluster.module.eks.aws_iam_role_policy_attachment.cluster_AmazonEKSServicePolicy",
            "module.eks-cluster.module.eks.aws_iam_role_policy_attachment.cluster_AmazonEKSVPCResourceControllerPolicy",
            "module.eks-cluster.module.eks.aws_iam_role_policy_attachment.workers_AmazonEC2ContainerRegistryReadOnly",
            "module.eks-cluster.module.eks.aws_iam_role_policy_attachment.workers_AmazonEKSWorkerNodePolicy",
            "module.eks-cluster.module.eks.aws_iam_role_policy_attachment.workers_AmazonEKS_CNI_Policy",
            "module.eks-cluster.module.eks.aws_iam_role_policy_attachment.workers_additional_policies",
            "module.eks-cluster.module.eks.aws_security_group.cluster",
            "module.eks-cluster.module.eks.aws_security_group.workers",
            "module.eks-cluster.module.eks.aws_security_group_rule.cluster_egress_internet",
            "module.eks-cluster.module.eks.aws_security_group_rule.cluster_https_worker_ingress",
            "module.eks-cluster.module.eks.aws_security_group_rule.cluster_primary_ingress_workers",
            "module.eks-cluster.module.eks.aws_security_group_rule.workers_egress_internet",
            "module.eks-cluster.module.eks.aws_security_group_rule.workers_ingress_cluster",
            "module.eks-cluster.module.eks.aws_security_group_rule.workers_ingress_cluster_https",
            "module.eks-cluster.module.eks.aws_security_group_rule.workers_ingress_cluster_kubelet",
            "module.eks-cluster.module.eks.aws_security_group_rule.workers_ingress_cluster_primary",
            "module.eks-cluster.module.eks.aws_security_group_rule.workers_ingress_self",
            "module.eks-cluster.module.eks.data.aws_ami.eks_worker",
            "module.eks-cluster.module.eks.data.aws_ami.eks_worker_windows",
            "module.eks-cluster.module.eks.data.aws_iam_instance_profile.custom_worker_group_iam_instance_profile",
            "module.eks-cluster.module.eks.data.aws_iam_policy_document.cluster_assume_role_policy",
            "module.eks-cluster.module.eks.data.aws_iam_policy_document.workers_assume_role_policy",
            "module.eks-cluster.module.eks.data.aws_iam_role.custom_cluster_iam_role",
            "module.eks-cluster.module.eks.data.aws_partition.current",
            "module.eks-cluster.module.eks.data.template_file.userdata",
            "module.eks-cluster.module.vpc.aws_eip.nat",
            "module.eks-cluster.module.vpc.aws_subnet.private",
            "module.eks-cluster.module.vpc.aws_vpc.this",
            "module.eks-cluster.module.vpc.aws_vpc_ipv4_cidr_block_association.this",
            "module.eks-cluster.random_string.suffix"
          ],
          "create_before_destroy": true
        }
      ]
    },
    {
      "module": "module.eks-cluster.module.eks",
      "mode": "managed",
      "type": "aws_security_group",
      "name": "cluster",
      "provider": "provider[\"registry.terraform.io/hashicorp/aws\"]",
      "instances": [
        {
          "index_key": 0,
          "schema_version": 1,
          "attributes": {
            "arn": "arn:aws:ec2:eu-west-2:772290144575:security-group/sg-01590e2ba51cdbba8",
            "description": "EKS cluster security group.",
            "egress": [
              {
                "cidr_blocks": [
                  "0.0.0.0/0"
                ],
                "description": "Allow cluster egress access to the Internet.",
                "from_port": 0,
                "ipv6_cidr_blocks": [],
                "prefix_list_ids": [],
                "protocol": "-1",
                "security_groups": [],
                "self": false,
                "to_port": 0
              }
            ],
            "id": "sg-01590e2ba51cdbba8",
            "ingress": [
              {
                "cidr_blocks": [],
                "description": "Allow pods to communicate with the EKS cluster API.",
                "from_port": 443,
                "ipv6_cidr_blocks": [],
                "prefix_list_ids": [],
                "protocol": "tcp",
                "security_groups": [
                  "sg-01dc77cbc8afd1808"
                ],
                "self": false,
                "to_port": 443
              }
            ],
            "name": "example-webapp-eks-BkRLJijl20210328110056316200000009",
            "name_prefix": "example-webapp-eks-BkRLJijl",
            "owner_id": "772290144575",
            "revoke_rules_on_delete": false,
            "tags": {
              "Environment": "Example",
              "Name": "example-webapp-eks-BkRLJijl-eks_cluster_sg"
            },
            "timeouts": null,
            "vpc_id": "vpc-0cfa7c52e8a5a4bd7"
          },
          "sensitive_attributes": [],
          "private": "eyJlMmJmYjczMC1lY2FhLTExZTYtOGY4OC0zNDM2M2JjN2M0YzAiOnsiY3JlYXRlIjo2MDAwMDAwMDAwMDAsImRlbGV0ZSI6NjAwMDAwMDAwMDAwfSwic2NoZW1hX3ZlcnNpb24iOiIxIn0=",
          "dependencies": [
            "module.eks-cluster.module.vpc.aws_vpc.this",
            "module.eks-cluster.random_string.suffix"
          ],
          "create_before_destroy": true
        }
      ]
    },
    {
      "module": "module.eks-cluster.module.eks",
      "mode": "managed",
      "type": "aws_security_group",
      "name": "workers",
      "provider": "provider[\"registry.terraform.io/hashicorp/aws\"]",
      "instances": [
        {
          "index_key": 0,
          "schema_version": 1,
          "attributes": {
            "arn": "arn:aws:ec2:eu-west-2:772290144575:security-group/sg-01dc77cbc8afd1808",
            "description": "Security group for all nodes in the cluster.",
            "egress": [
              {
                "cidr_blocks": [
                  "0.0.0.0/0"
                ],
                "description": "Allow nodes all egress to the Internet.",
                "from_port": 0,
                "ipv6_cidr_blocks": [],
                "prefix_list_ids": [],
                "protocol": "-1",
                "security_groups": [],
                "self": false,
                "to_port": 0
              }
            ],
            "id": "sg-01dc77cbc8afd1808",
            "ingress": [
              {
                "cidr_blocks": [],
                "description": "Allow node to communicate with each other.",
                "from_port": 0,
                "ipv6_cidr_blocks": [],
                "prefix_list_ids": [],
                "protocol": "-1",
                "security_groups": [],
                "self": true,
                "to_port": 0
              },
              {
                "cidr_blocks": [],
                "description": "Allow pods running extension API servers on port 443 to receive communication from cluster control plane.",
                "from_port": 443,
                "ipv6_cidr_blocks": [],
                "prefix_list_ids": [],
                "protocol": "tcp",
                "security_groups": [
                  "sg-01590e2ba51cdbba8"
                ],
                "self": false,
                "to_port": 443
              },
              {
                "cidr_blocks": [],
                "description": "Allow workers pods to receive communication from the cluster control plane.",
                "from_port": 1025,
                "ipv6_cidr_blocks": [],
                "prefix_list_ids": [],
                "protocol": "tcp",
                "security_groups": [
                  "sg-01590e2ba51cdbba8"
                ],
                "self": false,
                "to_port": 65535
              }
            ],
            "name": "example-webapp-eks-BkRLJijl20210328110056265300000008",
            "name_prefix": "example-webapp-eks-BkRLJijl",
            "owner_id": "772290144575",
            "revoke_rules_on_delete": false,
            "tags": {
              "Environment": "Example",
              "Name": "example-webapp-eks-BkRLJijl-eks_worker_sg",
              "kubernetes.io/cluster/example-webapp-eks-BkRLJijl": "owned"
            },
            "timeouts": null,
            "vpc_id": "vpc-0cfa7c52e8a5a4bd7"
          },
          "sensitive_attributes": [],
          "private": "eyJlMmJmYjczMC1lY2FhLTExZTYtOGY4OC0zNDM2M2JjN2M0YzAiOnsiY3JlYXRlIjo2MDAwMDAwMDAwMDAsImRlbGV0ZSI6NjAwMDAwMDAwMDAwfSwic2NoZW1hX3ZlcnNpb24iOiIxIn0=",
          "dependencies": [
            "module.eks-cluster.module.vpc.aws_vpc.this",
            "module.eks-cluster.random_string.suffix"
          ],
          "create_before_destroy": true
        }
      ]
    },
    {
      "module": "module.eks-cluster.module.eks",
      "mode": "managed",
      "type": "aws_security_group_rule",
      "name": "cluster_egress_internet",
      "provider": "provider[\"registry.terraform.io/hashicorp/aws\"]",
      "instances": [
        {
          "index_key": 0,
          "schema_version": 2,
          "attributes": {
            "cidr_blocks": [
              "0.0.0.0/0"
            ],
            "description": "Allow cluster egress access to the Internet.",
            "from_port": 0,
            "id": "sgrule-3665521212",
            "ipv6_cidr_blocks": [],
            "prefix_list_ids": [],
            "protocol": "-1",
            "security_group_id": "sg-01590e2ba51cdbba8",
            "self": false,
            "source_security_group_id": null,
            "to_port": 0,
            "type": "egress"
          },
          "sensitive_attributes": [],
          "private": "eyJzY2hlbWFfdmVyc2lvbiI6IjIifQ==",
          "dependencies": [
            "module.eks-cluster.module.eks.aws_security_group.cluster",
            "module.eks-cluster.module.vpc.aws_vpc.this",
            "module.eks-cluster.random_string.suffix"
          ],
          "create_before_destroy": true
        }
      ]
    },
    {
      "module": "module.eks-cluster.module.eks",
      "mode": "managed",
      "type": "aws_security_group_rule",
      "name": "cluster_https_worker_ingress",
      "provider": "provider[\"registry.terraform.io/hashicorp/aws\"]",
      "instances": [
        {
          "index_key": 0,
          "schema_version": 2,
          "attributes": {
            "cidr_blocks": [],
            "description": "Allow pods to communicate with the EKS cluster API.",
            "from_port": 443,
            "id": "sgrule-3474606514",
            "ipv6_cidr_blocks": [],
            "prefix_list_ids": [],
            "protocol": "tcp",
            "security_group_id": "sg-01590e2ba51cdbba8",
            "self": false,
            "source_security_group_id": "sg-01dc77cbc8afd1808",
            "to_port": 443,
            "type": "ingress"
          },
          "sensitive_attributes": [],
          "private": "eyJzY2hlbWFfdmVyc2lvbiI6IjIifQ==",
          "dependencies": [
            "module.eks-cluster.module.eks.aws_security_group.cluster",
            "module.eks-cluster.module.eks.aws_security_group.workers",
            "module.eks-cluster.module.vpc.aws_vpc.this",
            "module.eks-cluster.random_string.suffix"
          ],
          "create_before_destroy": true
        }
      ]
    },
    {
      "module": "module.eks-cluster.module.eks",
      "mode": "managed",
      "type": "aws_security_group_rule",
      "name": "workers_egress_internet",
      "provider": "provider[\"registry.terraform.io/hashicorp/aws\"]",
      "instances": [
        {
          "index_key": 0,
          "schema_version": 2,
          "attributes": {
            "cidr_blocks": [
              "0.0.0.0/0"
            ],
            "description": "Allow nodes all egress to the Internet.",
            "from_port": 0,
            "id": "sgrule-994742536",
            "ipv6_cidr_blocks": [],
            "prefix_list_ids": [],
            "protocol": "-1",
            "security_group_id": "sg-01dc77cbc8afd1808",
            "self": false,
            "source_security_group_id": null,
            "to_port": 0,
            "type": "egress"
          },
          "sensitive_attributes": [],
          "private": "eyJzY2hlbWFfdmVyc2lvbiI6IjIifQ==",
          "dependencies": [
            "module.eks-cluster.module.eks.aws_security_group.workers",
            "module.eks-cluster.module.vpc.aws_vpc.this",
            "module.eks-cluster.random_string.suffix"
          ],
          "create_before_destroy": true
        }
      ]
    },
    {
      "module": "module.eks-cluster.module.eks",
      "mode": "managed",
      "type": "aws_security_group_rule",
      "name": "workers_ingress_cluster",
      "provider": "provider[\"registry.terraform.io/hashicorp/aws\"]",
      "instances": [
        {
          "index_key": 0,
          "schema_version": 2,
          "attributes": {
            "cidr_blocks": [],
            "description": "Allow workers pods to receive communication from the cluster control plane.",
            "from_port": 1025,
            "id": "sgrule-1636428024",
            "ipv6_cidr_blocks": [],
            "prefix_list_ids": [],
            "protocol": "tcp",
            "security_group_id": "sg-01dc77cbc8afd1808",
            "self": false,
            "source_security_group_id": "sg-01590e2ba51cdbba8",
            "to_port": 65535,
            "type": "ingress"
          },
          "sensitive_attributes": [],
          "private": "eyJzY2hlbWFfdmVyc2lvbiI6IjIifQ==",
          "dependencies": [
            "module.eks-cluster.module.eks.aws_security_group.cluster",
            "module.eks-cluster.module.eks.aws_security_group.workers",
            "module.eks-cluster.module.vpc.aws_vpc.this",
            "module.eks-cluster.random_string.suffix"
          ],
          "create_before_destroy": true
        }
      ]
    },
    {
      "module": "module.eks-cluster.module.eks",
      "mode": "managed",
      "type": "aws_security_group_rule",
      "name": "workers_ingress_cluster_https",
      "provider": "provider[\"registry.terraform.io/hashicorp/aws\"]",
      "instances": [
        {
          "index_key": 0,
          "schema_version": 2,
          "attributes": {
            "cidr_blocks": [],
            "description": "Allow pods running extension API servers on port 443 to receive communication from cluster control plane.",
            "from_port": 443,
            "id": "sgrule-728268628",
            "ipv6_cidr_blocks": [],
            "prefix_list_ids": [],
            "protocol": "tcp",
            "security_group_id": "sg-01dc77cbc8afd1808",
            "self": false,
            "source_security_group_id": "sg-01590e2ba51cdbba8",
            "to_port": 443,
            "type": "ingress"
          },
          "sensitive_attributes": [],
          "private": "eyJzY2hlbWFfdmVyc2lvbiI6IjIifQ==",
          "dependencies": [
            "module.eks-cluster.module.eks.aws_security_group.cluster",
            "module.eks-cluster.module.eks.aws_security_group.workers",
            "module.eks-cluster.module.vpc.aws_vpc.this",
            "module.eks-cluster.random_string.suffix"
          ],
          "create_before_destroy": true
        }
      ]
    },
    {
      "module": "module.eks-cluster.module.eks",
      "mode": "managed",
      "type": "aws_security_group_rule",
      "name": "workers_ingress_self",
      "provider": "provider[\"registry.terraform.io/hashicorp/aws\"]",
      "instances": [
        {
          "index_key": 0,
          "schema_version": 2,
          "attributes": {
            "cidr_blocks": [],
            "description": "Allow node to communicate with each other.",
            "from_port": 0,
            "id": "sgrule-259110868",
            "ipv6_cidr_blocks": [],
            "prefix_list_ids": [],
            "protocol": "-1",
            "security_group_id": "sg-01dc77cbc8afd1808",
            "self": false,
            "source_security_group_id": "sg-01dc77cbc8afd1808",
            "to_port": 0,
            "type": "ingress"
          },
          "sensitive_attributes": [],
          "private": "eyJzY2hlbWFfdmVyc2lvbiI6IjIifQ==",
          "dependencies": [
            "module.eks-cluster.module.eks.aws_security_group.workers",
            "module.eks-cluster.module.vpc.aws_vpc.this",
            "module.eks-cluster.random_string.suffix"
          ],
          "create_before_destroy": true
        }
      ]
    },
    {
      "module": "module.eks-cluster.module.eks",
      "mode": "managed",
      "type": "kubernetes_config_map",
      "name": "aws_auth",
      "provider": "provider[\"registry.terraform.io/hashicorp/kubernetes\"]",
      "instances": [
        {
          "index_key": 0,
          "schema_version": 0,
          "attributes": {
            "binary_data": {},
            "data": {
              "mapAccounts": "[]\n",
              "mapRoles": "- \"groups\":\n  - \"system:bootstrappers\"\n  - \"system:nodes\"\n  \"rolearn\": \"arn:aws:iam::772290144575:role/example-webapp-eks-BkRLJijl2021032811121410450000000a\"\n  \"username\": \"system:node:{{EC2PrivateDNSName}}\"\n",
              "mapUsers": "[]\n"
            },
            "id": "kube-system/aws-auth",
            "metadata": [
              {
                "annotations": {},
                "generate_name": "",
                "generation": 0,
                "labels": {
                  "app.kubernetes.io/managed-by": "Terraform",
                  "terraform.io/module": "terraform-aws-modules.eks.aws"
                },
                "name": "aws-auth",
                "namespace": "kube-system",
                "resource_version": "956",
                "self_link": "",
                "uid": "eec3ea8b-ae46-45db-9e09-95534a8800d2"
              }
            ]
          },
          "sensitive_attributes": [],
          "private": "bnVsbA==",
          "dependencies": [
            "data.aws_eks_cluster.cluster",
            "module.eks-cluster.aws_security_group.eks_worker",
            "module.eks-cluster.data.aws_availability_zones.available",
            "module.eks-cluster.module.eks.aws_cloudwatch_log_group.this",
            "module.eks-cluster.module.eks.aws_eks_cluster.this",
            "module.eks-cluster.module.eks.aws_iam_instance_profile.workers",
            "module.eks-cluster.module.eks.aws_iam_instance_profile.workers_launch_template",
            "module.eks-cluster.module.eks.aws_iam_role.cluster",
            "module.eks-cluster.module.eks.aws_iam_role.workers",
            "module.eks-cluster.module.eks.aws_iam_role_policy_attachment.cluster_AmazonEKSClusterPolicy",
            "module.eks-cluster.module.eks.aws_iam_role_policy_attachment.cluster_AmazonEKSServicePolicy",
            "module.eks-cluster.module.eks.aws_iam_role_policy_attachment.cluster_AmazonEKSVPCResourceControllerPolicy",
            "module.eks-cluster.module.eks.aws_security_group.cluster",
            "module.eks-cluster.module.eks.aws_security_group.workers",
            "module.eks-cluster.module.eks.aws_security_group_rule.cluster_egress_internet",
            "module.eks-cluster.module.eks.aws_security_group_rule.cluster_https_worker_ingress",
            "module.eks-cluster.module.eks.aws_security_group_rule.cluster_private_access",
            "module.eks-cluster.module.eks.data.aws_ami.eks_worker",
            "module.eks-cluster.module.eks.data.aws_caller_identity.current",
            "module.eks-cluster.module.eks.data.aws_iam_instance_profile.custom_worker_group_iam_instance_profile",
            "module.eks-cluster.module.eks.data.aws_iam_instance_profile.custom_worker_group_launch_template_iam_instance_profile",
            "module.eks-cluster.module.eks.data.aws_iam_policy_document.cluster_assume_role_policy",
            "module.eks-cluster.module.eks.data.aws_iam_policy_document.workers_assume_role_policy",
            "module.eks-cluster.module.eks.data.aws_iam_role.custom_cluster_iam_role",
            "module.eks-cluster.module.eks.data.aws_partition.current",
            "module.eks-cluster.module.eks.module.fargate.aws_iam_role.eks_fargate_pod",
            "module.eks-cluster.module.eks.module.fargate.data.aws_iam_policy_document.eks_fargate_pod_assume_role",
            "module.eks-cluster.module.eks.module.fargate.data.aws_iam_role.custom_fargate_iam_role",
            "module.eks-cluster.module.eks.null_resource.wait_for_cluster",
            "module.eks-cluster.module.vpc.aws_eip.nat",
            "module.eks-cluster.module.vpc.aws_subnet.private",
            "module.eks-cluster.module.vpc.aws_vpc.this",
            "module.eks-cluster.module.vpc.aws_vpc_ipv4_cidr_block_association.this",
            "module.eks-cluster.random_string.suffix"
          ],
          "create_before_destroy": true
        }
      ]
    },
    {
      "module": "module.eks-cluster.module.eks",
      "mode": "managed",
      "type": "local_file",
      "name": "kubeconfig",
      "provider": "provider[\"registry.terraform.io/hashicorp/local\"]",
      "instances": [
        {
          "index_key": 0,
          "schema_version": 0,
          "attributes": {
            "content": "apiVersion: v1\npreferences: {}\nkind: Config\n\nclusters:\n- cluster:\n    server: https://D17DA99679A1AE2906E67DF6525C3141.gr7.eu-west-2.eks.amazonaws.com\n    certificate-authority-data: LS0tLS1CRUdJTiBDRVJUSUZJQ0FURS0tLS0tCk1JSUM1ekNDQWMrZ0F3SUJBZ0lCQURBTkJna3Foa2lHOXcwQkFRc0ZBREFWTVJNd0VRWURWUVFERXdwcmRXSmwKY201bGRHVnpNQjRYRFRJeE1ETXlPREV4TURjd05Wb1hEVE14TURNeU5qRXhNRGN3TlZvd0ZURVRNQkVHQTFVRQpBeE1LYTNWaVpYSnVaWFJsY3pDQ0FTSXdEUVlKS29aSWh2Y05BUUVCQlFBRGdnRVBBRENDQVFvQ2dnRUJBSlVuCldIeDdvdUpORXE4QnRuTWgxT3pYck1NR3FUZEtUbXN4RDNyTDZxVWRCTmM3emFWTWZCNndqNTlpbHhZVWo2RWoKTFp1c1Y3VUxBeEo4cmc2cE53aDZSWkJTd0VyM0tFdEZ1bHFUazRnUDZBd3Zwd1k1UndpVGNpMDFORExZSzlCUgpxZzhVajExM2VqRVRWd0c2eWJzRXNORHNYWU1LV0plQkZKTEtTa0t4UDdKUWo4UnI1NHU1TnlyODhiUEpxa2FKCkg5ZE1NaUJmOXFsZjFzMk83ZXRyR28wWnBva3Q1N3hsUkUvc1V4MklNS3NZV0dsTzQzM1lTejRreUVNaHFwRUMKamVRWWNMUUtQREpZR3FaeEVVbzN5YjRCVjk1d01yTTA2RE5SVDNBSGx1MUZyNCtQSGFLbTc0dUx2WE1TTTl2ZworY1RMdlFOOFc2QWtVMGlKOFowQ0F3RUFBYU5DTUVBd0RnWURWUjBQQVFIL0JBUURBZ0trTUE4R0ExVWRFd0VCCi93UUZNQU1CQWY4d0hRWURWUjBPQkJZRUZPUTZJZFhaeUpFYzZqS0NFQWdGQ2NXeHlnNlVNQTBHQ1NxR1NJYjMKRFFFQkN3VUFBNElCQVFBTXAxNHJhblF2MWR6dEl0cENndUp1V3JLN3ZiUkFzNXhtb3gxam9xRW8yVFlDdUJNOApwbUdpZ2Exb3ZKdHo3dXdnbnNUN0RweUFOY3ZSUTZkdlh6eWxKV1V3SjA3dFVOdVhyUHRsKzcvMFluN2tXMUoyCkdKTk1qaTg1WHVxZ0o1WmtpZGF5UXUwV3lBUnIrOXpSckc2aHVETUU1QmFoOTdTdjVVUzJsZ3lmSVFDWkFSQzQKa2wyeFk1WnhwM2hVdFdtQXNWNjdCdEpUbG96V3NRODFCY2taNmR0UzhpdGFWdHF3K0x3ZXhpTGVDSkFNamQ1RQp0ZXRuckJ0Z2pFNEVDZnBQLzdDeFhsTkJZUWNaR3FVRTQzdmxmcEpIOUx5bHAzS1NFaGJkTmRKNm5uZ0hxN0U2CkVXWlZFMTExZ09QbE8ySVl4a0JNQkNZZ29VMWJKN2FEZkpyNAotLS0tLUVORCBDRVJUSUZJQ0FURS0tLS0tCg==\n  name: eks_example-webapp-eks-BkRLJijl\n\ncontexts:\n- context:\n    cluster: eks_example-webapp-eks-BkRLJijl\n    user: eks_example-webapp-eks-BkRLJijl\n  name: eks_example-webapp-eks-BkRLJijl\n\ncurrent-context: eks_example-webapp-eks-BkRLJijl\n\nusers:\n- name: eks_example-webapp-eks-BkRLJijl\n  user:\n    exec:\n      apiVersion: client.authentication.k8s.io/v1alpha1\n      command: aws-iam-authenticator\n      args:\n        - \"token\"\n        - \"-i\"\n        - \"example-webapp-eks-BkRLJijl\"\n",
            "content_base64": null,
            "directory_permission": "0755",
            "file_permission": "0644",
            "filename": "./kubeconfig_example-webapp-eks-BkRLJijl",
            "id": "cbd0320cff636be43804c42a38a1a7200e4c51d8",
            "sensitive_content": null,
            "source": null
          },
          "sensitive_attributes": [],
          "private": "bnVsbA==",
          "dependencies": [
            "module.eks-cluster.data.aws_availability_zones.available",
            "module.eks-cluster.module.eks.aws_cloudwatch_log_group.this",
            "module.eks-cluster.module.eks.aws_eks_cluster.this",
            "module.eks-cluster.module.eks.aws_iam_role.cluster",
            "module.eks-cluster.module.eks.aws_iam_role_policy_attachment.cluster_AmazonEKSClusterPolicy",
            "module.eks-cluster.module.eks.aws_iam_role_policy_attachment.cluster_AmazonEKSServicePolicy",
            "module.eks-cluster.module.eks.aws_iam_role_policy_attachment.cluster_AmazonEKSVPCResourceControllerPolicy",
            "module.eks-cluster.module.eks.aws_security_group.cluster",
            "module.eks-cluster.module.eks.aws_security_group.workers",
            "module.eks-cluster.module.eks.aws_security_group_rule.cluster_egress_internet",
            "module.eks-cluster.module.eks.aws_security_group_rule.cluster_https_worker_ingress",
            "module.eks-cluster.module.eks.data.aws_iam_policy_document.cluster_assume_role_policy",
            "module.eks-cluster.module.eks.data.aws_iam_role.custom_cluster_iam_role",
            "module.eks-cluster.module.eks.data.aws_partition.current",
            "module.eks-cluster.module.vpc.aws_eip.nat",
            "module.eks-cluster.module.vpc.aws_subnet.private",
            "module.eks-cluster.module.vpc.aws_vpc.this",
            "module.eks-cluster.module.vpc.aws_vpc_ipv4_cidr_block_association.this",
            "module.eks-cluster.random_string.suffix"
          ]
        }
      ]
    },
    {
      "module": "module.eks-cluster.module.eks",
      "mode": "managed",
      "type": "null_resource",
      "name": "wait_for_cluster",
      "provider": "provider[\"registry.terraform.io/hashicorp/null\"]",
      "instances": [
        {
          "index_key": 0,
          "schema_version": 0,
          "attributes": {
            "id": "3375059816190290154",
            "triggers": null
          },
          "sensitive_attributes": [],
          "private": "bnVsbA==",
          "dependencies": [
            "module.eks-cluster.data.aws_availability_zones.available",
            "module.eks-cluster.module.eks.aws_cloudwatch_log_group.this",
            "module.eks-cluster.module.eks.aws_eks_cluster.this",
            "module.eks-cluster.module.eks.aws_iam_role.cluster",
            "module.eks-cluster.module.eks.aws_iam_role_policy_attachment.cluster_AmazonEKSClusterPolicy",
            "module.eks-cluster.module.eks.aws_iam_role_policy_attachment.cluster_AmazonEKSServicePolicy",
            "module.eks-cluster.module.eks.aws_iam_role_policy_attachment.cluster_AmazonEKSVPCResourceControllerPolicy",
            "module.eks-cluster.module.eks.aws_security_group.cluster",
            "module.eks-cluster.module.eks.aws_security_group.workers",
            "module.eks-cluster.module.eks.aws_security_group_rule.cluster_egress_internet",
            "module.eks-cluster.module.eks.aws_security_group_rule.cluster_https_worker_ingress",
            "module.eks-cluster.module.eks.aws_security_group_rule.cluster_private_access",
            "module.eks-cluster.module.eks.data.aws_iam_policy_document.cluster_assume_role_policy",
            "module.eks-cluster.module.eks.data.aws_iam_role.custom_cluster_iam_role",
            "module.eks-cluster.module.eks.data.aws_partition.current",
            "module.eks-cluster.module.vpc.aws_eip.nat",
            "module.eks-cluster.module.vpc.aws_subnet.private",
            "module.eks-cluster.module.vpc.aws_vpc.this",
            "module.eks-cluster.module.vpc.aws_vpc_ipv4_cidr_block_association.this",
            "module.eks-cluster.random_string.suffix"
          ],
          "create_before_destroy": true
        }
      ]
    },
    {
      "module": "module.eks-cluster.module.eks",
      "mode": "managed",
      "type": "random_pet",
      "name": "workers",
      "provider": "provider[\"registry.terraform.io/hashicorp/random\"]",
      "instances": [
        {
          "index_key": 0,
          "schema_version": 0,
          "attributes": {
            "id": "quick-sole",
            "keepers": {
              "lc_name": "example-webapp-eks-BkRLJijl-eks-worker-group2021032811123084660000000f"
            },
            "length": 2,
            "prefix": null,
            "separator": "-"
          },
          "sensitive_attributes": [],
          "private": "bnVsbA==",
          "dependencies": [
            "module.eks-cluster.aws_security_group.eks_worker",
            "module.eks-cluster.data.aws_availability_zones.available",
            "module.eks-cluster.module.eks.aws_cloudwatch_log_group.this",
            "module.eks-cluster.module.eks.aws_eks_cluster.this",
            "module.eks-cluster.module.eks.aws_iam_instance_profile.workers",
            "module.eks-cluster.module.eks.aws_iam_role.cluster",
            "module.eks-cluster.module.eks.aws_iam_role.workers",
            "module.eks-cluster.module.eks.aws_iam_role_policy_attachment.cluster_AmazonEKSClusterPolicy",
            "module.eks-cluster.module.eks.aws_iam_role_policy_attachment.cluster_AmazonEKSServicePolicy",
            "module.eks-cluster.module.eks.aws_iam_role_policy_attachment.cluster_AmazonEKSVPCResourceControllerPolicy",
            "module.eks-cluster.module.eks.aws_iam_role_policy_attachment.workers_AmazonEC2ContainerRegistryReadOnly",
            "module.eks-cluster.module.eks.aws_iam_role_policy_attachment.workers_AmazonEKSWorkerNodePolicy",
            "module.eks-cluster.module.eks.aws_iam_role_policy_attachment.workers_AmazonEKS_CNI_Policy",
            "module.eks-cluster.module.eks.aws_iam_role_policy_attachment.workers_additional_policies",
            "module.eks-cluster.module.eks.aws_launch_configuration.workers",
            "module.eks-cluster.module.eks.aws_security_group.cluster",
            "module.eks-cluster.module.eks.aws_security_group.workers",
            "module.eks-cluster.module.eks.aws_security_group_rule.cluster_egress_internet",
            "module.eks-cluster.module.eks.aws_security_group_rule.cluster_https_worker_ingress",
            "module.eks-cluster.module.eks.aws_security_group_rule.cluster_primary_ingress_workers",
            "module.eks-cluster.module.eks.aws_security_group_rule.workers_egress_internet",
            "module.eks-cluster.module.eks.aws_security_group_rule.workers_ingress_cluster",
            "module.eks-cluster.module.eks.aws_security_group_rule.workers_ingress_cluster_https",
            "module.eks-cluster.module.eks.aws_security_group_rule.workers_ingress_cluster_kubelet",
            "module.eks-cluster.module.eks.aws_security_group_rule.workers_ingress_cluster_primary",
            "module.eks-cluster.module.eks.aws_security_group_rule.workers_ingress_self",
            "module.eks-cluster.module.eks.data.aws_ami.eks_worker",
            "module.eks-cluster.module.eks.data.aws_ami.eks_worker_windows",
            "module.eks-cluster.module.eks.data.aws_iam_instance_profile.custom_worker_group_iam_instance_profile",
            "module.eks-cluster.module.eks.data.aws_iam_policy_document.cluster_assume_role_policy",
            "module.eks-cluster.module.eks.data.aws_iam_policy_document.workers_assume_role_policy",
            "module.eks-cluster.module.eks.data.aws_iam_role.custom_cluster_iam_role",
            "module.eks-cluster.module.eks.data.aws_partition.current",
            "module.eks-cluster.module.eks.data.template_file.userdata",
            "module.eks-cluster.module.vpc.aws_eip.nat",
            "module.eks-cluster.module.vpc.aws_subnet.private",
            "module.eks-cluster.module.vpc.aws_vpc.this",
            "module.eks-cluster.module.vpc.aws_vpc_ipv4_cidr_block_association.this",
            "module.eks-cluster.random_string.suffix"
          ],
          "create_before_destroy": true
        }
      ]
    },
    {
      "module": "module.eks-cluster.module.vpc",
      "mode": "managed",
      "type": "aws_eip",
      "name": "nat",
      "provider": "provider[\"registry.terraform.io/hashicorp/aws\"]",
      "instances": [
        {
          "index_key": 0,
          "schema_version": 0,
          "attributes": {
            "allocation_id": null,
            "associate_with_private_ip": null,
            "association_id": "eipassoc-00ae7a7fdda377378",
            "carrier_ip": "",
            "customer_owned_ip": "",
            "customer_owned_ipv4_pool": "",
            "domain": "vpc",
            "id": "eipalloc-0054135aca4bc88f0",
            "instance": "",
            "network_border_group": "eu-west-2",
            "network_interface": "eni-0304ff2b63f81f5f3",
            "private_dns": "ip-10-0-4-99.eu-west-2.compute.internal",
            "private_ip": "10.0.4.99",
            "public_dns": "ec2-35-177-233-21.eu-west-2.compute.amazonaws.com",
            "public_ip": "35.177.233.21",
            "public_ipv4_pool": "amazon",
            "tags": {
              "Name": "example-webapp-vpc-eu-west-2a",
              "kubernetes.io/cluster/example-webapp-eks-BkRLJijl": "shared"
            },
            "timeouts": null,
            "vpc": true
          },
          "sensitive_attributes": [],
          "private": "eyJlMmJmYjczMC1lY2FhLTExZTYtOGY4OC0zNDM2M2JjN2M0YzAiOnsiZGVsZXRlIjoxODAwMDAwMDAwMDAsInJlYWQiOjkwMDAwMDAwMDAwMCwidXBkYXRlIjozMDAwMDAwMDAwMDB9fQ==",
          "dependencies": [
            "module.eks-cluster.data.aws_availability_zones.available",
            "module.eks-cluster.random_string.suffix"
          ],
          "create_before_destroy": true
        }
      ]
    },
    {
      "module": "module.eks-cluster.module.vpc",
      "mode": "managed",
      "type": "aws_internet_gateway",
      "name": "this",
      "provider": "provider[\"registry.terraform.io/hashicorp/aws\"]",
      "instances": [
        {
          "index_key": 0,
          "schema_version": 0,
          "attributes": {
            "arn": "arn:aws:ec2:eu-west-2:772290144575:internet-gateway/igw-070e81f258818e55e",
            "id": "igw-070e81f258818e55e",
            "owner_id": "772290144575",
            "tags": {
              "Name": "example-webapp-vpc",
              "kubernetes.io/cluster/example-webapp-eks-BkRLJijl": "shared"
            },
            "vpc_id": "vpc-0cfa7c52e8a5a4bd7"
          },
          "sensitive_attributes": [],
          "private": "bnVsbA==",
          "dependencies": [
            "module.eks-cluster.module.vpc.aws_vpc.this",
            "module.eks-cluster.module.vpc.aws_vpc_ipv4_cidr_block_association.this",
            "module.eks-cluster.random_string.suffix"
          ]
        }
      ]
    },
    {
      "module": "module.eks-cluster.module.vpc",
      "mode": "managed",
      "type": "aws_nat_gateway",
      "name": "this",
      "provider": "provider[\"registry.terraform.io/hashicorp/aws\"]",
      "instances": [
        {
          "index_key": 0,
          "schema_version": 0,
          "attributes": {
            "allocation_id": "eipalloc-0054135aca4bc88f0",
            "id": "nat-08ba6f1ac446b9f23",
            "network_interface_id": "eni-0304ff2b63f81f5f3",
            "private_ip": "10.0.4.99",
            "public_ip": "35.177.233.21",
            "subnet_id": "subnet-0a5202d0a18d057e9",
            "tags": {
              "Name": "example-webapp-vpc-eu-west-2a",
              "kubernetes.io/cluster/example-webapp-eks-BkRLJijl": "shared"
            }
          },
          "sensitive_attributes": [],
          "private": "bnVsbA==",
          "dependencies": [
            "module.eks-cluster.data.aws_availability_zones.available",
            "module.eks-cluster.module.vpc.aws_eip.nat",
            "module.eks-cluster.module.vpc.aws_internet_gateway.this",
            "module.eks-cluster.module.vpc.aws_subnet.public",
            "module.eks-cluster.module.vpc.aws_vpc.this",
            "module.eks-cluster.module.vpc.aws_vpc_ipv4_cidr_block_association.this",
            "module.eks-cluster.random_string.suffix"
          ]
        }
      ]
    },
    {
      "module": "module.eks-cluster.module.vpc",
      "mode": "managed",
      "type": "aws_route",
      "name": "private_nat_gateway",
      "provider": "provider[\"registry.terraform.io/hashicorp/aws\"]",
      "instances": [
        {
          "index_key": 0,
          "schema_version": 0,
          "attributes": {
            "destination_cidr_block": "0.0.0.0/0",
            "destination_ipv6_cidr_block": "",
            "destination_prefix_list_id": "",
            "egress_only_gateway_id": "",
            "gateway_id": "",
            "id": "r-rtb-03efbd55b30c428a81080289494",
            "instance_id": "",
            "instance_owner_id": "",
            "local_gateway_id": "",
            "nat_gateway_id": "nat-08ba6f1ac446b9f23",
            "network_interface_id": "",
            "origin": "CreateRoute",
            "route_table_id": "rtb-03efbd55b30c428a8",
            "state": "active",
            "timeouts": {
              "create": "5m",
              "delete": null
            },
            "transit_gateway_id": "",
            "vpc_endpoint_id": "",
            "vpc_peering_connection_id": ""
          },
          "sensitive_attributes": [],
          "private": "eyJlMmJmYjczMC1lY2FhLTExZTYtOGY4OC0zNDM2M2JjN2M0YzAiOnsiY3JlYXRlIjozMDAwMDAwMDAwMDAsImRlbGV0ZSI6MzAwMDAwMDAwMDAwfX0=",
          "dependencies": [
            "module.eks-cluster.data.aws_availability_zones.available",
            "module.eks-cluster.module.vpc.aws_eip.nat",
            "module.eks-cluster.module.vpc.aws_internet_gateway.this",
            "module.eks-cluster.module.vpc.aws_nat_gateway.this",
            "module.eks-cluster.module.vpc.aws_route_table.private",
            "module.eks-cluster.module.vpc.aws_subnet.public",
            "module.eks-cluster.module.vpc.aws_vpc.this",
            "module.eks-cluster.module.vpc.aws_vpc_ipv4_cidr_block_association.this",
            "module.eks-cluster.random_string.suffix"
          ]
        }
      ]
    },
    {
      "module": "module.eks-cluster.module.vpc",
      "mode": "managed",
      "type": "aws_route",
      "name": "public_internet_gateway",
      "provider": "provider[\"registry.terraform.io/hashicorp/aws\"]",
      "instances": [
        {
          "index_key": 0,
          "schema_version": 0,
          "attributes": {
            "destination_cidr_block": "0.0.0.0/0",
            "destination_ipv6_cidr_block": "",
            "destination_prefix_list_id": "",
            "egress_only_gateway_id": "",
            "gateway_id": "igw-070e81f258818e55e",
            "id": "r-rtb-0370b519306bec27c1080289494",
            "instance_id": "",
            "instance_owner_id": "",
            "local_gateway_id": "",
            "nat_gateway_id": "",
            "network_interface_id": "",
            "origin": "CreateRoute",
            "route_table_id": "rtb-0370b519306bec27c",
            "state": "active",
            "timeouts": {
              "create": "5m",
              "delete": null
            },
            "transit_gateway_id": "",
            "vpc_endpoint_id": "",
            "vpc_peering_connection_id": ""
          },
          "sensitive_attributes": [],
          "private": "eyJlMmJmYjczMC1lY2FhLTExZTYtOGY4OC0zNDM2M2JjN2M0YzAiOnsiY3JlYXRlIjozMDAwMDAwMDAwMDAsImRlbGV0ZSI6MzAwMDAwMDAwMDAwfX0=",
          "dependencies": [
            "module.eks-cluster.module.vpc.aws_internet_gateway.this",
            "module.eks-cluster.module.vpc.aws_route_table.public",
            "module.eks-cluster.module.vpc.aws_vpc.this",
            "module.eks-cluster.module.vpc.aws_vpc_ipv4_cidr_block_association.this",
            "module.eks-cluster.random_string.suffix"
          ]
        }
      ]
    },
    {
      "module": "module.eks-cluster.module.vpc",
      "mode": "managed",
      "type": "aws_route_table",
      "name": "private",
      "provider": "provider[\"registry.terraform.io/hashicorp/aws\"]",
      "instances": [
        {
          "index_key": 0,
          "schema_version": 0,
          "attributes": {
            "id": "rtb-03efbd55b30c428a8",
            "owner_id": "772290144575",
            "propagating_vgws": [],
            "route": [
              {
                "cidr_block": "0.0.0.0/0",
                "egress_only_gateway_id": "",
                "gateway_id": "",
                "instance_id": "",
                "ipv6_cidr_block": "",
                "local_gateway_id": "",
                "nat_gateway_id": "nat-08ba6f1ac446b9f23",
                "network_interface_id": "",
                "transit_gateway_id": "",
                "vpc_endpoint_id": "",
                "vpc_peering_connection_id": ""
              }
            ],
            "tags": {
              "Name": "example-webapp-vpc-private",
              "kubernetes.io/cluster/example-webapp-eks-BkRLJijl": "shared"
            },
            "vpc_id": "vpc-0cfa7c52e8a5a4bd7"
          },
          "sensitive_attributes": [],
          "private": "bnVsbA==",
          "dependencies": [
            "module.eks-cluster.data.aws_availability_zones.available",
            "module.eks-cluster.module.vpc.aws_vpc.this",
            "module.eks-cluster.module.vpc.aws_vpc_ipv4_cidr_block_association.this",
            "module.eks-cluster.random_string.suffix"
          ]
        }
      ]
    },
    {
      "module": "module.eks-cluster.module.vpc",
      "mode": "managed",
      "type": "aws_route_table",
      "name": "public",
      "provider": "provider[\"registry.terraform.io/hashicorp/aws\"]",
      "instances": [
        {
          "index_key": 0,
          "schema_version": 0,
          "attributes": {
            "id": "rtb-0370b519306bec27c",
            "owner_id": "772290144575",
            "propagating_vgws": [],
            "route": [
              {
                "cidr_block": "0.0.0.0/0",
                "egress_only_gateway_id": "",
                "gateway_id": "igw-070e81f258818e55e",
                "instance_id": "",
                "ipv6_cidr_block": "",
                "local_gateway_id": "",
                "nat_gateway_id": "",
                "network_interface_id": "",
                "transit_gateway_id": "",
                "vpc_endpoint_id": "",
                "vpc_peering_connection_id": ""
              }
            ],
            "tags": {
              "Name": "example-webapp-vpc-public",
              "kubernetes.io/cluster/example-webapp-eks-BkRLJijl": "shared"
            },
            "vpc_id": "vpc-0cfa7c52e8a5a4bd7"
          },
          "sensitive_attributes": [],
          "private": "bnVsbA==",
          "dependencies": [
            "module.eks-cluster.module.vpc.aws_vpc.this",
            "module.eks-cluster.module.vpc.aws_vpc_ipv4_cidr_block_association.this",
            "module.eks-cluster.random_string.suffix"
          ]
        }
      ]
    },
    {
      "module": "module.eks-cluster.module.vpc",
      "mode": "managed",
      "type": "aws_route_table_association",
      "name": "private",
      "provider": "provider[\"registry.terraform.io/hashicorp/aws\"]",
      "instances": [
        {
          "index_key": 0,
          "schema_version": 0,
          "attributes": {
            "gateway_id": null,
            "id": "rtbassoc-0dfa8ced5f74e3581",
            "route_table_id": "rtb-03efbd55b30c428a8",
            "subnet_id": "subnet-073915192c70c46f5"
          },
          "sensitive_attributes": [],
          "private": "bnVsbA==",
          "dependencies": [
            "module.eks-cluster.data.aws_availability_zones.available",
            "module.eks-cluster.module.vpc.aws_route_table.private",
            "module.eks-cluster.module.vpc.aws_subnet.private",
            "module.eks-cluster.module.vpc.aws_vpc.this",
            "module.eks-cluster.module.vpc.aws_vpc_ipv4_cidr_block_association.this",
            "module.eks-cluster.random_string.suffix"
          ]
        },
        {
          "index_key": 1,
          "schema_version": 0,
          "attributes": {
            "gateway_id": null,
            "id": "rtbassoc-00c06dc7300da878a",
            "route_table_id": "rtb-03efbd55b30c428a8",
            "subnet_id": "subnet-065fcf6a2c477e164"
          },
          "sensitive_attributes": [],
          "private": "bnVsbA==",
          "dependencies": [
            "module.eks-cluster.data.aws_availability_zones.available",
            "module.eks-cluster.module.vpc.aws_route_table.private",
            "module.eks-cluster.module.vpc.aws_subnet.private",
            "module.eks-cluster.module.vpc.aws_vpc.this",
            "module.eks-cluster.module.vpc.aws_vpc_ipv4_cidr_block_association.this",
            "module.eks-cluster.random_string.suffix"
          ]
        },
        {
          "index_key": 2,
          "schema_version": 0,
          "attributes": {
            "gateway_id": null,
            "id": "rtbassoc-0d275ce6f7c69d895",
            "route_table_id": "rtb-03efbd55b30c428a8",
            "subnet_id": "subnet-099d56cc632ba46b3"
          },
          "sensitive_attributes": [],
          "private": "bnVsbA==",
          "dependencies": [
            "module.eks-cluster.data.aws_availability_zones.available",
            "module.eks-cluster.module.vpc.aws_route_table.private",
            "module.eks-cluster.module.vpc.aws_subnet.private",
            "module.eks-cluster.module.vpc.aws_vpc.this",
            "module.eks-cluster.module.vpc.aws_vpc_ipv4_cidr_block_association.this",
            "module.eks-cluster.random_string.suffix"
          ]
        }
      ]
    },
    {
      "module": "module.eks-cluster.module.vpc",
      "mode": "managed",
      "type": "aws_route_table_association",
      "name": "public",
      "provider": "provider[\"registry.terraform.io/hashicorp/aws\"]",
      "instances": [
        {
          "index_key": 0,
          "schema_version": 0,
          "attributes": {
            "gateway_id": null,
            "id": "rtbassoc-08287d4e08ec94788",
            "route_table_id": "rtb-0370b519306bec27c",
            "subnet_id": "subnet-0a5202d0a18d057e9"
          },
          "sensitive_attributes": [],
          "private": "bnVsbA==",
          "dependencies": [
            "module.eks-cluster.data.aws_availability_zones.available",
            "module.eks-cluster.module.vpc.aws_route_table.public",
            "module.eks-cluster.module.vpc.aws_subnet.public",
            "module.eks-cluster.module.vpc.aws_vpc.this",
            "module.eks-cluster.module.vpc.aws_vpc_ipv4_cidr_block_association.this",
            "module.eks-cluster.random_string.suffix"
          ]
        },
        {
          "index_key": 1,
          "schema_version": 0,
          "attributes": {
            "gateway_id": null,
            "id": "rtbassoc-003b9298028674ccd",
            "route_table_id": "rtb-0370b519306bec27c",
            "subnet_id": "subnet-00b4cfa92254ea072"
          },
          "sensitive_attributes": [],
          "private": "bnVsbA==",
          "dependencies": [
            "module.eks-cluster.data.aws_availability_zones.available",
            "module.eks-cluster.module.vpc.aws_route_table.public",
            "module.eks-cluster.module.vpc.aws_subnet.public",
            "module.eks-cluster.module.vpc.aws_vpc.this",
            "module.eks-cluster.module.vpc.aws_vpc_ipv4_cidr_block_association.this",
            "module.eks-cluster.random_string.suffix"
          ]
        },
        {
          "index_key": 2,
          "schema_version": 0,
          "attributes": {
            "gateway_id": null,
            "id": "rtbassoc-046e7361ccb3badff",
            "route_table_id": "rtb-0370b519306bec27c",
            "subnet_id": "subnet-046ac42d9787645e7"
          },
          "sensitive_attributes": [],
          "private": "bnVsbA==",
          "dependencies": [
            "module.eks-cluster.data.aws_availability_zones.available",
            "module.eks-cluster.module.vpc.aws_route_table.public",
            "module.eks-cluster.module.vpc.aws_subnet.public",
            "module.eks-cluster.module.vpc.aws_vpc.this",
            "module.eks-cluster.module.vpc.aws_vpc_ipv4_cidr_block_association.this",
            "module.eks-cluster.random_string.suffix"
          ]
        }
      ]
    },
    {
      "module": "module.eks-cluster.module.vpc",
      "mode": "managed",
      "type": "aws_subnet",
      "name": "private",
      "provider": "provider[\"registry.terraform.io/hashicorp/aws\"]",
      "instances": [
        {
          "index_key": 0,
          "schema_version": 1,
          "attributes": {
            "arn": "arn:aws:ec2:eu-west-2:772290144575:subnet/subnet-073915192c70c46f5",
            "assign_ipv6_address_on_creation": false,
            "availability_zone": "eu-west-2a",
            "availability_zone_id": "euw2-az2",
            "cidr_block": "10.0.1.0/24",
            "customer_owned_ipv4_pool": "",
            "id": "subnet-073915192c70c46f5",
            "ipv6_cidr_block": "",
            "ipv6_cidr_block_association_id": "",
            "map_customer_owned_ip_on_launch": false,
            "map_public_ip_on_launch": false,
            "outpost_arn": "",
            "owner_id": "772290144575",
            "tags": {
              "Name": "example-webapp-vpc-private-eu-west-2a",
              "kubernetes.io/cluster/example-webapp-eks-BkRLJijl": "shared",
              "kubernetes.io/role/internal-elb": "1"
            },
            "tags_all": {
              "Name": "example-webapp-vpc-private-eu-west-2a",
              "kubernetes.io/cluster/example-webapp-eks-BkRLJijl": "shared",
              "kubernetes.io/role/internal-elb": "1"
            },
            "timeouts": null,
            "vpc_id": "vpc-0cfa7c52e8a5a4bd7"
          },
          "sensitive_attributes": [],
          "private": "eyJlMmJmYjczMC1lY2FhLTExZTYtOGY4OC0zNDM2M2JjN2M0YzAiOnsiY3JlYXRlIjo2MDAwMDAwMDAwMDAsImRlbGV0ZSI6MTIwMDAwMDAwMDAwMH0sInNjaGVtYV92ZXJzaW9uIjoiMSJ9",
          "dependencies": [
            "module.eks-cluster.data.aws_availability_zones.available",
            "module.eks-cluster.module.vpc.aws_vpc.this",
            "module.eks-cluster.module.vpc.aws_vpc_ipv4_cidr_block_association.this",
            "module.eks-cluster.random_string.suffix"
          ],
          "create_before_destroy": true
        },
        {
          "index_key": 1,
          "schema_version": 1,
          "attributes": {
            "arn": "arn:aws:ec2:eu-west-2:772290144575:subnet/subnet-065fcf6a2c477e164",
            "assign_ipv6_address_on_creation": false,
            "availability_zone": "eu-west-2b",
            "availability_zone_id": "euw2-az3",
            "cidr_block": "10.0.2.0/24",
            "customer_owned_ipv4_pool": "",
            "id": "subnet-065fcf6a2c477e164",
            "ipv6_cidr_block": "",
            "ipv6_cidr_block_association_id": "",
            "map_customer_owned_ip_on_launch": false,
            "map_public_ip_on_launch": false,
            "outpost_arn": "",
            "owner_id": "772290144575",
            "tags": {
              "Name": "example-webapp-vpc-private-eu-west-2b",
              "kubernetes.io/cluster/example-webapp-eks-BkRLJijl": "shared",
              "kubernetes.io/role/internal-elb": "1"
            },
            "tags_all": {
              "Name": "example-webapp-vpc-private-eu-west-2b",
              "kubernetes.io/cluster/example-webapp-eks-BkRLJijl": "shared",
              "kubernetes.io/role/internal-elb": "1"
            },
            "timeouts": null,
            "vpc_id": "vpc-0cfa7c52e8a5a4bd7"
          },
          "sensitive_attributes": [],
          "private": "eyJlMmJmYjczMC1lY2FhLTExZTYtOGY4OC0zNDM2M2JjN2M0YzAiOnsiY3JlYXRlIjo2MDAwMDAwMDAwMDAsImRlbGV0ZSI6MTIwMDAwMDAwMDAwMH0sInNjaGVtYV92ZXJzaW9uIjoiMSJ9",
          "dependencies": [
            "module.eks-cluster.data.aws_availability_zones.available",
            "module.eks-cluster.module.vpc.aws_vpc.this",
            "module.eks-cluster.module.vpc.aws_vpc_ipv4_cidr_block_association.this",
            "module.eks-cluster.random_string.suffix"
          ],
          "create_before_destroy": true
        },
        {
          "index_key": 2,
          "schema_version": 1,
          "attributes": {
            "arn": "arn:aws:ec2:eu-west-2:772290144575:subnet/subnet-099d56cc632ba46b3",
            "assign_ipv6_address_on_creation": false,
            "availability_zone": "eu-west-2c",
            "availability_zone_id": "euw2-az1",
            "cidr_block": "10.0.3.0/24",
            "customer_owned_ipv4_pool": "",
            "id": "subnet-099d56cc632ba46b3",
            "ipv6_cidr_block": "",
            "ipv6_cidr_block_association_id": "",
            "map_customer_owned_ip_on_launch": false,
            "map_public_ip_on_launch": false,
            "outpost_arn": "",
            "owner_id": "772290144575",
            "tags": {
              "Name": "example-webapp-vpc-private-eu-west-2c",
              "kubernetes.io/cluster/example-webapp-eks-BkRLJijl": "shared",
              "kubernetes.io/role/internal-elb": "1"
            },
            "tags_all": {
              "Name": "example-webapp-vpc-private-eu-west-2c",
              "kubernetes.io/cluster/example-webapp-eks-BkRLJijl": "shared",
              "kubernetes.io/role/internal-elb": "1"
            },
            "timeouts": null,
            "vpc_id": "vpc-0cfa7c52e8a5a4bd7"
          },
          "sensitive_attributes": [],
          "private": "eyJlMmJmYjczMC1lY2FhLTExZTYtOGY4OC0zNDM2M2JjN2M0YzAiOnsiY3JlYXRlIjo2MDAwMDAwMDAwMDAsImRlbGV0ZSI6MTIwMDAwMDAwMDAwMH0sInNjaGVtYV92ZXJzaW9uIjoiMSJ9",
          "dependencies": [
            "module.eks-cluster.data.aws_availability_zones.available",
            "module.eks-cluster.module.vpc.aws_vpc.this",
            "module.eks-cluster.module.vpc.aws_vpc_ipv4_cidr_block_association.this",
            "module.eks-cluster.random_string.suffix"
          ],
          "create_before_destroy": true
        }
      ]
    },
    {
      "module": "module.eks-cluster.module.vpc",
      "mode": "managed",
      "type": "aws_subnet",
      "name": "public",
      "provider": "provider[\"registry.terraform.io/hashicorp/aws\"]",
      "instances": [
        {
          "index_key": 0,
          "schema_version": 1,
          "attributes": {
            "arn": "arn:aws:ec2:eu-west-2:772290144575:subnet/subnet-0a5202d0a18d057e9",
            "assign_ipv6_address_on_creation": false,
            "availability_zone": "eu-west-2a",
            "availability_zone_id": "euw2-az2",
            "cidr_block": "10.0.4.0/24",
            "customer_owned_ipv4_pool": "",
            "id": "subnet-0a5202d0a18d057e9",
            "ipv6_cidr_block": "",
            "ipv6_cidr_block_association_id": "",
            "map_customer_owned_ip_on_launch": false,
            "map_public_ip_on_launch": true,
            "outpost_arn": "",
            "owner_id": "772290144575",
            "tags": {
              "Name": "example-webapp-vpc-public-eu-west-2a",
              "kubernetes.io/cluster/example-webapp-eks-BkRLJijl": "shared",
              "kubernetes.io/role/elb": "1"
            },
            "tags_all": {
              "Name": "example-webapp-vpc-public-eu-west-2a",
              "kubernetes.io/cluster/example-webapp-eks-BkRLJijl": "shared",
              "kubernetes.io/role/elb": "1"
            },
            "timeouts": null,
            "vpc_id": "vpc-0cfa7c52e8a5a4bd7"
          },
          "sensitive_attributes": [],
          "private": "eyJlMmJmYjczMC1lY2FhLTExZTYtOGY4OC0zNDM2M2JjN2M0YzAiOnsiY3JlYXRlIjo2MDAwMDAwMDAwMDAsImRlbGV0ZSI6MTIwMDAwMDAwMDAwMH0sInNjaGVtYV92ZXJzaW9uIjoiMSJ9",
          "dependencies": [
            "module.eks-cluster.data.aws_availability_zones.available",
            "module.eks-cluster.module.vpc.aws_vpc.this",
            "module.eks-cluster.module.vpc.aws_vpc_ipv4_cidr_block_association.this",
            "module.eks-cluster.random_string.suffix"
          ]
        },
        {
          "index_key": 1,
          "schema_version": 1,
          "attributes": {
            "arn": "arn:aws:ec2:eu-west-2:772290144575:subnet/subnet-00b4cfa92254ea072",
            "assign_ipv6_address_on_creation": false,
            "availability_zone": "eu-west-2b",
            "availability_zone_id": "euw2-az3",
            "cidr_block": "10.0.5.0/24",
            "customer_owned_ipv4_pool": "",
            "id": "subnet-00b4cfa92254ea072",
            "ipv6_cidr_block": "",
            "ipv6_cidr_block_association_id": "",
            "map_customer_owned_ip_on_launch": false,
            "map_public_ip_on_launch": true,
            "outpost_arn": "",
            "owner_id": "772290144575",
            "tags": {
              "Name": "example-webapp-vpc-public-eu-west-2b",
              "kubernetes.io/cluster/example-webapp-eks-BkRLJijl": "shared",
              "kubernetes.io/role/elb": "1"
            },
            "tags_all": {
              "Name": "example-webapp-vpc-public-eu-west-2b",
              "kubernetes.io/cluster/example-webapp-eks-BkRLJijl": "shared",
              "kubernetes.io/role/elb": "1"
            },
            "timeouts": null,
            "vpc_id": "vpc-0cfa7c52e8a5a4bd7"
          },
          "sensitive_attributes": [],
          "private": "eyJlMmJmYjczMC1lY2FhLTExZTYtOGY4OC0zNDM2M2JjN2M0YzAiOnsiY3JlYXRlIjo2MDAwMDAwMDAwMDAsImRlbGV0ZSI6MTIwMDAwMDAwMDAwMH0sInNjaGVtYV92ZXJzaW9uIjoiMSJ9",
          "dependencies": [
            "module.eks-cluster.data.aws_availability_zones.available",
            "module.eks-cluster.module.vpc.aws_vpc.this",
            "module.eks-cluster.module.vpc.aws_vpc_ipv4_cidr_block_association.this",
            "module.eks-cluster.random_string.suffix"
          ]
        },
        {
          "index_key": 2,
          "schema_version": 1,
          "attributes": {
            "arn": "arn:aws:ec2:eu-west-2:772290144575:subnet/subnet-046ac42d9787645e7",
            "assign_ipv6_address_on_creation": false,
            "availability_zone": "eu-west-2c",
            "availability_zone_id": "euw2-az1",
            "cidr_block": "10.0.6.0/24",
            "customer_owned_ipv4_pool": "",
            "id": "subnet-046ac42d9787645e7",
            "ipv6_cidr_block": "",
            "ipv6_cidr_block_association_id": "",
            "map_customer_owned_ip_on_launch": false,
            "map_public_ip_on_launch": true,
            "outpost_arn": "",
            "owner_id": "772290144575",
            "tags": {
              "Name": "example-webapp-vpc-public-eu-west-2c",
              "kubernetes.io/cluster/example-webapp-eks-BkRLJijl": "shared",
              "kubernetes.io/role/elb": "1"
            },
            "tags_all": {
              "Name": "example-webapp-vpc-public-eu-west-2c",
              "kubernetes.io/cluster/example-webapp-eks-BkRLJijl": "shared",
              "kubernetes.io/role/elb": "1"
            },
            "timeouts": null,
            "vpc_id": "vpc-0cfa7c52e8a5a4bd7"
          },
          "sensitive_attributes": [],
          "private": "eyJlMmJmYjczMC1lY2FhLTExZTYtOGY4OC0zNDM2M2JjN2M0YzAiOnsiY3JlYXRlIjo2MDAwMDAwMDAwMDAsImRlbGV0ZSI6MTIwMDAwMDAwMDAwMH0sInNjaGVtYV92ZXJzaW9uIjoiMSJ9",
          "dependencies": [
            "module.eks-cluster.data.aws_availability_zones.available",
            "module.eks-cluster.module.vpc.aws_vpc.this",
            "module.eks-cluster.module.vpc.aws_vpc_ipv4_cidr_block_association.this",
            "module.eks-cluster.random_string.suffix"
          ]
        }
      ]
    },
    {
      "module": "module.eks-cluster.module.vpc",
      "mode": "managed",
      "type": "aws_vpc",
      "name": "this",
      "provider": "provider[\"registry.terraform.io/hashicorp/aws\"]",
      "instances": [
        {
          "index_key": 0,
          "schema_version": 1,
          "attributes": {
            "arn": "arn:aws:ec2:eu-west-2:772290144575:vpc/vpc-0cfa7c52e8a5a4bd7",
            "assign_generated_ipv6_cidr_block": false,
            "cidr_block": "10.0.0.0/16",
            "default_network_acl_id": "acl-05a7ca99546a328e3",
            "default_route_table_id": "rtb-02d6da160255777b7",
            "default_security_group_id": "sg-0bbdb2f1781071feb",
            "dhcp_options_id": "dopt-0f4dba007200ba2a7",
            "enable_classiclink": null,
            "enable_classiclink_dns_support": null,
            "enable_dns_hostnames": true,
            "enable_dns_support": true,
            "id": "vpc-0cfa7c52e8a5a4bd7",
            "instance_tenancy": "default",
            "ipv6_association_id": "",
            "ipv6_cidr_block": "",
            "main_route_table_id": "rtb-02d6da160255777b7",
            "owner_id": "772290144575",
            "tags": {
              "Name": "example-webapp-vpc",
              "kubernetes.io/cluster/example-webapp-eks-BkRLJijl": "shared"
            },
            "tags_all": {
              "Name": "example-webapp-vpc",
              "kubernetes.io/cluster/example-webapp-eks-BkRLJijl": "shared"
            }
          },
          "sensitive_attributes": [],
          "private": "eyJzY2hlbWFfdmVyc2lvbiI6IjEifQ==",
          "dependencies": [
            "module.eks-cluster.random_string.suffix"
          ],
          "create_before_destroy": true
        }
      ]
    }
  ]
}
