{
  "version": 4,
  "terraform_version": "0.14.9",
  "serial": 621,
  "lineage": "ef2f77d7-e3f0-bb63-ffe1-8584ee34a4e1",
  "outputs": {
    "load_balancer_hostname": {
      "value": "a6dfc06989bf0488aa7da03f7f9bca11-1506933451.eu-west-2.elb.amazonaws.com",
      "type": "string"
    }
  },
  "resources": [
    {
      "mode": "data",
      "type": "aws_eks_cluster",
      "name": "cluster",
      "provider": "provider[\"registry.terraform.io/hashicorp/aws\"]",
      "instances": [
        {
          "schema_version": 0,
          "attributes": {
            "arn": "arn:aws:eks:eu-west-2:772290144575:cluster/example-webapp-eks-1VfrQgpg",
            "certificate_authority": [
              {
                "data": "LS0tLS1CRUdJTiBDRVJUSUZJQ0FURS0tLS0tCk1JSUM1ekNDQWMrZ0F3SUJBZ0lCQURBTkJna3Foa2lHOXcwQkFRc0ZBREFWTVJNd0VRWURWUVFERXdwcmRXSmwKY201bGRHVnpNQjRYRFRJeE1ETXlPREUxTVRFd00xb1hEVE14TURNeU5qRTFNVEV3TTFvd0ZURVRNQkVHQTFVRQpBeE1LYTNWaVpYSnVaWFJsY3pDQ0FTSXdEUVlKS29aSWh2Y05BUUVCQlFBRGdnRVBBRENDQVFvQ2dnRUJBTWl0ClUxMWM5LzFCbC9rZUhScFUwS1VRdDNmK3V2VGk4RUUrZEZFd0VOcjVxZUl0MDU0R2ExSGRwdEdzRHNXeElOVlEKcXhFUWRiSnZiVUphUXE5WktORmExcHZuRjlDaXYrVWxzYUlxdW9oTlJNLzJUZGFHRkVIa3B1a2dlL0tLYVBldAp0Z3V0TUsyazd0S0F5S3pCYjF5U0N5b3lxSC9MR1IraW8vZkZlNzZyY1g0eGVLQWY5S3lJSmRNOEZLdDJRbW81CnJxb3MzUnNMR1lPaTc4c29YTm9hc0k0S1BJTVl0OXFUeUdjYUlXelJQcGltRGZtdCtwdnVpeEw0cTAxYWNrbEkKQzJiWlJFT2NaZjFGWTg4MFFBeUFwSEFJbW5uNU03TktZZTBoNDFhTThXRzdyR0ZOQStRMXRxbzZGMy9Md1g0Ygo4ZmR4eG9RZ25zRUZHOFAxMUFzQ0F3RUFBYU5DTUVBd0RnWURWUjBQQVFIL0JBUURBZ0trTUE4R0ExVWRFd0VCCi93UUZNQU1CQWY4d0hRWURWUjBPQkJZRUZHYkRoaGtZSzhrdndsNXBzRTNCZjc1bGxmRFRNQTBHQ1NxR1NJYjMKRFFFQkN3VUFBNElCQVFDTjh2Wi8yd2h3bGUvTnZSODM0WVFQZFZxR2xjSE95MkxXQjhjcExkeU1pKzlRUjFsNwpEdGFSN1RlSDBzTmNwUlhnVDlBZStpL0FVNmROTFFxUm1CcXFIYTF0aCt0OCtOZ3hkNXFQK2xMcjRvMXhJMzlpClQ1K3AyTERRNW9FZmpBQnZ6WjFoUUYwd2tSYkcyUWFzK1N1SjdxYzErM28yaVllNVBWNEs4eVcyK3BCNzR6bWcKekVEc3ZYRE9FZ2xHUnBreUdqbDUrK0hhQ1M3UlJObHpmNFZvVUo5ZXE4Ull6NjVyN2lkUURwQVgzWDgzME9pRAo0dEJEaTlwQmlDaGpVNFlFQjlyYTk1NkJKMzUycE1EWW1TN2FoRjJUM3Bid28vR1RpSGVoOWR5ajFMMGRLZU1NCjZLVHFuTThZa2REZEJPK1pUd2U5aEtBd1NXRXQrU2hxWWlWTAotLS0tLUVORCBDRVJUSUZJQ0FURS0tLS0tCg=="
              }
            ],
            "created_at": "2021-03-28 15:05:18.877 +0000 UTC",
            "enabled_cluster_log_types": [],
            "endpoint": "https://1E94760DF5FD3F7334E53C6BF5887309.gr7.eu-west-2.eks.amazonaws.com",
            "id": "example-webapp-eks-1VfrQgpg",
            "identity": [
              {
                "oidc": [
                  {
                    "issuer": "https://oidc.eks.eu-west-2.amazonaws.com/id/1E94760DF5FD3F7334E53C6BF5887309"
                  }
                ]
              }
            ],
            "kubernetes_network_config": [
              {
                "service_ipv4_cidr": "172.20.0.0/16"
              }
            ],
            "name": "example-webapp-eks-1VfrQgpg",
            "platform_version": "eks.2",
            "role_arn": "arn:aws:iam::772290144575:role/example-webapp-eks-1VfrQgpg20210328150503707500000001",
            "status": "ACTIVE",
            "tags": {
              "Environment": "Example"
            },
            "version": "1.19",
            "vpc_config": [
              {
                "cluster_security_group_id": "sg-09eb16748733bd6e7",
                "endpoint_private_access": true,
                "endpoint_public_access": true,
                "public_access_cidrs": [
                  "35.176.12.123/32",
                  "88.98.247.243/32"
                ],
                "security_group_ids": [
                  "sg-06d2af5a05a0d4061"
                ],
                "subnet_ids": [
                  "subnet-09144cef21ce0e9bc",
                  "subnet-09a7465a41b6df07e",
                  "subnet-0b2e92df179d0a8c7"
                ],
                "vpc_id": "vpc-01bf6363532b4ba75"
              }
            ]
          },
          "sensitive_attributes": []
        }
      ]
    },
    {
      "mode": "data",
      "type": "aws_eks_cluster_auth",
      "name": "cluster",
      "provider": "provider[\"registry.terraform.io/hashicorp/aws\"]",
      "instances": [
        {
          "schema_version": 0,
          "attributes": {
            "id": "example-webapp-eks-1VfrQgpg",
            "name": "example-webapp-eks-1VfrQgpg",
            "token": "k8s-aws-v1.aHR0cHM6Ly9zdHMuYW1hem9uYXdzLmNvbS8_QWN0aW9uPUdldENhbGxlcklkZW50aXR5JlZlcnNpb249MjAxMS0wNi0xNSZYLUFtei1BbGdvcml0aG09QVdTNC1ITUFDLVNIQTI1NiZYLUFtei1DcmVkZW50aWFsPUFTSUEzSFVBVU5FNzJPV0YzRk1RJTJGMjAyMTAzMjglMkZ1cy1lYXN0LTElMkZzdHMlMkZhd3M0X3JlcXVlc3QmWC1BbXotRGF0ZT0yMDIxMDMyOFQxNzMzMjZaJlgtQW16LUV4cGlyZXM9MCZYLUFtei1TZWN1cml0eS1Ub2tlbj1Gd29HWlhJdllYZHpFQk1hREJRS1N4NG40bndDUldaN2lpSzNBVE1DVmZOUTQxUGJaUk1uJTJCUlZzcU1PUzM2ZEYlMkZvYXd4eEREQ3ZFZ05sRyUyRmIzZWVTNmRieHQ4b1JyJTJGVjV0ZmZlZmhsQThwUWtPZnNWU3ozSEdFTWRlcWh1ZFNFeFJFU2I4TVhsNENWOCUyQk1GaSUyRkpHWTlZJTJGbXB4b3BENTREWmxJTFNNVkNJRXpDM2pEcDR3SDg0cVRXS3JBU2NBRllQJTJCUXJuZm44WGJXRVp1YWdBdVB2YjdnMHAyTzZ5OVRsSW1xTVBTcUFBNzBUZWN4N0lYVHVBMyUyRlV0YzNsNVZQTWxPRjFtRUFGcEFUVkNEMUolMkJKS2d2R052aWpqJTJCNEtEQmpJdEg4YjJ5SSUyQnJxMFVua0RlVEolMkY4eWR0Z1RFVCUyRlp5eWVmUmZ0MlRqUzdCNmNtdUR3dzdOYTFMOVZ5dGg0UyZYLUFtei1TaWduZWRIZWFkZXJzPWhvc3QlM0J4LWs4cy1hd3MtaWQmWC1BbXotU2lnbmF0dXJlPTQ4NmU0YWNmODQ4YjQ3OWMyNzUzNmU0NDM4YzVlODI0ZWZiNDU4YThlODRlNmUwYjY1MjFkNWMwYjI0NzY2ODE"
          },
          "sensitive_attributes": []
        }
      ]
    },
    {
      "mode": "data",
      "type": "aws_elb",
      "name": "lb",
      "provider": "provider[\"registry.terraform.io/hashicorp/aws\"]",
      "instances": [
        {
          "schema_version": 0,
          "attributes": {
            "access_logs": [],
            "arn": "arn:aws:elasticloadbalancing:eu-west-2:772290144575:loadbalancer/a6dfc06989bf0488aa7da03f7f9bca11",
            "availability_zones": [
              "eu-west-2a",
              "eu-west-2b",
              "eu-west-2c"
            ],
            "connection_draining": false,
            "connection_draining_timeout": 300,
            "cross_zone_load_balancing": false,
            "dns_name": "a6dfc06989bf0488aa7da03f7f9bca11-1506933451.eu-west-2.elb.amazonaws.com",
            "health_check": [
              {
                "healthy_threshold": 2,
                "interval": 10,
                "target": "TCP:30843",
                "timeout": 5,
                "unhealthy_threshold": 6
              }
            ],
            "id": "a6dfc06989bf0488aa7da03f7f9bca11",
            "idle_timeout": 60,
            "instances": [
              "i-02ebb5a59f2d03df8",
              "i-0f5b243183aebf582"
            ],
            "internal": false,
            "listener": [
              {
                "instance_port": 30843,
                "instance_protocol": "tcp",
                "lb_port": 80,
                "lb_protocol": "tcp",
                "ssl_certificate_id": ""
              }
            ],
            "name": "a6dfc06989bf0488aa7da03f7f9bca11",
            "security_groups": [
              "sg-09244bcf5cb88b248"
            ],
            "source_security_group": "772290144575/k8s-elb-a6dfc06989bf0488aa7da03f7f9bca11",
            "source_security_group_id": "sg-09244bcf5cb88b248",
            "subnets": [
              "subnet-085e62efe863d9ffb",
              "subnet-0eacc2f9371b23cb1",
              "subnet-0f99b5aa1ace9005d"
            ],
            "tags": {
              "kubernetes.io/cluster/example-webapp-eks-1VfrQgpg": "owned",
              "kubernetes.io/service-name": "example-webapp-namespace/example-webapp-svc"
            },
            "zone_id": "ZHURV8PSTC4K8"
          },
          "sensitive_attributes": []
        }
      ]
    },
    {
      "mode": "managed",
      "type": "kubernetes_namespace",
      "name": "example-webapp",
      "provider": "provider[\"registry.terraform.io/hashicorp/kubernetes\"]",
      "instances": [
        {
          "schema_version": 0,
          "attributes": {
            "id": "example-webapp-namespace",
            "metadata": [
              {
                "annotations": {},
                "generate_name": "",
                "generation": 0,
                "labels": {
                  "name": "example-webapp"
                },
                "name": "example-webapp-namespace",
                "resource_version": "848",
                "self_link": "",
                "uid": "0a646e40-a3a0-4a18-83fb-6a3ae98f5426"
              }
            ],
            "timeouts": null
          },
          "sensitive_attributes": [],
          "private": "eyJlMmJmYjczMC1lY2FhLTExZTYtOGY4OC0zNDM2M2JjN2M0YzAiOnsiZGVsZXRlIjozMDAwMDAwMDAwMDB9fQ==",
          "dependencies": [
            "data.aws_eks_cluster.cluster",
            "module.eks-cluster.data.aws_availability_zones.available",
            "module.eks-cluster.module.eks.aws_cloudwatch_log_group.this",
            "module.eks-cluster.module.eks.aws_eks_cluster.this",
            "module.eks-cluster.module.eks.aws_iam_role.cluster",
            "module.eks-cluster.module.eks.aws_iam_role_policy_attachment.cluster_AmazonEKSClusterPolicy",
            "module.eks-cluster.module.eks.aws_iam_role_policy_attachment.cluster_AmazonEKSServicePolicy",
            "module.eks-cluster.module.eks.aws_iam_role_policy_attachment.cluster_AmazonEKSVPCResourceControllerPolicy",
            "module.eks-cluster.module.eks.aws_security_group.cluster",
            "module.eks-cluster.module.eks.aws_security_group.workers",
            "module.eks-cluster.module.eks.aws_security_group_rule.cluster_egress_internet",
            "module.eks-cluster.module.eks.aws_security_group_rule.cluster_https_worker_ingress",
            "module.eks-cluster.module.eks.aws_security_group_rule.cluster_private_access",
            "module.eks-cluster.module.eks.data.aws_iam_policy_document.cluster_assume_role_policy",
            "module.eks-cluster.module.eks.data.aws_iam_role.custom_cluster_iam_role",
            "module.eks-cluster.module.eks.data.aws_partition.current",
            "module.eks-cluster.module.eks.null_resource.wait_for_cluster",
            "module.eks-cluster.module.vpc.aws_eip.nat",
            "module.eks-cluster.module.vpc.aws_subnet.private",
            "module.eks-cluster.module.vpc.aws_vpc.this",
            "module.eks-cluster.module.vpc.aws_vpc_ipv4_cidr_block_association.this",
            "module.eks-cluster.random_string.suffix"
          ]
        }
      ]
    },
    {
      "mode": "managed",
      "type": "kubernetes_pod",
      "name": "example-webapp",
      "provider": "provider[\"registry.terraform.io/hashicorp/kubernetes\"]",
      "instances": [
        {
          "schema_version": 1,
          "attributes": {
            "id": "example-webapp-namespace/example-webapp",
            "metadata": [
              {
                "annotations": {},
                "generate_name": "",
                "generation": 0,
                "labels": {
                  "app": "example-webapp"
                },
                "name": "example-webapp",
                "namespace": "example-webapp-namespace",
                "resource_version": "5101",
                "self_link": "",
                "uid": "16f28559-e782-4bf1-b14b-fbb28a86d18a"
              }
            ],
            "spec": [
              {
                "active_deadline_seconds": 0,
                "affinity": [],
                "automount_service_account_token": true,
                "container": [
                  {
                    "args": [],
                    "command": [],
                    "env": [],
                    "env_from": [],
                    "image": "772290144575.dkr.ecr.eu-west-2.amazonaws.com/example-webapp:0.0.1",
                    "image_pull_policy": "IfNotPresent",
                    "lifecycle": [],
                    "liveness_probe": [
                      {
                        "exec": [],
                        "failure_threshold": 3,
                        "http_get": [
                          {
                            "host": "",
                            "http_header": [
                              {
                                "name": "X-Kubernetes-Liveness-Probe",
                                "value": "OK"
                              }
                            ],
                            "path": "/info",
                            "port": "3000",
                            "scheme": "HTTP"
                          }
                        ],
                        "initial_delay_seconds": 5,
                        "period_seconds": 5,
                        "success_threshold": 1,
                        "tcp_socket": [],
                        "timeout_seconds": 1
                      }
                    ],
                    "name": "webapp",
                    "port": [
                      {
                        "container_port": 3000,
                        "host_ip": "",
                        "host_port": 0,
                        "name": "",
                        "protocol": "TCP"
                      }
                    ],
                    "readiness_probe": [],
                    "resources": [
                      {
                        "limits": {
                          "cpu": "200m",
                          "memory": "128Mi"
                        },
                        "requests": {
                          "cpu": "200m",
                          "memory": "128Mi"
                        }
                      }
                    ],
                    "security_context": [
                      {
                        "allow_privilege_escalation": false,
                        "capabilities": [],
                        "privileged": false,
                        "read_only_root_filesystem": true,
                        "run_as_group": "",
                        "run_as_non_root": false,
                        "run_as_user": "",
                        "se_linux_options": []
                      }
                    ],
                    "startup_probe": [],
                    "stdin": false,
                    "stdin_once": false,
                    "termination_message_path": "/dev/termination-log",
                    "termination_message_policy": "File",
                    "tty": false,
                    "volume_mount": [],
                    "working_dir": ""
                  },
                  {
                    "args": [],
                    "command": [],
                    "env": [],
                    "env_from": [],
                    "image": "redis:6.2.1",
                    "image_pull_policy": "IfNotPresent",
                    "lifecycle": [],
                    "liveness_probe": [
                      {
                        "exec": [
                          {
                            "command": [
                              "redis-cli",
                              "ping"
                            ]
                          }
                        ],
                        "failure_threshold": 3,
                        "http_get": [],
                        "initial_delay_seconds": 5,
                        "period_seconds": 5,
                        "success_threshold": 1,
                        "tcp_socket": [],
                        "timeout_seconds": 1
                      }
                    ],
                    "name": "redis",
                    "port": [
                      {
                        "container_port": 6379,
                        "host_ip": "",
                        "host_port": 0,
                        "name": "",
                        "protocol": "TCP"
                      }
                    ],
                    "readiness_probe": [],
                    "resources": [
                      {
                        "limits": {
                          "cpu": "200m",
                          "memory": "256Mi"
                        },
                        "requests": {
                          "cpu": "200m",
                          "memory": "256Mi"
                        }
                      }
                    ],
                    "security_context": [
                      {
                        "allow_privilege_escalation": false,
                        "capabilities": [],
                        "privileged": false,
                        "read_only_root_filesystem": false,
                        "run_as_group": "",
                        "run_as_non_root": false,
                        "run_as_user": "",
                        "se_linux_options": []
                      }
                    ],
                    "startup_probe": [],
                    "stdin": false,
                    "stdin_once": false,
                    "termination_message_path": "/dev/termination-log",
                    "termination_message_policy": "File",
                    "tty": false,
                    "volume_mount": [],
                    "working_dir": ""
                  }
                ],
                "dns_config": [],
                "dns_policy": "ClusterFirst",
                "enable_service_links": true,
                "host_aliases": [],
                "host_ipc": false,
                "host_network": false,
                "host_pid": false,
                "hostname": "",
                "image_pull_secrets": [],
                "init_container": [],
                "node_name": "ip-10-0-2-159.eu-west-2.compute.internal",
                "node_selector": {},
                "priority_class_name": "",
                "readiness_gate": [],
                "restart_policy": "Always",
                "security_context": [],
                "service_account_name": "default",
                "share_process_namespace": false,
                "subdomain": "",
                "termination_grace_period_seconds": 30,
                "toleration": [],
                "topology_spread_constraint": [],
                "volume": []
              }
            ],
            "timeouts": null
          },
          "sensitive_attributes": [],
          "private": "eyJlMmJmYjczMC1lY2FhLTExZTYtOGY4OC0zNDM2M2JjN2M0YzAiOnsiY3JlYXRlIjozMDAwMDAwMDAwMDAsImRlbGV0ZSI6MzAwMDAwMDAwMDAwfSwic2NoZW1hX3ZlcnNpb24iOiIxIn0=",
          "dependencies": [
            "data.aws_eks_cluster.cluster",
            "kubernetes_namespace.example-webapp",
            "module.build-example-webapp.aws_ecr_repository.repo",
            "module.eks-cluster.data.aws_availability_zones.available",
            "module.eks-cluster.module.eks.aws_cloudwatch_log_group.this",
            "module.eks-cluster.module.eks.aws_eks_cluster.this",
            "module.eks-cluster.module.eks.aws_iam_role.cluster",
            "module.eks-cluster.module.eks.aws_iam_role_policy_attachment.cluster_AmazonEKSClusterPolicy",
            "module.eks-cluster.module.eks.aws_iam_role_policy_attachment.cluster_AmazonEKSServicePolicy",
            "module.eks-cluster.module.eks.aws_iam_role_policy_attachment.cluster_AmazonEKSVPCResourceControllerPolicy",
            "module.eks-cluster.module.eks.aws_security_group.cluster",
            "module.eks-cluster.module.eks.aws_security_group.workers",
            "module.eks-cluster.module.eks.aws_security_group_rule.cluster_egress_internet",
            "module.eks-cluster.module.eks.aws_security_group_rule.cluster_https_worker_ingress",
            "module.eks-cluster.module.eks.aws_security_group_rule.cluster_private_access",
            "module.eks-cluster.module.eks.data.aws_iam_policy_document.cluster_assume_role_policy",
            "module.eks-cluster.module.eks.data.aws_iam_role.custom_cluster_iam_role",
            "module.eks-cluster.module.eks.data.aws_partition.current",
            "module.eks-cluster.module.eks.null_resource.wait_for_cluster",
            "module.eks-cluster.module.vpc.aws_eip.nat",
            "module.eks-cluster.module.vpc.aws_subnet.private",
            "module.eks-cluster.module.vpc.aws_vpc.this",
            "module.eks-cluster.module.vpc.aws_vpc_ipv4_cidr_block_association.this",
            "module.eks-cluster.random_string.suffix"
          ]
        }
      ]
    },
    {
      "mode": "managed",
      "type": "kubernetes_service",
      "name": "example-webapp",
      "provider": "provider[\"registry.terraform.io/hashicorp/kubernetes\"]",
      "instances": [
        {
          "schema_version": 1,
          "attributes": {
            "id": "example-webapp-namespace/example-webapp-svc",
            "metadata": [
              {
                "annotations": {},
                "generate_name": "",
                "generation": 0,
                "labels": {},
                "name": "example-webapp-svc",
                "namespace": "example-webapp-namespace",
                "resource_version": "7024",
                "self_link": "",
                "uid": "6dfc0698-9bf0-488a-a7da-03f7f9bca118"
              }
            ],
            "spec": [
              {
                "cluster_ip": "172.20.179.92",
                "external_ips": [],
                "external_name": "",
                "external_traffic_policy": "Cluster",
                "health_check_node_port": 0,
                "load_balancer_ip": "",
                "load_balancer_source_ranges": [
                  "88.98.247.243/32"
                ],
                "port": [
                  {
                    "name": "",
                    "node_port": 30843,
                    "port": 80,
                    "protocol": "TCP",
                    "target_port": "3000"
                  }
                ],
                "publish_not_ready_addresses": false,
                "selector": {
                  "app": "example-webapp"
                },
                "session_affinity": "None",
                "type": "LoadBalancer"
              }
            ],
            "status": [
              {
                "load_balancer": [
                  {
                    "ingress": [
                      {
                        "hostname": "a6dfc06989bf0488aa7da03f7f9bca11-1506933451.eu-west-2.elb.amazonaws.com",
                        "ip": ""
                      }
                    ]
                  }
                ]
              }
            ],
            "timeouts": null,
            "wait_for_load_balancer": true
          },
          "sensitive_attributes": [],
          "private": "eyJlMmJmYjczMC1lY2FhLTExZTYtOGY4OC0zNDM2M2JjN2M0YzAiOnsiY3JlYXRlIjo2MDAwMDAwMDAwMDB9LCJzY2hlbWFfdmVyc2lvbiI6IjEifQ==",
          "dependencies": [
            "data.aws_eks_cluster.cluster",
            "kubernetes_namespace.example-webapp",
            "kubernetes_pod.example-webapp",
            "module.build-example-webapp.aws_ecr_repository.repo",
            "module.eks-cluster.data.aws_availability_zones.available",
            "module.eks-cluster.module.eks.aws_cloudwatch_log_group.this",
            "module.eks-cluster.module.eks.aws_eks_cluster.this",
            "module.eks-cluster.module.eks.aws_iam_role.cluster",
            "module.eks-cluster.module.eks.aws_iam_role_policy_attachment.cluster_AmazonEKSClusterPolicy",
            "module.eks-cluster.module.eks.aws_iam_role_policy_attachment.cluster_AmazonEKSServicePolicy",
            "module.eks-cluster.module.eks.aws_iam_role_policy_attachment.cluster_AmazonEKSVPCResourceControllerPolicy",
            "module.eks-cluster.module.eks.aws_security_group.cluster",
            "module.eks-cluster.module.eks.aws_security_group.workers",
            "module.eks-cluster.module.eks.aws_security_group_rule.cluster_egress_internet",
            "module.eks-cluster.module.eks.aws_security_group_rule.cluster_https_worker_ingress",
            "module.eks-cluster.module.eks.aws_security_group_rule.cluster_private_access",
            "module.eks-cluster.module.eks.data.aws_iam_policy_document.cluster_assume_role_policy",
            "module.eks-cluster.module.eks.data.aws_iam_role.custom_cluster_iam_role",
            "module.eks-cluster.module.eks.data.aws_partition.current",
            "module.eks-cluster.module.eks.null_resource.wait_for_cluster",
            "module.eks-cluster.module.vpc.aws_eip.nat",
            "module.eks-cluster.module.vpc.aws_subnet.private",
            "module.eks-cluster.module.vpc.aws_vpc.this",
            "module.eks-cluster.module.vpc.aws_vpc_ipv4_cidr_block_association.this",
            "module.eks-cluster.random_string.suffix"
          ]
        }
      ]
    },
    {
      "module": "module.build-example-webapp",
      "mode": "data",
      "type": "aws_caller_identity",
      "name": "current",
      "provider": "provider[\"registry.terraform.io/hashicorp/aws\"]",
      "instances": [
        {
          "schema_version": 0,
          "attributes": {
            "account_id": "772290144575",
            "arn": "arn:aws:sts::772290144575:assumed-role/Admin/1616952802988008000",
            "id": "772290144575",
            "user_id": "AROA3HUAUNE77SWCCCT7H:1616952802988008000"
          },
          "sensitive_attributes": []
        }
      ]
    },
    {
      "module": "module.build-example-webapp",
      "mode": "managed",
      "type": "aws_ecr_repository",
      "name": "repo",
      "provider": "provider[\"registry.terraform.io/hashicorp/aws\"]",
      "instances": [
        {
          "schema_version": 0,
          "attributes": {
            "arn": "arn:aws:ecr:eu-west-2:772290144575:repository/example-webapp",
            "encryption_configuration": [
              {
                "encryption_type": "AES256",
                "kms_key": ""
              }
            ],
            "id": "example-webapp",
            "image_scanning_configuration": [
              {
                "scan_on_push": true
              }
            ],
            "image_tag_mutability": "IMMUTABLE",
            "name": "example-webapp",
            "registry_id": "772290144575",
            "repository_url": "772290144575.dkr.ecr.eu-west-2.amazonaws.com/example-webapp",
            "tags": {},
            "timeouts": null
          },
          "sensitive_attributes": [],
          "private": "eyJlMmJmYjczMC1lY2FhLTExZTYtOGY4OC0zNDM2M2JjN2M0YzAiOnsiZGVsZXRlIjoxMjAwMDAwMDAwMDAwfX0="
        }
      ]
    },
    {
      "module": "module.build-example-webapp",
      "mode": "managed",
      "type": "null_resource",
      "name": "push_image",
      "provider": "provider[\"registry.terraform.io/hashicorp/null\"]",
      "instances": [
        {
          "schema_version": 0,
          "attributes": {
            "id": "7946200206284890488",
            "triggers": {
              "tag": "0.0.1"
            }
          },
          "sensitive_attributes": [],
          "private": "bnVsbA==",
          "dependencies": [
            "module.build-example-webapp.aws_ecr_repository.repo",
            "module.build-example-webapp.data.aws_caller_identity.current"
          ]
        }
      ]
    },
    {
      "module": "module.eks-cluster",
      "mode": "data",
      "type": "aws_availability_zones",
      "name": "available",
      "provider": "provider[\"registry.terraform.io/hashicorp/aws\"]",
      "instances": [
        {
          "schema_version": 0,
          "attributes": {
            "all_availability_zones": null,
            "exclude_names": null,
            "exclude_zone_ids": null,
            "filter": null,
            "group_names": [
              "eu-west-2"
            ],
            "id": "eu-west-2",
            "names": [
              "eu-west-2a",
              "eu-west-2b",
              "eu-west-2c"
            ],
            "state": null,
            "zone_ids": [
              "euw2-az2",
              "euw2-az3",
              "euw2-az1"
            ]
          },
          "sensitive_attributes": []
        }
      ]
    },
    {
      "module": "module.eks-cluster",
      "mode": "managed",
      "type": "aws_iam_role_policy_attachment",
      "name": "eks_worker_cloudwatch",
      "provider": "provider[\"registry.terraform.io/hashicorp/aws\"]",
      "instances": [
        {
          "schema_version": 0,
          "attributes": {
            "id": "example-webapp-eks-1VfrQgpg2021032815153257580000000a-20210328173142834400000001",
            "policy_arn": "arn:aws:iam::aws:policy/CloudWatchAgentServerPolicy",
            "role": "example-webapp-eks-1VfrQgpg2021032815153257580000000a"
          },
          "sensitive_attributes": [],
          "private": "bnVsbA==",
          "dependencies": [
            "module.eks-cluster.aws_security_group.eks_worker",
            "module.eks-cluster.data.aws_availability_zones.available",
            "module.eks-cluster.module.eks.aws_cloudwatch_log_group.this",
            "module.eks-cluster.module.eks.aws_eks_cluster.this",
            "module.eks-cluster.module.eks.aws_iam_role.cluster",
            "module.eks-cluster.module.eks.aws_iam_role.workers",
            "module.eks-cluster.module.eks.aws_iam_role_policy_attachment.cluster_AmazonEKSClusterPolicy",
            "module.eks-cluster.module.eks.aws_iam_role_policy_attachment.cluster_AmazonEKSServicePolicy",
            "module.eks-cluster.module.eks.aws_iam_role_policy_attachment.cluster_AmazonEKSVPCResourceControllerPolicy",
            "module.eks-cluster.module.eks.aws_security_group.cluster",
            "module.eks-cluster.module.eks.aws_security_group.workers",
            "module.eks-cluster.module.eks.aws_security_group_rule.cluster_egress_internet",
            "module.eks-cluster.module.eks.aws_security_group_rule.cluster_https_worker_ingress",
            "module.eks-cluster.module.eks.data.aws_ami.eks_worker",
            "module.eks-cluster.module.eks.data.aws_iam_instance_profile.custom_worker_group_iam_instance_profile",
            "module.eks-cluster.module.eks.data.aws_iam_instance_profile.custom_worker_group_launch_template_iam_instance_profile",
            "module.eks-cluster.module.eks.data.aws_iam_policy_document.cluster_assume_role_policy",
            "module.eks-cluster.module.eks.data.aws_iam_policy_document.workers_assume_role_policy",
            "module.eks-cluster.module.eks.data.aws_iam_role.custom_cluster_iam_role",
            "module.eks-cluster.module.eks.data.aws_partition.current",
            "module.eks-cluster.module.vpc.aws_eip.nat",
            "module.eks-cluster.module.vpc.aws_subnet.private",
            "module.eks-cluster.module.vpc.aws_vpc.this",
            "module.eks-cluster.module.vpc.aws_vpc_ipv4_cidr_block_association.this",
            "module.eks-cluster.random_string.suffix"
          ]
        }
      ]
    },
    {
      "module": "module.eks-cluster",
      "mode": "managed",
      "type": "aws_security_group",
      "name": "eks_worker",
      "provider": "provider[\"registry.terraform.io/hashicorp/aws\"]",
      "instances": [
        {
          "schema_version": 1,
          "attributes": {
            "arn": "arn:aws:ec2:eu-west-2:772290144575:security-group/sg-036aa62d7e2d9e148",
            "description": "Security Group for EKS Worker Nodes",
            "egress": [],
            "id": "sg-036aa62d7e2d9e148",
            "ingress": [
              {
                "cidr_blocks": [
                  "10.0.0.0/8",
                  "172.16.0.0/12",
                  "192.168.0.0/16"
                ],
                "description": "",
                "from_port": 22,
                "ipv6_cidr_blocks": [],
                "prefix_list_ids": [],
                "protocol": "tcp",
                "security_groups": [],
                "self": false,
                "to_port": 22
              }
            ],
            "name": "all_worker_management20210328150515577300000007",
            "name_prefix": "all_worker_management",
            "owner_id": "772290144575",
            "revoke_rules_on_delete": false,
            "tags": {},
            "timeouts": null,
            "vpc_id": "vpc-01bf6363532b4ba75"
          },
          "sensitive_attributes": [],
          "private": "eyJlMmJmYjczMC1lY2FhLTExZTYtOGY4OC0zNDM2M2JjN2M0YzAiOnsiY3JlYXRlIjo2MDAwMDAwMDAwMDAsImRlbGV0ZSI6NjAwMDAwMDAwMDAwfSwic2NoZW1hX3ZlcnNpb24iOiIxIn0=",
          "dependencies": [
            "module.eks-cluster.module.vpc.aws_vpc.this",
            "module.eks-cluster.random_string.suffix"
          ],
          "create_before_destroy": true
        }
      ]
    },
    {
      "module": "module.eks-cluster",
      "mode": "managed",
      "type": "kubernetes_cluster_role",
      "name": "cloudwatch_agent_role",
      "provider": "provider[\"registry.terraform.io/hashicorp/kubernetes\"]",
      "instances": [
        {
          "schema_version": 0,
          "attributes": {
            "aggregation_rule": [],
            "id": "cloudwatch-agent-role",
            "metadata": [
              {
                "annotations": {},
                "generation": 0,
                "labels": {},
                "name": "cloudwatch-agent-role",
                "resource_version": "20134",
                "self_link": "",
                "uid": "ba55dfa5-8c42-4b88-b4c4-076269fc29ad"
              }
            ],
            "rule": [
              {
                "api_groups": [
                  ""
                ],
                "non_resource_urls": [],
                "resource_names": [],
                "resources": [
                  "pods",
                  "nodes",
                  "endpoints"
                ],
                "verbs": [
                  "list",
                  "watch"
                ]
              },
              {
                "api_groups": [
                  "apps"
                ],
                "non_resource_urls": [],
                "resource_names": [],
                "resources": [
                  "replicasets"
                ],
                "verbs": [
                  "list",
                  "watch"
                ]
              },
              {
                "api_groups": [
                  "batch"
                ],
                "non_resource_urls": [],
                "resource_names": [],
                "resources": [
                  "jobs"
                ],
                "verbs": [
                  "list",
                  "watch"
                ]
              },
              {
                "api_groups": [
                  ""
                ],
                "non_resource_urls": [],
                "resource_names": [],
                "resources": [
                  "nodes/proxy"
                ],
                "verbs": [
                  "get"
                ]
              },
              {
                "api_groups": [
                  ""
                ],
                "non_resource_urls": [],
                "resource_names": [],
                "resources": [
                  "nodes/stats",
                  "configmaps",
                  "events"
                ],
                "verbs": [
                  "create"
                ]
              },
              {
                "api_groups": [
                  ""
                ],
                "non_resource_urls": [],
                "resource_names": [
                  "cwagent-clusterleader"
                ],
                "resources": [
                  "configmaps"
                ],
                "verbs": [
                  "get",
                  "update"
                ]
              }
            ]
          },
          "sensitive_attributes": [],
          "private": "bnVsbA==",
          "dependencies": [
            "data.aws_eks_cluster.cluster",
            "module.eks-cluster.data.aws_availability_zones.available",
            "module.eks-cluster.module.eks.aws_cloudwatch_log_group.this",
            "module.eks-cluster.module.eks.aws_eks_cluster.this",
            "module.eks-cluster.module.eks.aws_iam_role.cluster",
            "module.eks-cluster.module.eks.aws_iam_role_policy_attachment.cluster_AmazonEKSClusterPolicy",
            "module.eks-cluster.module.eks.aws_iam_role_policy_attachment.cluster_AmazonEKSServicePolicy",
            "module.eks-cluster.module.eks.aws_iam_role_policy_attachment.cluster_AmazonEKSVPCResourceControllerPolicy",
            "module.eks-cluster.module.eks.aws_security_group.cluster",
            "module.eks-cluster.module.eks.aws_security_group.workers",
            "module.eks-cluster.module.eks.aws_security_group_rule.cluster_egress_internet",
            "module.eks-cluster.module.eks.aws_security_group_rule.cluster_https_worker_ingress",
            "module.eks-cluster.module.eks.aws_security_group_rule.cluster_private_access",
            "module.eks-cluster.module.eks.data.aws_iam_policy_document.cluster_assume_role_policy",
            "module.eks-cluster.module.eks.data.aws_iam_role.custom_cluster_iam_role",
            "module.eks-cluster.module.eks.data.aws_partition.current",
            "module.eks-cluster.module.eks.null_resource.wait_for_cluster",
            "module.eks-cluster.module.vpc.aws_eip.nat",
            "module.eks-cluster.module.vpc.aws_subnet.private",
            "module.eks-cluster.module.vpc.aws_vpc.this",
            "module.eks-cluster.module.vpc.aws_vpc_ipv4_cidr_block_association.this",
            "module.eks-cluster.random_string.suffix"
          ]
        }
      ]
    },
    {
      "module": "module.eks-cluster",
      "mode": "managed",
      "type": "kubernetes_cluster_role",
      "name": "fluent_bit_role",
      "provider": "provider[\"registry.terraform.io/hashicorp/kubernetes\"]",
      "instances": [
        {
          "schema_version": 0,
          "attributes": {
            "aggregation_rule": [],
            "id": "fluent-bit-role",
            "metadata": [
              {
                "annotations": {},
                "generation": 0,
                "labels": {},
                "name": "fluent-bit-role",
                "resource_version": "17671",
                "self_link": "",
                "uid": "99e1fb34-ae3e-48f2-ab46-4047b729a1f2"
              }
            ],
            "rule": [
              {
                "api_groups": [],
                "non_resource_urls": [
                  "/metrics"
                ],
                "resource_names": [],
                "resources": [],
                "verbs": [
                  "get"
                ]
              },
              {
                "api_groups": [
                  ""
                ],
                "non_resource_urls": [],
                "resource_names": [],
                "resources": [
                  "namespaces",
                  "pods",
                  "pods/logs"
                ],
                "verbs": [
                  "get",
                  "list",
                  "watch"
                ]
              }
            ]
          },
          "sensitive_attributes": [],
          "private": "bnVsbA==",
          "dependencies": [
            "data.aws_eks_cluster.cluster",
            "module.eks-cluster.data.aws_availability_zones.available",
            "module.eks-cluster.module.eks.aws_cloudwatch_log_group.this",
            "module.eks-cluster.module.eks.aws_eks_cluster.this",
            "module.eks-cluster.module.eks.aws_iam_role.cluster",
            "module.eks-cluster.module.eks.aws_iam_role_policy_attachment.cluster_AmazonEKSClusterPolicy",
            "module.eks-cluster.module.eks.aws_iam_role_policy_attachment.cluster_AmazonEKSServicePolicy",
            "module.eks-cluster.module.eks.aws_iam_role_policy_attachment.cluster_AmazonEKSVPCResourceControllerPolicy",
            "module.eks-cluster.module.eks.aws_security_group.cluster",
            "module.eks-cluster.module.eks.aws_security_group.workers",
            "module.eks-cluster.module.eks.aws_security_group_rule.cluster_egress_internet",
            "module.eks-cluster.module.eks.aws_security_group_rule.cluster_https_worker_ingress",
            "module.eks-cluster.module.eks.aws_security_group_rule.cluster_private_access",
            "module.eks-cluster.module.eks.data.aws_iam_policy_document.cluster_assume_role_policy",
            "module.eks-cluster.module.eks.data.aws_iam_role.custom_cluster_iam_role",
            "module.eks-cluster.module.eks.data.aws_partition.current",
            "module.eks-cluster.module.eks.null_resource.wait_for_cluster",
            "module.eks-cluster.module.vpc.aws_eip.nat",
            "module.eks-cluster.module.vpc.aws_subnet.private",
            "module.eks-cluster.module.vpc.aws_vpc.this",
            "module.eks-cluster.module.vpc.aws_vpc_ipv4_cidr_block_association.this",
            "module.eks-cluster.random_string.suffix"
          ]
        }
      ]
    },
    {
      "module": "module.eks-cluster",
      "mode": "managed",
      "type": "kubernetes_cluster_role_binding",
      "name": "cloudwatch_agent_role_binding",
      "provider": "provider[\"registry.terraform.io/hashicorp/kubernetes\"]",
      "instances": [
        {
          "schema_version": 0,
          "attributes": {
            "id": "cloudwatch-agent-role-binding",
            "metadata": [
              {
                "annotations": {},
                "generation": 0,
                "labels": {},
                "name": "cloudwatch-agent-role-binding",
                "resource_version": "20133",
                "self_link": "",
                "uid": "c9e01f09-fc8c-48a5-9e03-d61e0d89ecce"
              }
            ],
            "role_ref": [
              {
                "api_group": "rbac.authorization.k8s.io",
                "kind": "ClusterRole",
                "name": "cloudwatch-agent-role"
              }
            ],
            "subject": [
              {
                "api_group": "",
                "kind": "ServiceAccount",
                "name": "cloudwatch-agent",
                "namespace": "amazon-cloudwatch"
              }
            ]
          },
          "sensitive_attributes": [],
          "private": "bnVsbA==",
          "dependencies": [
            "data.aws_eks_cluster.cluster",
            "module.eks-cluster.data.aws_availability_zones.available",
            "module.eks-cluster.module.eks.aws_cloudwatch_log_group.this",
            "module.eks-cluster.module.eks.aws_eks_cluster.this",
            "module.eks-cluster.module.eks.aws_iam_role.cluster",
            "module.eks-cluster.module.eks.aws_iam_role_policy_attachment.cluster_AmazonEKSClusterPolicy",
            "module.eks-cluster.module.eks.aws_iam_role_policy_attachment.cluster_AmazonEKSServicePolicy",
            "module.eks-cluster.module.eks.aws_iam_role_policy_attachment.cluster_AmazonEKSVPCResourceControllerPolicy",
            "module.eks-cluster.module.eks.aws_security_group.cluster",
            "module.eks-cluster.module.eks.aws_security_group.workers",
            "module.eks-cluster.module.eks.aws_security_group_rule.cluster_egress_internet",
            "module.eks-cluster.module.eks.aws_security_group_rule.cluster_https_worker_ingress",
            "module.eks-cluster.module.eks.aws_security_group_rule.cluster_private_access",
            "module.eks-cluster.module.eks.data.aws_iam_policy_document.cluster_assume_role_policy",
            "module.eks-cluster.module.eks.data.aws_iam_role.custom_cluster_iam_role",
            "module.eks-cluster.module.eks.data.aws_partition.current",
            "module.eks-cluster.module.eks.null_resource.wait_for_cluster",
            "module.eks-cluster.module.vpc.aws_eip.nat",
            "module.eks-cluster.module.vpc.aws_subnet.private",
            "module.eks-cluster.module.vpc.aws_vpc.this",
            "module.eks-cluster.module.vpc.aws_vpc_ipv4_cidr_block_association.this",
            "module.eks-cluster.random_string.suffix"
          ]
        }
      ]
    },
    {
      "module": "module.eks-cluster",
      "mode": "managed",
      "type": "kubernetes_cluster_role_binding",
      "name": "fluent_bit_role_binding",
      "provider": "provider[\"registry.terraform.io/hashicorp/kubernetes\"]",
      "instances": [
        {
          "schema_version": 0,
          "attributes": {
            "id": "fluent-bit-role-binding",
            "metadata": [
              {
                "annotations": {},
                "generation": 0,
                "labels": {},
                "name": "fluent-bit-role-binding",
                "resource_version": "17670",
                "self_link": "",
                "uid": "2450ccc8-e5d1-4ead-9d76-685cb62dc418"
              }
            ],
            "role_ref": [
              {
                "api_group": "rbac.authorization.k8s.io",
                "kind": "ClusterRole",
                "name": "fluent-bit-role"
              }
            ],
            "subject": [
              {
                "api_group": "",
                "kind": "ServiceAccount",
                "name": "fluent-bit",
                "namespace": "amazon-cloudwatch"
              }
            ]
          },
          "sensitive_attributes": [],
          "private": "bnVsbA==",
          "dependencies": [
            "data.aws_eks_cluster.cluster",
            "module.eks-cluster.data.aws_availability_zones.available",
            "module.eks-cluster.module.eks.aws_cloudwatch_log_group.this",
            "module.eks-cluster.module.eks.aws_eks_cluster.this",
            "module.eks-cluster.module.eks.aws_iam_role.cluster",
            "module.eks-cluster.module.eks.aws_iam_role_policy_attachment.cluster_AmazonEKSClusterPolicy",
            "module.eks-cluster.module.eks.aws_iam_role_policy_attachment.cluster_AmazonEKSServicePolicy",
            "module.eks-cluster.module.eks.aws_iam_role_policy_attachment.cluster_AmazonEKSVPCResourceControllerPolicy",
            "module.eks-cluster.module.eks.aws_security_group.cluster",
            "module.eks-cluster.module.eks.aws_security_group.workers",
            "module.eks-cluster.module.eks.aws_security_group_rule.cluster_egress_internet",
            "module.eks-cluster.module.eks.aws_security_group_rule.cluster_https_worker_ingress",
            "module.eks-cluster.module.eks.aws_security_group_rule.cluster_private_access",
            "module.eks-cluster.module.eks.data.aws_iam_policy_document.cluster_assume_role_policy",
            "module.eks-cluster.module.eks.data.aws_iam_role.custom_cluster_iam_role",
            "module.eks-cluster.module.eks.data.aws_partition.current",
            "module.eks-cluster.module.eks.null_resource.wait_for_cluster",
            "module.eks-cluster.module.vpc.aws_eip.nat",
            "module.eks-cluster.module.vpc.aws_subnet.private",
            "module.eks-cluster.module.vpc.aws_vpc.this",
            "module.eks-cluster.module.vpc.aws_vpc_ipv4_cidr_block_association.this",
            "module.eks-cluster.random_string.suffix"
          ]
        }
      ]
    },
    {
      "module": "module.eks-cluster",
      "mode": "managed",
      "type": "kubernetes_config_map",
      "name": "cloudwatch",
      "provider": "provider[\"registry.terraform.io/hashicorp/kubernetes\"]",
      "instances": [
        {
          "schema_version": 0,
          "attributes": {
            "binary_data": {},
            "data": {
              "cwagentconfig.json": "{\n      \"agent\" : {\n        \"region\": \"eu-west-2\"\n      },\n      \"logs\": {\n        \"metrics_collected\": {\n          \"kubernetes\": {\n            \"metrics_collection_interval\": 60\n          }\n        },\n        \"force_flush_interval\": 5\n      }\n    }\n"
            },
            "id": "amazon-cloudwatch/cwagentconfig",
            "metadata": [
              {
                "annotations": {},
                "generate_name": "",
                "generation": 0,
                "labels": {},
                "name": "cwagentconfig",
                "namespace": "amazon-cloudwatch",
                "resource_version": "21722",
                "self_link": "",
                "uid": "8db13401-808a-4752-9326-d52f30c9de60"
              }
            ]
          },
          "sensitive_attributes": [],
          "private": "bnVsbA==",
          "dependencies": [
            "data.aws_eks_cluster.cluster",
            "module.eks-cluster.data.aws_availability_zones.available",
            "module.eks-cluster.kubernetes_namespace.cloudwatch",
            "module.eks-cluster.module.eks.aws_cloudwatch_log_group.this",
            "module.eks-cluster.module.eks.aws_eks_cluster.this",
            "module.eks-cluster.module.eks.aws_iam_role.cluster",
            "module.eks-cluster.module.eks.aws_iam_role_policy_attachment.cluster_AmazonEKSClusterPolicy",
            "module.eks-cluster.module.eks.aws_iam_role_policy_attachment.cluster_AmazonEKSServicePolicy",
            "module.eks-cluster.module.eks.aws_iam_role_policy_attachment.cluster_AmazonEKSVPCResourceControllerPolicy",
            "module.eks-cluster.module.eks.aws_security_group.cluster",
            "module.eks-cluster.module.eks.aws_security_group.workers",
            "module.eks-cluster.module.eks.aws_security_group_rule.cluster_egress_internet",
            "module.eks-cluster.module.eks.aws_security_group_rule.cluster_https_worker_ingress",
            "module.eks-cluster.module.eks.aws_security_group_rule.cluster_private_access",
            "module.eks-cluster.module.eks.data.aws_iam_policy_document.cluster_assume_role_policy",
            "module.eks-cluster.module.eks.data.aws_iam_role.custom_cluster_iam_role",
            "module.eks-cluster.module.eks.data.aws_partition.current",
            "module.eks-cluster.module.eks.null_resource.wait_for_cluster",
            "module.eks-cluster.module.vpc.aws_eip.nat",
            "module.eks-cluster.module.vpc.aws_subnet.private",
            "module.eks-cluster.module.vpc.aws_vpc.this",
            "module.eks-cluster.module.vpc.aws_vpc_ipv4_cidr_block_association.this",
            "module.eks-cluster.random_string.suffix"
          ]
        }
      ]
    },
    {
      "module": "module.eks-cluster",
      "mode": "managed",
      "type": "kubernetes_config_map",
      "name": "fluent_bit_config",
      "provider": "provider[\"registry.terraform.io/hashicorp/kubernetes\"]",
      "instances": [
        {
          "schema_version": 0,
          "attributes": {
            "binary_data": {},
            "data": {
              "application-log.conf": "[INPUT]\n    Name                tail\n    Tag                 application.*\n    Exclude_Path        /var/log/containers/cloudwatch-agent*, /var/log/containers/fluent-bit*, /var/log/containers/aws-node*, /var/log/containers/kube-proxy*\n    Path                /var/log/containers/*.log\n    Docker_Mode         On\n    Docker_Mode_Flush   5\n    Docker_Mode_Parser  container_firstline\n    Parser              docker\n    DB                  /var/fluent-bit/state/flb_container.db\n    Mem_Buf_Limit       50MB\n    Skip_Long_Lines     On\n    Refresh_Interval    10\n    Rotate_Wait         30\n    storage.type        filesystem\n    Read_from_Head      ${READ_FROM_HEAD}\n\n[INPUT]\n    Name                tail\n    Tag                 application.*\n    Path                /var/log/containers/fluent-bit*\n    Parser              docker\n    DB                  /var/fluent-bit/state/flb_log.db\n    Mem_Buf_Limit       5MB\n    Skip_Long_Lines     On\n    Refresh_Interval    10\n    Read_from_Head      ${READ_FROM_HEAD}\n\n[INPUT]\n    Name                tail\n    Tag                 application.*\n    Path                /var/log/containers/cloudwatch-agent*\n    Docker_Mode         On\n    Docker_Mode_Flush   5\n    Docker_Mode_Parser  cwagent_firstline\n    Parser              docker\n    DB                  /var/fluent-bit/state/flb_cwagent.db\n    Mem_Buf_Limit       5MB\n    Skip_Long_Lines     On\n    Refresh_Interval    10\n    Read_from_Head      ${READ_FROM_HEAD}\n\n[FILTER]\n    Name                kubernetes\n    Match               application.*\n    Kube_URL            https://kubernetes.default.svc:443\n    Kube_Tag_Prefix     application.var.log.containers.\n    Merge_Log           On\n    Merge_Log_Key       log_processed\n    K8S-Logging.Parser  On\n    K8S-Logging.Exclude Off\n    Labels              Off\n    Annotations         Off\n\n[OUTPUT]\n    Name                cloudwatch_logs\n    Match               application.*\n    region              ${AWS_REGION}\n    log_group_name      /aws/containerinsights/${CLUSTER_NAME}/application\n    log_stream_prefix   ${HOST_NAME}-\n    auto_create_group   true\n    extra_user_agent    container-insights\n",
              "dataplane-log.conf": "[INPUT]\n    Name                systemd\n    Tag                 dataplane.systemd.*\n    Systemd_Filter      _SYSTEMD_UNIT=docker.service\n    DB                  /var/fluent-bit/state/systemd.db\n    Path                /var/log/journal\n    Read_From_Tail      ${READ_FROM_TAIL}\n\n[INPUT]\n    Name                tail\n    Tag                 dataplane.tail.*\n    Path                /var/log/containers/aws-node*, /var/log/containers/kube-proxy*\n    Docker_Mode         On\n    Docker_Mode_Flush   5\n    Docker_Mode_Parser  container_firstline\n    Parser              docker\n    DB                  /var/fluent-bit/state/flb_dataplane_tail.db\n    Mem_Buf_Limit       50MB\n    Skip_Long_Lines     On\n    Refresh_Interval    10\n    Rotate_Wait         30\n    storage.type        filesystem\n    Read_from_Head      ${READ_FROM_HEAD}\n\n[FILTER]\n    Name                modify\n    Match               dataplane.systemd.*\n    Rename              _HOSTNAME                   hostname\n    Rename              _SYSTEMD_UNIT               systemd_unit\n    Rename              MESSAGE                     message\n    Remove_regex        ^((?!hostname|systemd_unit|message).)*$\n\n[FILTER]\n    Name                aws\n    Match               dataplane.*\n    imds_version        v1\n\n[OUTPUT]\n    Name                cloudwatch_logs\n    Match               dataplane.*\n    region              ${AWS_REGION}\n    log_group_name      /aws/containerinsights/${CLUSTER_NAME}/dataplane\n    log_stream_prefix   ${HOST_NAME}-\n    auto_create_group   true\n    extra_user_agent    container-insights\n",
              "fluent-bit.conf": "[SERVICE]\n    Flush                     5\n    Log_Level                 info\n    Daemon                    off\n    Parsers_File              parsers.conf\n    HTTP_Server               ${HTTP_SERVER}\n    HTTP_Listen               0.0.0.0\n    HTTP_Port                 ${HTTP_PORT}\n    storage.path              /var/fluent-bit/state/flb-storage/\n    storage.sync              normal\n    storage.checksum          off\n    storage.backlog.mem_limit 5M\n\n@INCLUDE application-log.conf\n@INCLUDE dataplane-log.conf\n@INCLUDE host-log.conf\n",
              "host-log.conf": "[INPUT]\n    Name                tail\n    Tag                 host.dmesg\n    Path                /var/log/dmesg\n    Parser              syslog\n    DB                  /var/fluent-bit/state/flb_dmesg.db\n    Mem_Buf_Limit       5MB\n    Skip_Long_Lines     On\n    Refresh_Interval    10\n    Read_from_Head      ${READ_FROM_HEAD}\n\n[INPUT]\n    Name                tail\n    Tag                 host.messages\n    Path                /var/log/messages\n    Parser              syslog\n    DB                  /var/fluent-bit/state/flb_messages.db\n    Mem_Buf_Limit       5MB\n    Skip_Long_Lines     On\n    Refresh_Interval    10\n    Read_from_Head      ${READ_FROM_HEAD}\n\n[INPUT]\n    Name                tail\n    Tag                 host.secure\n    Path                /var/log/secure\n    Parser              syslog\n    DB                  /var/fluent-bit/state/flb_secure.db\n    Mem_Buf_Limit       5MB\n    Skip_Long_Lines     On\n    Refresh_Interval    10\n    Read_from_Head      ${READ_FROM_HEAD}\n\n[FILTER]\n    Name                aws\n    Match               host.*\n    imds_version        v1\n\n[OUTPUT]\n    Name                cloudwatch_logs\n    Match               host.*\n    region              ${AWS_REGION}\n    log_group_name      /aws/containerinsights/${CLUSTER_NAME}/host\n    log_stream_prefix   ${HOST_NAME}.\n    auto_create_group   true\n    extra_user_agent    container-insights\n",
              "parsers.conf": "[PARSER]\n    Name                docker\n    Format              json\n    Time_Key            time\n    Time_Format         %Y-%m-%dT%H:%M:%S.%LZ\n\n[PARSER]\n    Name                syslog\n    Format              regex\n    Regex               ^(?\u003ctime\u003e[^ ]* {1,2}[^ ]* [^ ]*) (?\u003chost\u003e[^ ]*) (?\u003cident\u003e[a-zA-Z0-9_\\/\\.\\-]*)(?:\\[(?\u003cpid\u003e[0-9]+)\\])?(?:[^\\:]*\\:)? *(?\u003cmessage\u003e.*)$\n    Time_Key            time\n    Time_Format         %b %d %H:%M:%S\n\n[PARSER]\n    Name                container_firstline\n    Format              regex\n    Regex               (?\u003clog\u003e(?\u003c=\"log\":\")\\S(?!\\.).*?)(?\u003c!\\\\)\".*(?\u003cstream\u003e(?\u003c=\"stream\":\").*?)\".*(?\u003ctime\u003e\\d{4}-\\d{1,2}-\\d{1,2}T\\d{2}:\\d{2}:\\d{2}\\.\\w*).*(?=})\n    Time_Key            time\n    Time_Format         %Y-%m-%dT%H:%M:%S.%LZ\n\n[PARSER]\n    Name                cwagent_firstline\n    Format              regex\n    Regex               (?\u003clog\u003e(?\u003c=\"log\":\")\\d{4}[\\/-]\\d{1,2}[\\/-]\\d{1,2}[ T]\\d{2}:\\d{2}:\\d{2}(?!\\.).*?)(?\u003c!\\\\)\".*(?\u003cstream\u003e(?\u003c=\"stream\":\").*?)\".*(?\u003ctime\u003e\\d{4}-\\d{1,2}-\\d{1,2}T\\d{2}:\\d{2}:\\d{2}\\.\\w*).*(?=})\n    Time_Key            time\n    Time_Format         %Y-%m-%dT%H:%M:%S.%LZ\n"
            },
            "id": "amazon-cloudwatch/fluent-bit-config",
            "metadata": [
              {
                "annotations": {},
                "generate_name": "",
                "generation": 0,
                "labels": {
                  "k8s-app": "fluent-bit"
                },
                "name": "fluent-bit-config",
                "namespace": "amazon-cloudwatch",
                "resource_version": "17673",
                "self_link": "",
                "uid": "eb30513e-3c49-4f1d-847e-8693a33b8c41"
              }
            ]
          },
          "sensitive_attributes": [],
          "private": "bnVsbA==",
          "dependencies": [
            "data.aws_eks_cluster.cluster",
            "module.eks-cluster.data.aws_availability_zones.available",
            "module.eks-cluster.module.eks.aws_cloudwatch_log_group.this",
            "module.eks-cluster.module.eks.aws_eks_cluster.this",
            "module.eks-cluster.module.eks.aws_iam_role.cluster",
            "module.eks-cluster.module.eks.aws_iam_role_policy_attachment.cluster_AmazonEKSClusterPolicy",
            "module.eks-cluster.module.eks.aws_iam_role_policy_attachment.cluster_AmazonEKSServicePolicy",
            "module.eks-cluster.module.eks.aws_iam_role_policy_attachment.cluster_AmazonEKSVPCResourceControllerPolicy",
            "module.eks-cluster.module.eks.aws_security_group.cluster",
            "module.eks-cluster.module.eks.aws_security_group.workers",
            "module.eks-cluster.module.eks.aws_security_group_rule.cluster_egress_internet",
            "module.eks-cluster.module.eks.aws_security_group_rule.cluster_https_worker_ingress",
            "module.eks-cluster.module.eks.aws_security_group_rule.cluster_private_access",
            "module.eks-cluster.module.eks.data.aws_iam_policy_document.cluster_assume_role_policy",
            "module.eks-cluster.module.eks.data.aws_iam_role.custom_cluster_iam_role",
            "module.eks-cluster.module.eks.data.aws_partition.current",
            "module.eks-cluster.module.eks.null_resource.wait_for_cluster",
            "module.eks-cluster.module.vpc.aws_eip.nat",
            "module.eks-cluster.module.vpc.aws_subnet.private",
            "module.eks-cluster.module.vpc.aws_vpc.this",
            "module.eks-cluster.module.vpc.aws_vpc_ipv4_cidr_block_association.this",
            "module.eks-cluster.random_string.suffix"
          ]
        }
      ]
    },
    {
      "module": "module.eks-cluster",
      "mode": "managed",
      "type": "kubernetes_config_map",
      "name": "fluent_bit_config_map",
      "provider": "provider[\"registry.terraform.io/hashicorp/kubernetes\"]",
      "instances": [
        {
          "schema_version": 0,
          "attributes": {
            "binary_data": {},
            "data": {
              "cluster.name": "example-webapp-eks-1VfrQgpg",
              "http.port": "2020",
              "http.server": "On",
              "logs.region": "eu-west-2",
              "read.head": "Off",
              "read.tail": "On"
            },
            "id": "amazon-cloudwatch/fluent-bit-cluster-info",
            "metadata": [
              {
                "annotations": {},
                "generate_name": "",
                "generation": 0,
                "labels": {},
                "name": "fluent-bit-cluster-info",
                "namespace": "amazon-cloudwatch",
                "resource_version": "17674",
                "self_link": "",
                "uid": "feed7b5f-07ea-46a7-96a0-a75ecc238d10"
              }
            ]
          },
          "sensitive_attributes": [],
          "private": "bnVsbA==",
          "dependencies": [
            "data.aws_eks_cluster.cluster",
            "module.eks-cluster.data.aws_availability_zones.available",
            "module.eks-cluster.module.eks.aws_cloudwatch_log_group.this",
            "module.eks-cluster.module.eks.aws_eks_cluster.this",
            "module.eks-cluster.module.eks.aws_iam_role.cluster",
            "module.eks-cluster.module.eks.aws_iam_role_policy_attachment.cluster_AmazonEKSClusterPolicy",
            "module.eks-cluster.module.eks.aws_iam_role_policy_attachment.cluster_AmazonEKSServicePolicy",
            "module.eks-cluster.module.eks.aws_iam_role_policy_attachment.cluster_AmazonEKSVPCResourceControllerPolicy",
            "module.eks-cluster.module.eks.aws_security_group.cluster",
            "module.eks-cluster.module.eks.aws_security_group.workers",
            "module.eks-cluster.module.eks.aws_security_group_rule.cluster_egress_internet",
            "module.eks-cluster.module.eks.aws_security_group_rule.cluster_https_worker_ingress",
            "module.eks-cluster.module.eks.aws_security_group_rule.cluster_private_access",
            "module.eks-cluster.module.eks.data.aws_iam_policy_document.cluster_assume_role_policy",
            "module.eks-cluster.module.eks.data.aws_iam_role.custom_cluster_iam_role",
            "module.eks-cluster.module.eks.data.aws_partition.current",
            "module.eks-cluster.module.eks.null_resource.wait_for_cluster",
            "module.eks-cluster.module.vpc.aws_eip.nat",
            "module.eks-cluster.module.vpc.aws_subnet.private",
            "module.eks-cluster.module.vpc.aws_vpc.this",
            "module.eks-cluster.module.vpc.aws_vpc_ipv4_cidr_block_association.this",
            "module.eks-cluster.random_string.suffix"
          ]
        }
      ]
    },
    {
      "module": "module.eks-cluster",
      "mode": "managed",
      "type": "kubernetes_daemonset",
      "name": "cloudwatch_agent",
      "provider": "provider[\"registry.terraform.io/hashicorp/kubernetes\"]",
      "instances": [
        {
          "schema_version": 1,
          "attributes": {
            "id": "amazon-cloudwatch/cloudwatch-agent",
            "metadata": [
              {
                "annotations": {},
                "generate_name": "",
                "generation": 1,
                "labels": {},
                "name": "cloudwatch-agent",
                "namespace": "amazon-cloudwatch",
                "resource_version": "21756",
                "self_link": "",
                "uid": "c426122d-c761-4d96-bb3f-4dd0bd5daf14"
              }
            ],
            "spec": [
              {
                "min_ready_seconds": 0,
                "revision_history_limit": 10,
                "selector": [
                  {
                    "match_expressions": [],
                    "match_labels": {
                      "name": "cloudwatch-agent"
                    }
                  }
                ],
                "strategy": [
                  {
                    "rolling_update": [
                      {
                        "max_unavailable": "1"
                      }
                    ],
                    "type": "RollingUpdate"
                  }
                ],
                "template": [
                  {
                    "metadata": [
                      {
                        "annotations": {},
                        "generate_name": "",
                        "generation": 0,
                        "labels": {
                          "name": "cloudwatch-agent"
                        },
                        "name": "",
                        "resource_version": "",
                        "self_link": "",
                        "uid": ""
                      }
                    ],
                    "spec": [
                      {
                        "active_deadline_seconds": 0,
                        "affinity": [],
                        "automount_service_account_token": true,
                        "container": [
                          {
                            "args": [],
                            "command": [],
                            "env": [
                              {
                                "name": "HOST_IP",
                                "value": "",
                                "value_from": [
                                  {
                                    "config_map_key_ref": [],
                                    "field_ref": [
                                      {
                                        "api_version": "v1",
                                        "field_path": "status.hostIP"
                                      }
                                    ],
                                    "resource_field_ref": [],
                                    "secret_key_ref": []
                                  }
                                ]
                              },
                              {
                                "name": "HOST_NAME",
                                "value": "",
                                "value_from": [
                                  {
                                    "config_map_key_ref": [],
                                    "field_ref": [
                                      {
                                        "api_version": "v1",
                                        "field_path": "spec.nodeName"
                                      }
                                    ],
                                    "resource_field_ref": [],
                                    "secret_key_ref": []
                                  }
                                ]
                              },
                              {
                                "name": "K8S_NAMESPACE",
                                "value": "",
                                "value_from": [
                                  {
                                    "config_map_key_ref": [],
                                    "field_ref": [
                                      {
                                        "api_version": "v1",
                                        "field_path": "metadata.namespace"
                                      }
                                    ],
                                    "resource_field_ref": [],
                                    "secret_key_ref": []
                                  }
                                ]
                              },
                              {
                                "name": "CI_VERSION",
                                "value": "k8s/1.3.5",
                                "value_from": []
                              }
                            ],
                            "env_from": [],
                            "image": "amazon/cloudwatch-agent:1.247347.5b250583",
                            "image_pull_policy": "IfNotPresent",
                            "lifecycle": [],
                            "liveness_probe": [],
                            "name": "cloudwatch-agent",
                            "port": [],
                            "readiness_probe": [],
                            "resources": [
                              {
                                "limits": {
                                  "cpu": "200m",
                                  "memory": "200Mi"
                                },
                                "requests": {
                                  "cpu": "200m",
                                  "memory": "200Mi"
                                }
                              }
                            ],
                            "security_context": [],
                            "startup_probe": [],
                            "stdin": false,
                            "stdin_once": false,
                            "termination_message_path": "/dev/termination-log",
                            "termination_message_policy": "File",
                            "tty": false,
                            "volume_mount": [
                              {
                                "mount_path": "/etc/cwagentconfig",
                                "mount_propagation": "None",
                                "name": "cwagentconfig",
                                "read_only": false,
                                "sub_path": ""
                              },
                              {
                                "mount_path": "/rootfs",
                                "mount_propagation": "None",
                                "name": "rootfs",
                                "read_only": true,
                                "sub_path": ""
                              },
                              {
                                "mount_path": "/var/run/docker.sock",
                                "mount_propagation": "None",
                                "name": "dockersock",
                                "read_only": true,
                                "sub_path": ""
                              },
                              {
                                "mount_path": "/var/lib/docker",
                                "mount_propagation": "None",
                                "name": "varlibdocker",
                                "read_only": true,
                                "sub_path": ""
                              },
                              {
                                "mount_path": "/sys",
                                "mount_propagation": "None",
                                "name": "sys",
                                "read_only": true,
                                "sub_path": ""
                              },
                              {
                                "mount_path": "/dev/disk",
                                "mount_propagation": "None",
                                "name": "devdisk",
                                "read_only": true,
                                "sub_path": ""
                              }
                            ],
                            "working_dir": ""
                          }
                        ],
                        "dns_config": [],
                        "dns_policy": "ClusterFirst",
                        "enable_service_links": true,
                        "host_aliases": [],
                        "host_ipc": false,
                        "host_network": false,
                        "host_pid": false,
                        "hostname": "",
                        "image_pull_secrets": [],
                        "init_container": [],
                        "node_name": "",
                        "node_selector": {},
                        "priority_class_name": "",
                        "readiness_gate": [],
                        "restart_policy": "Always",
                        "security_context": [],
                        "service_account_name": "cloudwatch-agent",
                        "share_process_namespace": false,
                        "subdomain": "",
                        "termination_grace_period_seconds": 60,
                        "toleration": [],
                        "topology_spread_constraint": [],
                        "volume": [
                          {
                            "aws_elastic_block_store": [],
                            "azure_disk": [],
                            "azure_file": [],
                            "ceph_fs": [],
                            "cinder": [],
                            "config_map": [
                              {
                                "default_mode": "0644",
                                "items": [],
                                "name": "cwagentconfig",
                                "optional": false
                              }
                            ],
                            "csi": [],
                            "downward_api": [],
                            "empty_dir": [],
                            "fc": [],
                            "flex_volume": [],
                            "flocker": [],
                            "gce_persistent_disk": [],
                            "git_repo": [],
                            "glusterfs": [],
                            "host_path": [],
                            "iscsi": [],
                            "local": [],
                            "name": "cwagentconfig",
                            "nfs": [],
                            "persistent_volume_claim": [],
                            "photon_persistent_disk": [],
                            "projected": [],
                            "quobyte": [],
                            "rbd": [],
                            "secret": [],
                            "vsphere_volume": []
                          },
                          {
                            "aws_elastic_block_store": [],
                            "azure_disk": [],
                            "azure_file": [],
                            "ceph_fs": [],
                            "cinder": [],
                            "config_map": [],
                            "csi": [],
                            "downward_api": [],
                            "empty_dir": [],
                            "fc": [],
                            "flex_volume": [],
                            "flocker": [],
                            "gce_persistent_disk": [],
                            "git_repo": [],
                            "glusterfs": [],
                            "host_path": [
                              {
                                "path": "/",
                                "type": ""
                              }
                            ],
                            "iscsi": [],
                            "local": [],
                            "name": "rootfs",
                            "nfs": [],
                            "persistent_volume_claim": [],
                            "photon_persistent_disk": [],
                            "projected": [],
                            "quobyte": [],
                            "rbd": [],
                            "secret": [],
                            "vsphere_volume": []
                          },
                          {
                            "aws_elastic_block_store": [],
                            "azure_disk": [],
                            "azure_file": [],
                            "ceph_fs": [],
                            "cinder": [],
                            "config_map": [],
                            "csi": [],
                            "downward_api": [],
                            "empty_dir": [],
                            "fc": [],
                            "flex_volume": [],
                            "flocker": [],
                            "gce_persistent_disk": [],
                            "git_repo": [],
                            "glusterfs": [],
                            "host_path": [
                              {
                                "path": "/var/run/docker.sock",
                                "type": ""
                              }
                            ],
                            "iscsi": [],
                            "local": [],
                            "name": "dockersock",
                            "nfs": [],
                            "persistent_volume_claim": [],
                            "photon_persistent_disk": [],
                            "projected": [],
                            "quobyte": [],
                            "rbd": [],
                            "secret": [],
                            "vsphere_volume": []
                          },
                          {
                            "aws_elastic_block_store": [],
                            "azure_disk": [],
                            "azure_file": [],
                            "ceph_fs": [],
                            "cinder": [],
                            "config_map": [],
                            "csi": [],
                            "downward_api": [],
                            "empty_dir": [],
                            "fc": [],
                            "flex_volume": [],
                            "flocker": [],
                            "gce_persistent_disk": [],
                            "git_repo": [],
                            "glusterfs": [],
                            "host_path": [
                              {
                                "path": "/var/lib/docker",
                                "type": ""
                              }
                            ],
                            "iscsi": [],
                            "local": [],
                            "name": "varlibdocker",
                            "nfs": [],
                            "persistent_volume_claim": [],
                            "photon_persistent_disk": [],
                            "projected": [],
                            "quobyte": [],
                            "rbd": [],
                            "secret": [],
                            "vsphere_volume": []
                          },
                          {
                            "aws_elastic_block_store": [],
                            "azure_disk": [],
                            "azure_file": [],
                            "ceph_fs": [],
                            "cinder": [],
                            "config_map": [],
                            "csi": [],
                            "downward_api": [],
                            "empty_dir": [],
                            "fc": [],
                            "flex_volume": [],
                            "flocker": [],
                            "gce_persistent_disk": [],
                            "git_repo": [],
                            "glusterfs": [],
                            "host_path": [
                              {
                                "path": "/sys",
                                "type": ""
                              }
                            ],
                            "iscsi": [],
                            "local": [],
                            "name": "sys",
                            "nfs": [],
                            "persistent_volume_claim": [],
                            "photon_persistent_disk": [],
                            "projected": [],
                            "quobyte": [],
                            "rbd": [],
                            "secret": [],
                            "vsphere_volume": []
                          },
                          {
                            "aws_elastic_block_store": [],
                            "azure_disk": [],
                            "azure_file": [],
                            "ceph_fs": [],
                            "cinder": [],
                            "config_map": [],
                            "csi": [],
                            "downward_api": [],
                            "empty_dir": [],
                            "fc": [],
                            "flex_volume": [],
                            "flocker": [],
                            "gce_persistent_disk": [],
                            "git_repo": [],
                            "glusterfs": [],
                            "host_path": [
                              {
                                "path": "/dev/disk/",
                                "type": ""
                              }
                            ],
                            "iscsi": [],
                            "local": [],
                            "name": "devdisk",
                            "nfs": [],
                            "persistent_volume_claim": [],
                            "photon_persistent_disk": [],
                            "projected": [],
                            "quobyte": [],
                            "rbd": [],
                            "secret": [],
                            "vsphere_volume": []
                          }
                        ]
                      }
                    ]
                  }
                ]
              }
            ],
            "timeouts": null,
            "wait_for_rollout": true
          },
          "sensitive_attributes": [],
          "private": "eyJlMmJmYjczMC1lY2FhLTExZTYtOGY4OC0zNDM2M2JjN2M0YzAiOnsiY3JlYXRlIjo2MDAwMDAwMDAwMDAsImRlbGV0ZSI6NjAwMDAwMDAwMDAwLCJ1cGRhdGUiOjYwMDAwMDAwMDAwMH0sInNjaGVtYV92ZXJzaW9uIjoiMSJ9",
          "dependencies": [
            "data.aws_eks_cluster.cluster",
            "module.eks-cluster.data.aws_availability_zones.available",
            "module.eks-cluster.kubernetes_config_map.cloudwatch",
            "module.eks-cluster.kubernetes_namespace.cloudwatch",
            "module.eks-cluster.kubernetes_service_account.cloudwatch_agent",
            "module.eks-cluster.module.eks.aws_cloudwatch_log_group.this",
            "module.eks-cluster.module.eks.aws_eks_cluster.this",
            "module.eks-cluster.module.eks.aws_iam_role.cluster",
            "module.eks-cluster.module.eks.aws_iam_role_policy_attachment.cluster_AmazonEKSClusterPolicy",
            "module.eks-cluster.module.eks.aws_iam_role_policy_attachment.cluster_AmazonEKSServicePolicy",
            "module.eks-cluster.module.eks.aws_iam_role_policy_attachment.cluster_AmazonEKSVPCResourceControllerPolicy",
            "module.eks-cluster.module.eks.aws_security_group.cluster",
            "module.eks-cluster.module.eks.aws_security_group.workers",
            "module.eks-cluster.module.eks.aws_security_group_rule.cluster_egress_internet",
            "module.eks-cluster.module.eks.aws_security_group_rule.cluster_https_worker_ingress",
            "module.eks-cluster.module.eks.aws_security_group_rule.cluster_private_access",
            "module.eks-cluster.module.eks.data.aws_iam_policy_document.cluster_assume_role_policy",
            "module.eks-cluster.module.eks.data.aws_iam_role.custom_cluster_iam_role",
            "module.eks-cluster.module.eks.data.aws_partition.current",
            "module.eks-cluster.module.eks.null_resource.wait_for_cluster",
            "module.eks-cluster.module.vpc.aws_eip.nat",
            "module.eks-cluster.module.vpc.aws_subnet.private",
            "module.eks-cluster.module.vpc.aws_vpc.this",
            "module.eks-cluster.module.vpc.aws_vpc_ipv4_cidr_block_association.this",
            "module.eks-cluster.random_string.suffix"
          ]
        }
      ]
    },
    {
      "module": "module.eks-cluster",
      "mode": "managed",
      "type": "kubernetes_daemonset",
      "name": "fluent_bit",
      "provider": "provider[\"registry.terraform.io/hashicorp/kubernetes\"]",
      "instances": [
        {
          "schema_version": 1,
          "attributes": {
            "id": "amazon-cloudwatch/fluent-bit",
            "metadata": [
              {
                "annotations": {},
                "generate_name": "",
                "generation": 1,
                "labels": {
                  "k8s-app": "fluent-bit",
                  "kubernetes.io/cluster-service": "true",
                  "version": "v1"
                },
                "name": "fluent-bit",
                "namespace": "amazon-cloudwatch",
                "resource_version": "17742",
                "self_link": "",
                "uid": "6faf2d55-04fd-4264-8ef3-0f2f06de5035"
              }
            ],
            "spec": [
              {
                "min_ready_seconds": 0,
                "revision_history_limit": 10,
                "selector": [
                  {
                    "match_expressions": [],
                    "match_labels": {
                      "k8s-app": "fluent-bit"
                    }
                  }
                ],
                "strategy": [
                  {
                    "rolling_update": [
                      {
                        "max_unavailable": "1"
                      }
                    ],
                    "type": "RollingUpdate"
                  }
                ],
                "template": [
                  {
                    "metadata": [
                      {
                        "annotations": {},
                        "generate_name": "",
                        "generation": 0,
                        "labels": {
                          "k8s-app": "fluent-bit",
                          "kubernetes.io/cluster-service": "true",
                          "version": "v1"
                        },
                        "name": "",
                        "resource_version": "",
                        "self_link": "",
                        "uid": ""
                      }
                    ],
                    "spec": [
                      {
                        "active_deadline_seconds": 0,
                        "affinity": [],
                        "automount_service_account_token": true,
                        "container": [
                          {
                            "args": [],
                            "command": [],
                            "env": [
                              {
                                "name": "AWS_REGION",
                                "value": "",
                                "value_from": [
                                  {
                                    "config_map_key_ref": [
                                      {
                                        "key": "logs.region",
                                        "name": "fluent-bit-cluster-info",
                                        "optional": false
                                      }
                                    ],
                                    "field_ref": [],
                                    "resource_field_ref": [],
                                    "secret_key_ref": []
                                  }
                                ]
                              },
                              {
                                "name": "CLUSTER_NAME",
                                "value": "",
                                "value_from": [
                                  {
                                    "config_map_key_ref": [
                                      {
                                        "key": "cluster.name",
                                        "name": "fluent-bit-cluster-info",
                                        "optional": false
                                      }
                                    ],
                                    "field_ref": [],
                                    "resource_field_ref": [],
                                    "secret_key_ref": []
                                  }
                                ]
                              },
                              {
                                "name": "HTTP_SERVER",
                                "value": "",
                                "value_from": [
                                  {
                                    "config_map_key_ref": [
                                      {
                                        "key": "http.server",
                                        "name": "fluent-bit-cluster-info",
                                        "optional": false
                                      }
                                    ],
                                    "field_ref": [],
                                    "resource_field_ref": [],
                                    "secret_key_ref": []
                                  }
                                ]
                              },
                              {
                                "name": "HTTP_PORT",
                                "value": "",
                                "value_from": [
                                  {
                                    "config_map_key_ref": [
                                      {
                                        "key": "http.port",
                                        "name": "fluent-bit-cluster-info",
                                        "optional": false
                                      }
                                    ],
                                    "field_ref": [],
                                    "resource_field_ref": [],
                                    "secret_key_ref": []
                                  }
                                ]
                              },
                              {
                                "name": "READ_FROM_HEAD",
                                "value": "",
                                "value_from": [
                                  {
                                    "config_map_key_ref": [
                                      {
                                        "key": "read.head",
                                        "name": "fluent-bit-cluster-info",
                                        "optional": false
                                      }
                                    ],
                                    "field_ref": [],
                                    "resource_field_ref": [],
                                    "secret_key_ref": []
                                  }
                                ]
                              },
                              {
                                "name": "READ_FROM_TAIL",
                                "value": "",
                                "value_from": [
                                  {
                                    "config_map_key_ref": [
                                      {
                                        "key": "read.tail",
                                        "name": "fluent-bit-cluster-info",
                                        "optional": false
                                      }
                                    ],
                                    "field_ref": [],
                                    "resource_field_ref": [],
                                    "secret_key_ref": []
                                  }
                                ]
                              },
                              {
                                "name": "HOST_NAME",
                                "value": "",
                                "value_from": [
                                  {
                                    "config_map_key_ref": [],
                                    "field_ref": [
                                      {
                                        "api_version": "v1",
                                        "field_path": "spec.nodeName"
                                      }
                                    ],
                                    "resource_field_ref": [],
                                    "secret_key_ref": []
                                  }
                                ]
                              },
                              {
                                "name": "CI_VERSION",
                                "value": "k8s/1.3.5",
                                "value_from": []
                              }
                            ],
                            "env_from": [],
                            "image": "amazon/aws-for-fluent-bit:2.10.0",
                            "image_pull_policy": "Always",
                            "lifecycle": [],
                            "liveness_probe": [],
                            "name": "fluent-bit",
                            "port": [],
                            "readiness_probe": [],
                            "resources": [
                              {
                                "limits": {
                                  "memory": "200Mi"
                                },
                                "requests": {
                                  "cpu": "500m",
                                  "memory": "100Mi"
                                }
                              }
                            ],
                            "security_context": [],
                            "startup_probe": [],
                            "stdin": false,
                            "stdin_once": false,
                            "termination_message_path": "/dev/termination-log",
                            "termination_message_policy": "File",
                            "tty": false,
                            "volume_mount": [
                              {
                                "mount_path": "/var/fluent-bit/state",
                                "mount_propagation": "None",
                                "name": "fluentbitstate",
                                "read_only": false,
                                "sub_path": ""
                              },
                              {
                                "mount_path": "/var/log",
                                "mount_propagation": "None",
                                "name": "varlog",
                                "read_only": true,
                                "sub_path": ""
                              },
                              {
                                "mount_path": "/var/lib/docker/containers",
                                "mount_propagation": "None",
                                "name": "varlibdockercontainers",
                                "read_only": true,
                                "sub_path": ""
                              },
                              {
                                "mount_path": "/fluent-bit/etc/",
                                "mount_propagation": "None",
                                "name": "fluent-bit-config",
                                "read_only": false,
                                "sub_path": ""
                              },
                              {
                                "mount_path": "/run/log/journal",
                                "mount_propagation": "None",
                                "name": "runlogjournal",
                                "read_only": true,
                                "sub_path": ""
                              },
                              {
                                "mount_path": "/var/log/dmesg",
                                "mount_propagation": "None",
                                "name": "dmesg",
                                "read_only": true,
                                "sub_path": ""
                              }
                            ],
                            "working_dir": ""
                          }
                        ],
                        "dns_config": [],
                        "dns_policy": "ClusterFirst",
                        "enable_service_links": true,
                        "host_aliases": [],
                        "host_ipc": false,
                        "host_network": false,
                        "host_pid": false,
                        "hostname": "",
                        "image_pull_secrets": [],
                        "init_container": [],
                        "node_name": "",
                        "node_selector": {},
                        "priority_class_name": "",
                        "readiness_gate": [],
                        "restart_policy": "Always",
                        "security_context": [],
                        "service_account_name": "fluent-bit",
                        "share_process_namespace": false,
                        "subdomain": "",
                        "termination_grace_period_seconds": 10,
                        "toleration": [
                          {
                            "effect": "NoSchedule",
                            "key": "node-role.kubernetes.io/master",
                            "operator": "Exists",
                            "toleration_seconds": "",
                            "value": ""
                          },
                          {
                            "effect": "NoExecute",
                            "key": "",
                            "operator": "Exists",
                            "toleration_seconds": "",
                            "value": ""
                          },
                          {
                            "effect": "NoSchedule",
                            "key": "",
                            "operator": "Exists",
                            "toleration_seconds": "",
                            "value": ""
                          }
                        ],
                        "topology_spread_constraint": [],
                        "volume": [
                          {
                            "aws_elastic_block_store": [],
                            "azure_disk": [],
                            "azure_file": [],
                            "ceph_fs": [],
                            "cinder": [],
                            "config_map": [],
                            "csi": [],
                            "downward_api": [],
                            "empty_dir": [],
                            "fc": [],
                            "flex_volume": [],
                            "flocker": [],
                            "gce_persistent_disk": [],
                            "git_repo": [],
                            "glusterfs": [],
                            "host_path": [
                              {
                                "path": "/var/fluent-bit/state",
                                "type": ""
                              }
                            ],
                            "iscsi": [],
                            "local": [],
                            "name": "fluentbitstate",
                            "nfs": [],
                            "persistent_volume_claim": [],
                            "photon_persistent_disk": [],
                            "projected": [],
                            "quobyte": [],
                            "rbd": [],
                            "secret": [],
                            "vsphere_volume": []
                          },
                          {
                            "aws_elastic_block_store": [],
                            "azure_disk": [],
                            "azure_file": [],
                            "ceph_fs": [],
                            "cinder": [],
                            "config_map": [],
                            "csi": [],
                            "downward_api": [],
                            "empty_dir": [],
                            "fc": [],
                            "flex_volume": [],
                            "flocker": [],
                            "gce_persistent_disk": [],
                            "git_repo": [],
                            "glusterfs": [],
                            "host_path": [
                              {
                                "path": "/var/log",
                                "type": ""
                              }
                            ],
                            "iscsi": [],
                            "local": [],
                            "name": "varlog",
                            "nfs": [],
                            "persistent_volume_claim": [],
                            "photon_persistent_disk": [],
                            "projected": [],
                            "quobyte": [],
                            "rbd": [],
                            "secret": [],
                            "vsphere_volume": []
                          },
                          {
                            "aws_elastic_block_store": [],
                            "azure_disk": [],
                            "azure_file": [],
                            "ceph_fs": [],
                            "cinder": [],
                            "config_map": [],
                            "csi": [],
                            "downward_api": [],
                            "empty_dir": [],
                            "fc": [],
                            "flex_volume": [],
                            "flocker": [],
                            "gce_persistent_disk": [],
                            "git_repo": [],
                            "glusterfs": [],
                            "host_path": [
                              {
                                "path": "/var/lib/docker/containers",
                                "type": ""
                              }
                            ],
                            "iscsi": [],
                            "local": [],
                            "name": "varlibdockercontainers",
                            "nfs": [],
                            "persistent_volume_claim": [],
                            "photon_persistent_disk": [],
                            "projected": [],
                            "quobyte": [],
                            "rbd": [],
                            "secret": [],
                            "vsphere_volume": []
                          },
                          {
                            "aws_elastic_block_store": [],
                            "azure_disk": [],
                            "azure_file": [],
                            "ceph_fs": [],
                            "cinder": [],
                            "config_map": [
                              {
                                "default_mode": "0644",
                                "items": [],
                                "name": "fluent-bit-config",
                                "optional": false
                              }
                            ],
                            "csi": [],
                            "downward_api": [],
                            "empty_dir": [],
                            "fc": [],
                            "flex_volume": [],
                            "flocker": [],
                            "gce_persistent_disk": [],
                            "git_repo": [],
                            "glusterfs": [],
                            "host_path": [],
                            "iscsi": [],
                            "local": [],
                            "name": "fluent-bit-config",
                            "nfs": [],
                            "persistent_volume_claim": [],
                            "photon_persistent_disk": [],
                            "projected": [],
                            "quobyte": [],
                            "rbd": [],
                            "secret": [],
                            "vsphere_volume": []
                          },
                          {
                            "aws_elastic_block_store": [],
                            "azure_disk": [],
                            "azure_file": [],
                            "ceph_fs": [],
                            "cinder": [],
                            "config_map": [],
                            "csi": [],
                            "downward_api": [],
                            "empty_dir": [],
                            "fc": [],
                            "flex_volume": [],
                            "flocker": [],
                            "gce_persistent_disk": [],
                            "git_repo": [],
                            "glusterfs": [],
                            "host_path": [
                              {
                                "path": "/run/log/journal",
                                "type": ""
                              }
                            ],
                            "iscsi": [],
                            "local": [],
                            "name": "runlogjournal",
                            "nfs": [],
                            "persistent_volume_claim": [],
                            "photon_persistent_disk": [],
                            "projected": [],
                            "quobyte": [],
                            "rbd": [],
                            "secret": [],
                            "vsphere_volume": []
                          },
                          {
                            "aws_elastic_block_store": [],
                            "azure_disk": [],
                            "azure_file": [],
                            "ceph_fs": [],
                            "cinder": [],
                            "config_map": [],
                            "csi": [],
                            "downward_api": [],
                            "empty_dir": [],
                            "fc": [],
                            "flex_volume": [],
                            "flocker": [],
                            "gce_persistent_disk": [],
                            "git_repo": [],
                            "glusterfs": [],
                            "host_path": [
                              {
                                "path": "/var/log/dmesg",
                                "type": ""
                              }
                            ],
                            "iscsi": [],
                            "local": [],
                            "name": "dmesg",
                            "nfs": [],
                            "persistent_volume_claim": [],
                            "photon_persistent_disk": [],
                            "projected": [],
                            "quobyte": [],
                            "rbd": [],
                            "secret": [],
                            "vsphere_volume": []
                          }
                        ]
                      }
                    ]
                  }
                ]
              }
            ],
            "timeouts": null,
            "wait_for_rollout": true
          },
          "sensitive_attributes": [],
          "private": "eyJlMmJmYjczMC1lY2FhLTExZTYtOGY4OC0zNDM2M2JjN2M0YzAiOnsiY3JlYXRlIjo2MDAwMDAwMDAwMDAsImRlbGV0ZSI6NjAwMDAwMDAwMDAwLCJ1cGRhdGUiOjYwMDAwMDAwMDAwMH0sInNjaGVtYV92ZXJzaW9uIjoiMSJ9",
          "dependencies": [
            "data.aws_eks_cluster.cluster",
            "module.eks-cluster.data.aws_availability_zones.available",
            "module.eks-cluster.module.eks.aws_cloudwatch_log_group.this",
            "module.eks-cluster.module.eks.aws_eks_cluster.this",
            "module.eks-cluster.module.eks.aws_iam_role.cluster",
            "module.eks-cluster.module.eks.aws_iam_role_policy_attachment.cluster_AmazonEKSClusterPolicy",
            "module.eks-cluster.module.eks.aws_iam_role_policy_attachment.cluster_AmazonEKSServicePolicy",
            "module.eks-cluster.module.eks.aws_iam_role_policy_attachment.cluster_AmazonEKSVPCResourceControllerPolicy",
            "module.eks-cluster.module.eks.aws_security_group.cluster",
            "module.eks-cluster.module.eks.aws_security_group.workers",
            "module.eks-cluster.module.eks.aws_security_group_rule.cluster_egress_internet",
            "module.eks-cluster.module.eks.aws_security_group_rule.cluster_https_worker_ingress",
            "module.eks-cluster.module.eks.aws_security_group_rule.cluster_private_access",
            "module.eks-cluster.module.eks.data.aws_iam_policy_document.cluster_assume_role_policy",
            "module.eks-cluster.module.eks.data.aws_iam_role.custom_cluster_iam_role",
            "module.eks-cluster.module.eks.data.aws_partition.current",
            "module.eks-cluster.module.eks.null_resource.wait_for_cluster",
            "module.eks-cluster.module.vpc.aws_eip.nat",
            "module.eks-cluster.module.vpc.aws_subnet.private",
            "module.eks-cluster.module.vpc.aws_vpc.this",
            "module.eks-cluster.module.vpc.aws_vpc_ipv4_cidr_block_association.this",
            "module.eks-cluster.random_string.suffix"
          ]
        }
      ]
    },
    {
      "module": "module.eks-cluster",
      "mode": "managed",
      "type": "kubernetes_namespace",
      "name": "cloudwatch",
      "provider": "provider[\"registry.terraform.io/hashicorp/kubernetes\"]",
      "instances": [
        {
          "schema_version": 0,
          "attributes": {
            "id": "amazon-cloudwatch",
            "metadata": [
              {
                "annotations": {
                  "name": "amazon-cloudwatch"
                },
                "generate_name": "",
                "generation": 0,
                "labels": {},
                "name": "amazon-cloudwatch",
                "resource_version": "847",
                "self_link": "",
                "uid": "bbe72519-2716-4de9-a9dd-8ee24b7a7356"
              }
            ],
            "timeouts": null
          },
          "sensitive_attributes": [],
          "private": "eyJlMmJmYjczMC1lY2FhLTExZTYtOGY4OC0zNDM2M2JjN2M0YzAiOnsiZGVsZXRlIjozMDAwMDAwMDAwMDB9fQ==",
          "dependencies": [
            "data.aws_eks_cluster.cluster",
            "module.eks-cluster.data.aws_availability_zones.available",
            "module.eks-cluster.module.eks.aws_cloudwatch_log_group.this",
            "module.eks-cluster.module.eks.aws_eks_cluster.this",
            "module.eks-cluster.module.eks.aws_iam_role.cluster",
            "module.eks-cluster.module.eks.aws_iam_role_policy_attachment.cluster_AmazonEKSClusterPolicy",
            "module.eks-cluster.module.eks.aws_iam_role_policy_attachment.cluster_AmazonEKSServicePolicy",
            "module.eks-cluster.module.eks.aws_iam_role_policy_attachment.cluster_AmazonEKSVPCResourceControllerPolicy",
            "module.eks-cluster.module.eks.aws_security_group.cluster",
            "module.eks-cluster.module.eks.aws_security_group.workers",
            "module.eks-cluster.module.eks.aws_security_group_rule.cluster_egress_internet",
            "module.eks-cluster.module.eks.aws_security_group_rule.cluster_https_worker_ingress",
            "module.eks-cluster.module.eks.aws_security_group_rule.cluster_private_access",
            "module.eks-cluster.module.eks.data.aws_iam_policy_document.cluster_assume_role_policy",
            "module.eks-cluster.module.eks.data.aws_iam_role.custom_cluster_iam_role",
            "module.eks-cluster.module.eks.data.aws_partition.current",
            "module.eks-cluster.module.eks.null_resource.wait_for_cluster",
            "module.eks-cluster.module.vpc.aws_eip.nat",
            "module.eks-cluster.module.vpc.aws_subnet.private",
            "module.eks-cluster.module.vpc.aws_vpc.this",
            "module.eks-cluster.module.vpc.aws_vpc_ipv4_cidr_block_association.this",
            "module.eks-cluster.random_string.suffix"
          ]
        }
      ]
    },
    {
      "module": "module.eks-cluster",
      "mode": "managed",
      "type": "kubernetes_service_account",
      "name": "cloudwatch_agent",
      "provider": "provider[\"registry.terraform.io/hashicorp/kubernetes\"]",
      "instances": [
        {
          "schema_version": 0,
          "attributes": {
            "automount_service_account_token": true,
            "default_secret_name": "cloudwatch-agent-token-vtwtn",
            "id": "amazon-cloudwatch/cloudwatch-agent",
            "image_pull_secret": [],
            "metadata": [
              {
                "annotations": {},
                "generate_name": "",
                "generation": 0,
                "labels": {},
                "name": "cloudwatch-agent",
                "namespace": "amazon-cloudwatch",
                "resource_version": "20435",
                "self_link": "",
                "uid": "214f48e3-c346-48b3-83c6-7ab9222f71a8"
              }
            ],
            "secret": [],
            "timeouts": null
          },
          "sensitive_attributes": [],
          "private": "eyJlMmJmYjczMC1lY2FhLTExZTYtOGY4OC0zNDM2M2JjN2M0YzAiOnsiY3JlYXRlIjozMDAwMDAwMDAwMH19",
          "dependencies": [
            "data.aws_eks_cluster.cluster",
            "module.eks-cluster.data.aws_availability_zones.available",
            "module.eks-cluster.module.eks.aws_cloudwatch_log_group.this",
            "module.eks-cluster.module.eks.aws_eks_cluster.this",
            "module.eks-cluster.module.eks.aws_iam_role.cluster",
            "module.eks-cluster.module.eks.aws_iam_role_policy_attachment.cluster_AmazonEKSClusterPolicy",
            "module.eks-cluster.module.eks.aws_iam_role_policy_attachment.cluster_AmazonEKSServicePolicy",
            "module.eks-cluster.module.eks.aws_iam_role_policy_attachment.cluster_AmazonEKSVPCResourceControllerPolicy",
            "module.eks-cluster.module.eks.aws_security_group.cluster",
            "module.eks-cluster.module.eks.aws_security_group.workers",
            "module.eks-cluster.module.eks.aws_security_group_rule.cluster_egress_internet",
            "module.eks-cluster.module.eks.aws_security_group_rule.cluster_https_worker_ingress",
            "module.eks-cluster.module.eks.aws_security_group_rule.cluster_private_access",
            "module.eks-cluster.module.eks.data.aws_iam_policy_document.cluster_assume_role_policy",
            "module.eks-cluster.module.eks.data.aws_iam_role.custom_cluster_iam_role",
            "module.eks-cluster.module.eks.data.aws_partition.current",
            "module.eks-cluster.module.eks.null_resource.wait_for_cluster",
            "module.eks-cluster.module.vpc.aws_eip.nat",
            "module.eks-cluster.module.vpc.aws_subnet.private",
            "module.eks-cluster.module.vpc.aws_vpc.this",
            "module.eks-cluster.module.vpc.aws_vpc_ipv4_cidr_block_association.this",
            "module.eks-cluster.random_string.suffix"
          ]
        }
      ]
    },
    {
      "module": "module.eks-cluster",
      "mode": "managed",
      "type": "kubernetes_service_account",
      "name": "fluent_bit",
      "provider": "provider[\"registry.terraform.io/hashicorp/kubernetes\"]",
      "instances": [
        {
          "schema_version": 0,
          "attributes": {
            "automount_service_account_token": true,
            "default_secret_name": "fluent-bit-token-x59f9",
            "id": "amazon-cloudwatch/fluent-bit",
            "image_pull_secret": [],
            "metadata": [
              {
                "annotations": {},
                "generate_name": "",
                "generation": 0,
                "labels": {},
                "name": "fluent-bit",
                "namespace": "amazon-cloudwatch",
                "resource_version": "17678",
                "self_link": "",
                "uid": "d56d4a46-4d30-48ec-b8aa-dd5202da577b"
              }
            ],
            "secret": [],
            "timeouts": null
          },
          "sensitive_attributes": [],
          "private": "eyJlMmJmYjczMC1lY2FhLTExZTYtOGY4OC0zNDM2M2JjN2M0YzAiOnsiY3JlYXRlIjozMDAwMDAwMDAwMH19",
          "dependencies": [
            "data.aws_eks_cluster.cluster",
            "module.eks-cluster.data.aws_availability_zones.available",
            "module.eks-cluster.module.eks.aws_cloudwatch_log_group.this",
            "module.eks-cluster.module.eks.aws_eks_cluster.this",
            "module.eks-cluster.module.eks.aws_iam_role.cluster",
            "module.eks-cluster.module.eks.aws_iam_role_policy_attachment.cluster_AmazonEKSClusterPolicy",
            "module.eks-cluster.module.eks.aws_iam_role_policy_attachment.cluster_AmazonEKSServicePolicy",
            "module.eks-cluster.module.eks.aws_iam_role_policy_attachment.cluster_AmazonEKSVPCResourceControllerPolicy",
            "module.eks-cluster.module.eks.aws_security_group.cluster",
            "module.eks-cluster.module.eks.aws_security_group.workers",
            "module.eks-cluster.module.eks.aws_security_group_rule.cluster_egress_internet",
            "module.eks-cluster.module.eks.aws_security_group_rule.cluster_https_worker_ingress",
            "module.eks-cluster.module.eks.aws_security_group_rule.cluster_private_access",
            "module.eks-cluster.module.eks.data.aws_iam_policy_document.cluster_assume_role_policy",
            "module.eks-cluster.module.eks.data.aws_iam_role.custom_cluster_iam_role",
            "module.eks-cluster.module.eks.data.aws_partition.current",
            "module.eks-cluster.module.eks.null_resource.wait_for_cluster",
            "module.eks-cluster.module.vpc.aws_eip.nat",
            "module.eks-cluster.module.vpc.aws_subnet.private",
            "module.eks-cluster.module.vpc.aws_vpc.this",
            "module.eks-cluster.module.vpc.aws_vpc_ipv4_cidr_block_association.this",
            "module.eks-cluster.random_string.suffix"
          ]
        }
      ]
    },
    {
      "module": "module.eks-cluster",
      "mode": "managed",
      "type": "random_string",
      "name": "suffix",
      "provider": "provider[\"registry.terraform.io/hashicorp/random\"]",
      "instances": [
        {
          "schema_version": 1,
          "attributes": {
            "id": "1VfrQgpg",
            "keepers": null,
            "length": 8,
            "lower": true,
            "min_lower": 0,
            "min_numeric": 0,
            "min_special": 0,
            "min_upper": 0,
            "number": true,
            "override_special": null,
            "result": "1VfrQgpg",
            "special": false,
            "upper": true
          },
          "sensitive_attributes": [],
          "private": "eyJzY2hlbWFfdmVyc2lvbiI6IjEifQ==",
          "create_before_destroy": true
        }
      ]
    },
    {
      "module": "module.eks-cluster.module.eks",
      "mode": "data",
      "type": "aws_ami",
      "name": "eks_worker",
      "provider": "provider[\"registry.terraform.io/hashicorp/aws\"]",
      "instances": [
        {
          "schema_version": 0,
          "attributes": {
            "architecture": "x86_64",
            "arn": "arn:aws:ec2:eu-west-2::image/ami-033389566816ade4b",
            "block_device_mappings": [
              {
                "device_name": "/dev/xvda",
                "ebs": {
                  "delete_on_termination": "true",
                  "encrypted": "false",
                  "iops": "0",
                  "snapshot_id": "snap-06ac5504fb0c9bd1f",
                  "throughput": "0",
                  "volume_size": "20",
                  "volume_type": "gp2"
                },
                "no_device": "",
                "virtual_name": ""
              }
            ],
            "creation_date": "2021-03-23T20:36:54.000Z",
            "description": "EKS Kubernetes Worker AMI with AmazonLinux2 image, (k8s: 1.19.6, docker: 19.03.13ce-1.amzn2, containerd: 1.4.1-2.amzn2)",
            "ena_support": true,
            "executable_users": null,
            "filter": [
              {
                "name": "name",
                "values": [
                  "amazon-eks-node-1.19-v*"
                ]
              }
            ],
            "hypervisor": "xen",
            "id": "ami-033389566816ade4b",
            "image_id": "ami-033389566816ade4b",
            "image_location": "amazon/amazon-eks-node-1.19-v20210322",
            "image_owner_alias": "amazon",
            "image_type": "machine",
            "kernel_id": null,
            "most_recent": true,
            "name": "amazon-eks-node-1.19-v20210322",
            "name_regex": null,
            "owner_id": "602401143452",
            "owners": [
              "amazon"
            ],
            "platform": null,
            "platform_details": "Linux/UNIX",
            "product_codes": [],
            "public": true,
            "ramdisk_id": null,
            "root_device_name": "/dev/xvda",
            "root_device_type": "ebs",
            "root_snapshot_id": "snap-06ac5504fb0c9bd1f",
            "sriov_net_support": "simple",
            "state": "available",
            "state_reason": {
              "code": "UNSET",
              "message": "UNSET"
            },
            "tags": {},
            "usage_operation": "RunInstances",
            "virtualization_type": "hvm"
          },
          "sensitive_attributes": []
        }
      ]
    },
    {
      "module": "module.eks-cluster.module.eks",
      "mode": "data",
      "type": "aws_ami",
      "name": "eks_worker_windows",
      "provider": "provider[\"registry.terraform.io/hashicorp/aws\"]",
      "instances": [
        {
          "schema_version": 0,
          "attributes": {
            "architecture": "x86_64",
            "arn": "arn:aws:ec2:eu-west-2::image/ami-09ab5e086545c7c41",
            "block_device_mappings": [
              {
                "device_name": "/dev/sda1",
                "ebs": {
                  "delete_on_termination": "true",
                  "encrypted": "false",
                  "iops": "0",
                  "snapshot_id": "snap-0c82b5c8705d92357",
                  "throughput": "0",
                  "volume_size": "50",
                  "volume_type": "gp2"
                },
                "no_device": "",
                "virtual_name": ""
              },
              {
                "device_name": "xvdca",
                "ebs": {},
                "no_device": "",
                "virtual_name": "ephemeral0"
              },
              {
                "device_name": "xvdcb",
                "ebs": {},
                "no_device": "",
                "virtual_name": "ephemeral1"
              },
              {
                "device_name": "xvdcc",
                "ebs": {},
                "no_device": "",
                "virtual_name": "ephemeral2"
              },
              {
                "device_name": "xvdcd",
                "ebs": {},
                "no_device": "",
                "virtual_name": "ephemeral3"
              },
              {
                "device_name": "xvdce",
                "ebs": {},
                "no_device": "",
                "virtual_name": "ephemeral4"
              },
              {
                "device_name": "xvdcf",
                "ebs": {},
                "no_device": "",
                "virtual_name": "ephemeral5"
              },
              {
                "device_name": "xvdcg",
                "ebs": {},
                "no_device": "",
                "virtual_name": "ephemeral6"
              },
              {
                "device_name": "xvdch",
                "ebs": {},
                "no_device": "",
                "virtual_name": "ephemeral7"
              },
              {
                "device_name": "xvdci",
                "ebs": {},
                "no_device": "",
                "virtual_name": "ephemeral8"
              },
              {
                "device_name": "xvdcj",
                "ebs": {},
                "no_device": "",
                "virtual_name": "ephemeral9"
              },
              {
                "device_name": "xvdck",
                "ebs": {},
                "no_device": "",
                "virtual_name": "ephemeral10"
              },
              {
                "device_name": "xvdcl",
                "ebs": {},
                "no_device": "",
                "virtual_name": "ephemeral11"
              },
              {
                "device_name": "xvdcm",
                "ebs": {},
                "no_device": "",
                "virtual_name": "ephemeral12"
              },
              {
                "device_name": "xvdcn",
                "ebs": {},
                "no_device": "",
                "virtual_name": "ephemeral13"
              },
              {
                "device_name": "xvdco",
                "ebs": {},
                "no_device": "",
                "virtual_name": "ephemeral14"
              },
              {
                "device_name": "xvdcp",
                "ebs": {},
                "no_device": "",
                "virtual_name": "ephemeral15"
              },
              {
                "device_name": "xvdcq",
                "ebs": {},
                "no_device": "",
                "virtual_name": "ephemeral16"
              },
              {
                "device_name": "xvdcr",
                "ebs": {},
                "no_device": "",
                "virtual_name": "ephemeral17"
              },
              {
                "device_name": "xvdcs",
                "ebs": {},
                "no_device": "",
                "virtual_name": "ephemeral18"
              },
              {
                "device_name": "xvdct",
                "ebs": {},
                "no_device": "",
                "virtual_name": "ephemeral19"
              },
              {
                "device_name": "xvdcu",
                "ebs": {},
                "no_device": "",
                "virtual_name": "ephemeral20"
              },
              {
                "device_name": "xvdcv",
                "ebs": {},
                "no_device": "",
                "virtual_name": "ephemeral21"
              },
              {
                "device_name": "xvdcw",
                "ebs": {},
                "no_device": "",
                "virtual_name": "ephemeral22"
              },
              {
                "device_name": "xvdcx",
                "ebs": {},
                "no_device": "",
                "virtual_name": "ephemeral23"
              },
              {
                "device_name": "xvdcy",
                "ebs": {},
                "no_device": "",
                "virtual_name": "ephemeral24"
              },
              {
                "device_name": "xvdcz",
                "ebs": {},
                "no_device": "",
                "virtual_name": "ephemeral25"
              }
            ],
            "creation_date": "2021-03-11T22:18:03.000Z",
            "description": "Microsoft Windows Server 2019 Core optimized for EKS and provided by Amazon",
            "ena_support": true,
            "executable_users": null,
            "filter": [
              {
                "name": "name",
                "values": [
                  "Windows_Server-2019-English-Core-EKS_Optimized-1.19-*"
                ]
              },
              {
                "name": "platform",
                "values": [
                  "windows"
                ]
              }
            ],
            "hypervisor": "xen",
            "id": "ami-09ab5e086545c7c41",
            "image_id": "ami-09ab5e086545c7c41",
            "image_location": "amazon/Windows_Server-2019-English-Core-EKS_Optimized-1.19-2021.03.10",
            "image_owner_alias": "amazon",
            "image_type": "machine",
            "kernel_id": null,
            "most_recent": true,
            "name": "Windows_Server-2019-English-Core-EKS_Optimized-1.19-2021.03.10",
            "name_regex": null,
            "owner_id": "801119661308",
            "owners": [
              "amazon"
            ],
            "platform": "windows",
            "platform_details": "Windows",
            "product_codes": [],
            "public": true,
            "ramdisk_id": null,
            "root_device_name": "/dev/sda1",
            "root_device_type": "ebs",
            "root_snapshot_id": "snap-0c82b5c8705d92357",
            "sriov_net_support": "simple",
            "state": "available",
            "state_reason": {
              "code": "UNSET",
              "message": "UNSET"
            },
            "tags": {},
            "usage_operation": "RunInstances:0002",
            "virtualization_type": "hvm"
          },
          "sensitive_attributes": []
        }
      ]
    },
    {
      "module": "module.eks-cluster.module.eks",
      "mode": "data",
      "type": "aws_caller_identity",
      "name": "current",
      "provider": "provider[\"registry.terraform.io/hashicorp/aws\"]",
      "instances": [
        {
          "schema_version": 0,
          "attributes": {
            "account_id": "772290144575",
            "arn": "arn:aws:sts::772290144575:assumed-role/Admin/1616952802988008000",
            "id": "772290144575",
            "user_id": "AROA3HUAUNE77SWCCCT7H:1616952802988008000"
          },
          "sensitive_attributes": []
        }
      ]
    },
    {
      "module": "module.eks-cluster.module.eks",
      "mode": "data",
      "type": "aws_iam_policy_document",
      "name": "cluster_assume_role_policy",
      "provider": "provider[\"registry.terraform.io/hashicorp/aws\"]",
      "instances": [
        {
          "schema_version": 0,
          "attributes": {
            "id": "2764486067",
            "json": "{\n  \"Version\": \"2012-10-17\",\n  \"Statement\": [\n    {\n      \"Sid\": \"EKSClusterAssumeRole\",\n      \"Effect\": \"Allow\",\n      \"Action\": \"sts:AssumeRole\",\n      \"Principal\": {\n        \"Service\": \"eks.amazonaws.com\"\n      }\n    }\n  ]\n}",
            "override_json": null,
            "override_policy_documents": null,
            "policy_id": null,
            "source_json": null,
            "source_policy_documents": null,
            "statement": [
              {
                "actions": [
                  "sts:AssumeRole"
                ],
                "condition": [],
                "effect": "Allow",
                "not_actions": [],
                "not_principals": [],
                "not_resources": [],
                "principals": [
                  {
                    "identifiers": [
                      "eks.amazonaws.com"
                    ],
                    "type": "Service"
                  }
                ],
                "resources": [],
                "sid": "EKSClusterAssumeRole"
              }
            ],
            "version": "2012-10-17"
          },
          "sensitive_attributes": []
        }
      ]
    },
    {
      "module": "module.eks-cluster.module.eks",
      "mode": "data",
      "type": "aws_iam_policy_document",
      "name": "cluster_elb_sl_role_creation",
      "provider": "provider[\"registry.terraform.io/hashicorp/aws\"]",
      "instances": [
        {
          "index_key": 0,
          "schema_version": 0,
          "attributes": {
            "id": "3407219844",
            "json": "{\n  \"Version\": \"2012-10-17\",\n  \"Statement\": [\n    {\n      \"Sid\": \"\",\n      \"Effect\": \"Allow\",\n      \"Action\": [\n        \"ec2:DescribeInternetGateways\",\n        \"ec2:DescribeAccountAttributes\"\n      ],\n      \"Resource\": \"*\"\n    }\n  ]\n}",
            "override_json": null,
            "override_policy_documents": null,
            "policy_id": null,
            "source_json": null,
            "source_policy_documents": null,
            "statement": [
              {
                "actions": [
                  "ec2:DescribeAccountAttributes",
                  "ec2:DescribeInternetGateways"
                ],
                "condition": [],
                "effect": "Allow",
                "not_actions": [],
                "not_principals": [],
                "not_resources": [],
                "principals": [],
                "resources": [
                  "*"
                ],
                "sid": ""
              }
            ],
            "version": "2012-10-17"
          },
          "sensitive_attributes": []
        }
      ]
    },
    {
      "module": "module.eks-cluster.module.eks",
      "mode": "data",
      "type": "aws_iam_policy_document",
      "name": "workers_assume_role_policy",
      "provider": "provider[\"registry.terraform.io/hashicorp/aws\"]",
      "instances": [
        {
          "schema_version": 0,
          "attributes": {
            "id": "3778018924",
            "json": "{\n  \"Version\": \"2012-10-17\",\n  \"Statement\": [\n    {\n      \"Sid\": \"EKSWorkerAssumeRole\",\n      \"Effect\": \"Allow\",\n      \"Action\": \"sts:AssumeRole\",\n      \"Principal\": {\n        \"Service\": \"ec2.amazonaws.com\"\n      }\n    }\n  ]\n}",
            "override_json": null,
            "override_policy_documents": null,
            "policy_id": null,
            "source_json": null,
            "source_policy_documents": null,
            "statement": [
              {
                "actions": [
                  "sts:AssumeRole"
                ],
                "condition": [],
                "effect": "Allow",
                "not_actions": [],
                "not_principals": [],
                "not_resources": [],
                "principals": [
                  {
                    "identifiers": [
                      "ec2.amazonaws.com"
                    ],
                    "type": "Service"
                  }
                ],
                "resources": [],
                "sid": "EKSWorkerAssumeRole"
              }
            ],
            "version": "2012-10-17"
          },
          "sensitive_attributes": []
        }
      ]
    },
    {
      "module": "module.eks-cluster.module.eks",
      "mode": "data",
      "type": "aws_partition",
      "name": "current",
      "provider": "provider[\"registry.terraform.io/hashicorp/aws\"]",
      "instances": [
        {
          "schema_version": 0,
          "attributes": {
            "dns_suffix": "amazonaws.com",
            "id": "aws",
            "partition": "aws",
            "reverse_dns_prefix": "com.amazonaws"
          },
          "sensitive_attributes": []
        }
      ]
    },
    {
      "module": "module.eks-cluster.module.eks",
      "mode": "data",
      "type": "template_file",
      "name": "userdata",
      "provider": "provider[\"registry.terraform.io/hashicorp/template\"]",
      "instances": [
        {
          "index_key": 0,
          "schema_version": 0,
          "attributes": {
            "filename": null,
            "id": "4a90f6df6e190d56eef531bb460a8ac402d1fb746bb8579fbc4912316be0a0cb",
            "rendered": "#!/bin/bash -e\n\n# Allow user supplied pre userdata code\n\n\n# Bootstrap and join the cluster\n/etc/eks/bootstrap.sh --b64-cluster-ca 'LS0tLS1CRUdJTiBDRVJUSUZJQ0FURS0tLS0tCk1JSUM1ekNDQWMrZ0F3SUJBZ0lCQURBTkJna3Foa2lHOXcwQkFRc0ZBREFWTVJNd0VRWURWUVFERXdwcmRXSmwKY201bGRHVnpNQjRYRFRJeE1ETXlPREUxTVRFd00xb1hEVE14TURNeU5qRTFNVEV3TTFvd0ZURVRNQkVHQTFVRQpBeE1LYTNWaVpYSnVaWFJsY3pDQ0FTSXdEUVlKS29aSWh2Y05BUUVCQlFBRGdnRVBBRENDQVFvQ2dnRUJBTWl0ClUxMWM5LzFCbC9rZUhScFUwS1VRdDNmK3V2VGk4RUUrZEZFd0VOcjVxZUl0MDU0R2ExSGRwdEdzRHNXeElOVlEKcXhFUWRiSnZiVUphUXE5WktORmExcHZuRjlDaXYrVWxzYUlxdW9oTlJNLzJUZGFHRkVIa3B1a2dlL0tLYVBldAp0Z3V0TUsyazd0S0F5S3pCYjF5U0N5b3lxSC9MR1IraW8vZkZlNzZyY1g0eGVLQWY5S3lJSmRNOEZLdDJRbW81CnJxb3MzUnNMR1lPaTc4c29YTm9hc0k0S1BJTVl0OXFUeUdjYUlXelJQcGltRGZtdCtwdnVpeEw0cTAxYWNrbEkKQzJiWlJFT2NaZjFGWTg4MFFBeUFwSEFJbW5uNU03TktZZTBoNDFhTThXRzdyR0ZOQStRMXRxbzZGMy9Md1g0Ygo4ZmR4eG9RZ25zRUZHOFAxMUFzQ0F3RUFBYU5DTUVBd0RnWURWUjBQQVFIL0JBUURBZ0trTUE4R0ExVWRFd0VCCi93UUZNQU1CQWY4d0hRWURWUjBPQkJZRUZHYkRoaGtZSzhrdndsNXBzRTNCZjc1bGxmRFRNQTBHQ1NxR1NJYjMKRFFFQkN3VUFBNElCQVFDTjh2Wi8yd2h3bGUvTnZSODM0WVFQZFZxR2xjSE95MkxXQjhjcExkeU1pKzlRUjFsNwpEdGFSN1RlSDBzTmNwUlhnVDlBZStpL0FVNmROTFFxUm1CcXFIYTF0aCt0OCtOZ3hkNXFQK2xMcjRvMXhJMzlpClQ1K3AyTERRNW9FZmpBQnZ6WjFoUUYwd2tSYkcyUWFzK1N1SjdxYzErM28yaVllNVBWNEs4eVcyK3BCNzR6bWcKekVEc3ZYRE9FZ2xHUnBreUdqbDUrK0hhQ1M3UlJObHpmNFZvVUo5ZXE4Ull6NjVyN2lkUURwQVgzWDgzME9pRAo0dEJEaTlwQmlDaGpVNFlFQjlyYTk1NkJKMzUycE1EWW1TN2FoRjJUM3Bid28vR1RpSGVoOWR5ajFMMGRLZU1NCjZLVHFuTThZa2REZEJPK1pUd2U5aEtBd1NXRXQrU2hxWWlWTAotLS0tLUVORCBDRVJUSUZJQ0FURS0tLS0tCg==' --apiserver-endpoint 'https://1E94760DF5FD3F7334E53C6BF5887309.gr7.eu-west-2.eks.amazonaws.com'  --kubelet-extra-args \"\" 'example-webapp-eks-1VfrQgpg'\n\n# Allow user supplied userdata code\n\n",
            "template": "#!/bin/bash -e\n\n# Allow user supplied pre userdata code\n${pre_userdata}\n\n# Bootstrap and join the cluster\n/etc/eks/bootstrap.sh --b64-cluster-ca '${cluster_auth_base64}' --apiserver-endpoint '${endpoint}' ${bootstrap_extra_args} --kubelet-extra-args \"${kubelet_extra_args}\" '${cluster_name}'\n\n# Allow user supplied userdata code\n${additional_userdata}\n",
            "vars": {
              "additional_userdata": "",
              "bootstrap_extra_args": "",
              "cluster_auth_base64": "LS0tLS1CRUdJTiBDRVJUSUZJQ0FURS0tLS0tCk1JSUM1ekNDQWMrZ0F3SUJBZ0lCQURBTkJna3Foa2lHOXcwQkFRc0ZBREFWTVJNd0VRWURWUVFERXdwcmRXSmwKY201bGRHVnpNQjRYRFRJeE1ETXlPREUxTVRFd00xb1hEVE14TURNeU5qRTFNVEV3TTFvd0ZURVRNQkVHQTFVRQpBeE1LYTNWaVpYSnVaWFJsY3pDQ0FTSXdEUVlKS29aSWh2Y05BUUVCQlFBRGdnRVBBRENDQVFvQ2dnRUJBTWl0ClUxMWM5LzFCbC9rZUhScFUwS1VRdDNmK3V2VGk4RUUrZEZFd0VOcjVxZUl0MDU0R2ExSGRwdEdzRHNXeElOVlEKcXhFUWRiSnZiVUphUXE5WktORmExcHZuRjlDaXYrVWxzYUlxdW9oTlJNLzJUZGFHRkVIa3B1a2dlL0tLYVBldAp0Z3V0TUsyazd0S0F5S3pCYjF5U0N5b3lxSC9MR1IraW8vZkZlNzZyY1g0eGVLQWY5S3lJSmRNOEZLdDJRbW81CnJxb3MzUnNMR1lPaTc4c29YTm9hc0k0S1BJTVl0OXFUeUdjYUlXelJQcGltRGZtdCtwdnVpeEw0cTAxYWNrbEkKQzJiWlJFT2NaZjFGWTg4MFFBeUFwSEFJbW5uNU03TktZZTBoNDFhTThXRzdyR0ZOQStRMXRxbzZGMy9Md1g0Ygo4ZmR4eG9RZ25zRUZHOFAxMUFzQ0F3RUFBYU5DTUVBd0RnWURWUjBQQVFIL0JBUURBZ0trTUE4R0ExVWRFd0VCCi93UUZNQU1CQWY4d0hRWURWUjBPQkJZRUZHYkRoaGtZSzhrdndsNXBzRTNCZjc1bGxmRFRNQTBHQ1NxR1NJYjMKRFFFQkN3VUFBNElCQVFDTjh2Wi8yd2h3bGUvTnZSODM0WVFQZFZxR2xjSE95MkxXQjhjcExkeU1pKzlRUjFsNwpEdGFSN1RlSDBzTmNwUlhnVDlBZStpL0FVNmROTFFxUm1CcXFIYTF0aCt0OCtOZ3hkNXFQK2xMcjRvMXhJMzlpClQ1K3AyTERRNW9FZmpBQnZ6WjFoUUYwd2tSYkcyUWFzK1N1SjdxYzErM28yaVllNVBWNEs4eVcyK3BCNzR6bWcKekVEc3ZYRE9FZ2xHUnBreUdqbDUrK0hhQ1M3UlJObHpmNFZvVUo5ZXE4Ull6NjVyN2lkUURwQVgzWDgzME9pRAo0dEJEaTlwQmlDaGpVNFlFQjlyYTk1NkJKMzUycE1EWW1TN2FoRjJUM3Bid28vR1RpSGVoOWR5ajFMMGRLZU1NCjZLVHFuTThZa2REZEJPK1pUd2U5aEtBd1NXRXQrU2hxWWlWTAotLS0tLUVORCBDRVJUSUZJQ0FURS0tLS0tCg==",
              "cluster_name": "example-webapp-eks-1VfrQgpg",
              "endpoint": "https://1E94760DF5FD3F7334E53C6BF5887309.gr7.eu-west-2.eks.amazonaws.com",
              "kubelet_extra_args": "",
              "platform": "linux",
              "pre_userdata": ""
            }
          },
          "sensitive_attributes": []
        }
      ]
    },
    {
      "module": "module.eks-cluster.module.eks",
      "mode": "managed",
      "type": "aws_autoscaling_group",
      "name": "workers",
      "provider": "provider[\"registry.terraform.io/hashicorp/aws\"]",
      "instances": [
        {
          "index_key": 0,
          "schema_version": 0,
          "attributes": {
            "arn": "arn:aws:autoscaling:eu-west-2:772290144575:autoScalingGroup:1959455d-ef82-461c-93f4-cbfec2f29eb7:autoScalingGroupName/example-webapp-eks-1VfrQgpg-eks-worker-group20210328151552491100000010",
            "availability_zones": [
              "eu-west-2a",
              "eu-west-2b",
              "eu-west-2c"
            ],
            "capacity_rebalance": false,
            "default_cooldown": 300,
            "desired_capacity": 2,
            "enabled_metrics": [],
            "force_delete": false,
            "health_check_grace_period": 300,
            "health_check_type": "EC2",
            "id": "example-webapp-eks-1VfrQgpg-eks-worker-group20210328151552491100000010",
            "initial_lifecycle_hook": [],
            "instance_refresh": [],
            "launch_configuration": "example-webapp-eks-1VfrQgpg-eks-worker-group2021032815153588170000000f",
            "launch_template": [],
            "load_balancers": [],
            "max_instance_lifetime": 0,
            "max_size": 3,
            "metrics_granularity": "1Minute",
            "min_elb_capacity": null,
            "min_size": 1,
            "mixed_instances_policy": [],
            "name": "example-webapp-eks-1VfrQgpg-eks-worker-group20210328151552491100000010",
            "name_prefix": "example-webapp-eks-1VfrQgpg-eks-worker-group",
            "placement_group": "",
            "protect_from_scale_in": false,
            "service_linked_role_arn": "arn:aws:iam::772290144575:role/aws-service-role/autoscaling.amazonaws.com/AWSServiceRoleForAutoScaling",
            "suspended_processes": [
              "AZRebalance"
            ],
            "tag": [
              {
                "key": "Environment",
                "propagate_at_launch": true,
                "value": "Example"
              },
              {
                "key": "Name",
                "propagate_at_launch": true,
                "value": "example-webapp-eks-1VfrQgpg-eks-worker-group-eks_asg"
              },
              {
                "key": "k8s.io/cluster/example-webapp-eks-1VfrQgpg",
                "propagate_at_launch": true,
                "value": "owned"
              },
              {
                "key": "kubernetes.io/cluster/example-webapp-eks-1VfrQgpg",
                "propagate_at_launch": true,
                "value": "owned"
              }
            ],
            "tags": null,
            "target_group_arns": [],
            "termination_policies": [],
            "timeouts": null,
            "vpc_zone_identifier": [
              "subnet-09144cef21ce0e9bc",
              "subnet-09a7465a41b6df07e",
              "subnet-0b2e92df179d0a8c7"
            ],
            "wait_for_capacity_timeout": "10m",
            "wait_for_elb_capacity": null
          },
          "sensitive_attributes": [],
          "private": "eyJlMmJmYjczMC1lY2FhLTExZTYtOGY4OC0zNDM2M2JjN2M0YzAiOnsiZGVsZXRlIjo2MDAwMDAwMDAwMDB9fQ==",
          "dependencies": [
            "module.eks-cluster.aws_security_group.eks_worker",
            "module.eks-cluster.data.aws_availability_zones.available",
            "module.eks-cluster.module.eks.aws_cloudwatch_log_group.this",
            "module.eks-cluster.module.eks.aws_eks_cluster.this",
            "module.eks-cluster.module.eks.aws_iam_instance_profile.workers",
            "module.eks-cluster.module.eks.aws_iam_role.cluster",
            "module.eks-cluster.module.eks.aws_iam_role.workers",
            "module.eks-cluster.module.eks.aws_iam_role_policy_attachment.cluster_AmazonEKSClusterPolicy",
            "module.eks-cluster.module.eks.aws_iam_role_policy_attachment.cluster_AmazonEKSServicePolicy",
            "module.eks-cluster.module.eks.aws_iam_role_policy_attachment.cluster_AmazonEKSVPCResourceControllerPolicy",
            "module.eks-cluster.module.eks.aws_iam_role_policy_attachment.workers_AmazonEC2ContainerRegistryReadOnly",
            "module.eks-cluster.module.eks.aws_iam_role_policy_attachment.workers_AmazonEKSWorkerNodePolicy",
            "module.eks-cluster.module.eks.aws_iam_role_policy_attachment.workers_AmazonEKS_CNI_Policy",
            "module.eks-cluster.module.eks.aws_iam_role_policy_attachment.workers_additional_policies",
            "module.eks-cluster.module.eks.aws_launch_configuration.workers",
            "module.eks-cluster.module.eks.aws_security_group.cluster",
            "module.eks-cluster.module.eks.aws_security_group.workers",
            "module.eks-cluster.module.eks.aws_security_group_rule.cluster_egress_internet",
            "module.eks-cluster.module.eks.aws_security_group_rule.cluster_https_worker_ingress",
            "module.eks-cluster.module.eks.aws_security_group_rule.cluster_primary_ingress_workers",
            "module.eks-cluster.module.eks.aws_security_group_rule.workers_egress_internet",
            "module.eks-cluster.module.eks.aws_security_group_rule.workers_ingress_cluster",
            "module.eks-cluster.module.eks.aws_security_group_rule.workers_ingress_cluster_https",
            "module.eks-cluster.module.eks.aws_security_group_rule.workers_ingress_cluster_kubelet",
            "module.eks-cluster.module.eks.aws_security_group_rule.workers_ingress_cluster_primary",
            "module.eks-cluster.module.eks.aws_security_group_rule.workers_ingress_self",
            "module.eks-cluster.module.eks.data.aws_ami.eks_worker",
            "module.eks-cluster.module.eks.data.aws_ami.eks_worker_windows",
            "module.eks-cluster.module.eks.data.aws_iam_instance_profile.custom_worker_group_iam_instance_profile",
            "module.eks-cluster.module.eks.data.aws_iam_policy_document.cluster_assume_role_policy",
            "module.eks-cluster.module.eks.data.aws_iam_policy_document.workers_assume_role_policy",
            "module.eks-cluster.module.eks.data.aws_iam_role.custom_cluster_iam_role",
            "module.eks-cluster.module.eks.data.aws_partition.current",
            "module.eks-cluster.module.eks.data.template_file.userdata",
            "module.eks-cluster.module.eks.random_pet.workers",
            "module.eks-cluster.module.vpc.aws_eip.nat",
            "module.eks-cluster.module.vpc.aws_subnet.private",
            "module.eks-cluster.module.vpc.aws_vpc.this",
            "module.eks-cluster.module.vpc.aws_vpc_ipv4_cidr_block_association.this",
            "module.eks-cluster.random_string.suffix"
          ],
          "create_before_destroy": true
        }
      ]
    },
    {
      "module": "module.eks-cluster.module.eks",
      "mode": "managed",
      "type": "aws_eks_cluster",
      "name": "this",
      "provider": "provider[\"registry.terraform.io/hashicorp/aws\"]",
      "instances": [
        {
          "index_key": 0,
          "schema_version": 0,
          "attributes": {
            "arn": "arn:aws:eks:eu-west-2:772290144575:cluster/example-webapp-eks-1VfrQgpg",
            "certificate_authority": [
              {
                "data": "LS0tLS1CRUdJTiBDRVJUSUZJQ0FURS0tLS0tCk1JSUM1ekNDQWMrZ0F3SUJBZ0lCQURBTkJna3Foa2lHOXcwQkFRc0ZBREFWTVJNd0VRWURWUVFERXdwcmRXSmwKY201bGRHVnpNQjRYRFRJeE1ETXlPREUxTVRFd00xb1hEVE14TURNeU5qRTFNVEV3TTFvd0ZURVRNQkVHQTFVRQpBeE1LYTNWaVpYSnVaWFJsY3pDQ0FTSXdEUVlKS29aSWh2Y05BUUVCQlFBRGdnRVBBRENDQVFvQ2dnRUJBTWl0ClUxMWM5LzFCbC9rZUhScFUwS1VRdDNmK3V2VGk4RUUrZEZFd0VOcjVxZUl0MDU0R2ExSGRwdEdzRHNXeElOVlEKcXhFUWRiSnZiVUphUXE5WktORmExcHZuRjlDaXYrVWxzYUlxdW9oTlJNLzJUZGFHRkVIa3B1a2dlL0tLYVBldAp0Z3V0TUsyazd0S0F5S3pCYjF5U0N5b3lxSC9MR1IraW8vZkZlNzZyY1g0eGVLQWY5S3lJSmRNOEZLdDJRbW81CnJxb3MzUnNMR1lPaTc4c29YTm9hc0k0S1BJTVl0OXFUeUdjYUlXelJQcGltRGZtdCtwdnVpeEw0cTAxYWNrbEkKQzJiWlJFT2NaZjFGWTg4MFFBeUFwSEFJbW5uNU03TktZZTBoNDFhTThXRzdyR0ZOQStRMXRxbzZGMy9Md1g0Ygo4ZmR4eG9RZ25zRUZHOFAxMUFzQ0F3RUFBYU5DTUVBd0RnWURWUjBQQVFIL0JBUURBZ0trTUE4R0ExVWRFd0VCCi93UUZNQU1CQWY4d0hRWURWUjBPQkJZRUZHYkRoaGtZSzhrdndsNXBzRTNCZjc1bGxmRFRNQTBHQ1NxR1NJYjMKRFFFQkN3VUFBNElCQVFDTjh2Wi8yd2h3bGUvTnZSODM0WVFQZFZxR2xjSE95MkxXQjhjcExkeU1pKzlRUjFsNwpEdGFSN1RlSDBzTmNwUlhnVDlBZStpL0FVNmROTFFxUm1CcXFIYTF0aCt0OCtOZ3hkNXFQK2xMcjRvMXhJMzlpClQ1K3AyTERRNW9FZmpBQnZ6WjFoUUYwd2tSYkcyUWFzK1N1SjdxYzErM28yaVllNVBWNEs4eVcyK3BCNzR6bWcKekVEc3ZYRE9FZ2xHUnBreUdqbDUrK0hhQ1M3UlJObHpmNFZvVUo5ZXE4Ull6NjVyN2lkUURwQVgzWDgzME9pRAo0dEJEaTlwQmlDaGpVNFlFQjlyYTk1NkJKMzUycE1EWW1TN2FoRjJUM3Bid28vR1RpSGVoOWR5ajFMMGRLZU1NCjZLVHFuTThZa2REZEJPK1pUd2U5aEtBd1NXRXQrU2hxWWlWTAotLS0tLUVORCBDRVJUSUZJQ0FURS0tLS0tCg=="
              }
            ],
            "created_at": "2021-03-28 15:05:18.877 +0000 UTC",
            "enabled_cluster_log_types": [],
            "encryption_config": [],
            "endpoint": "https://1E94760DF5FD3F7334E53C6BF5887309.gr7.eu-west-2.eks.amazonaws.com",
            "id": "example-webapp-eks-1VfrQgpg",
            "identity": [
              {
                "oidc": [
                  {
                    "issuer": "https://oidc.eks.eu-west-2.amazonaws.com/id/1E94760DF5FD3F7334E53C6BF5887309"
                  }
                ]
              }
            ],
            "kubernetes_network_config": [
              {
                "service_ipv4_cidr": "172.20.0.0/16"
              }
            ],
            "name": "example-webapp-eks-1VfrQgpg",
            "platform_version": "eks.2",
            "role_arn": "arn:aws:iam::772290144575:role/example-webapp-eks-1VfrQgpg20210328150503707500000001",
            "status": "ACTIVE",
            "tags": {
              "Environment": "Example"
            },
            "timeouts": {
              "create": "30m",
              "delete": "15m",
              "update": null
            },
            "version": "1.19",
            "vpc_config": [
              {
                "cluster_security_group_id": "sg-09eb16748733bd6e7",
                "endpoint_private_access": true,
                "endpoint_public_access": true,
                "public_access_cidrs": [
                  "35.176.12.123/32",
                  "88.98.247.243/32"
                ],
                "security_group_ids": [
                  "sg-06d2af5a05a0d4061"
                ],
                "subnet_ids": [
                  "subnet-09144cef21ce0e9bc",
                  "subnet-09a7465a41b6df07e",
                  "subnet-0b2e92df179d0a8c7"
                ],
                "vpc_id": "vpc-01bf6363532b4ba75"
              }
            ]
          },
          "sensitive_attributes": [],
          "private": "eyJlMmJmYjczMC1lY2FhLTExZTYtOGY4OC0zNDM2M2JjN2M0YzAiOnsiY3JlYXRlIjoxODAwMDAwMDAwMDAwLCJkZWxldGUiOjkwMDAwMDAwMDAwMCwidXBkYXRlIjozNjAwMDAwMDAwMDAwfX0=",
          "dependencies": [
            "module.eks-cluster.data.aws_availability_zones.available",
            "module.eks-cluster.module.eks.aws_cloudwatch_log_group.this",
            "module.eks-cluster.module.eks.aws_iam_role.cluster",
            "module.eks-cluster.module.eks.aws_iam_role_policy_attachment.cluster_AmazonEKSClusterPolicy",
            "module.eks-cluster.module.eks.aws_iam_role_policy_attachment.cluster_AmazonEKSServicePolicy",
            "module.eks-cluster.module.eks.aws_iam_role_policy_attachment.cluster_AmazonEKSVPCResourceControllerPolicy",
            "module.eks-cluster.module.eks.aws_security_group.cluster",
            "module.eks-cluster.module.eks.aws_security_group.workers",
            "module.eks-cluster.module.eks.aws_security_group_rule.cluster_egress_internet",
            "module.eks-cluster.module.eks.aws_security_group_rule.cluster_https_worker_ingress",
            "module.eks-cluster.module.eks.data.aws_iam_policy_document.cluster_assume_role_policy",
            "module.eks-cluster.module.eks.data.aws_iam_role.custom_cluster_iam_role",
            "module.eks-cluster.module.eks.data.aws_partition.current",
            "module.eks-cluster.module.vpc.aws_eip.nat",
            "module.eks-cluster.module.vpc.aws_subnet.private",
            "module.eks-cluster.module.vpc.aws_vpc.this",
            "module.eks-cluster.module.vpc.aws_vpc_ipv4_cidr_block_association.this",
            "module.eks-cluster.random_string.suffix"
          ],
          "create_before_destroy": true
        }
      ]
    },
    {
      "module": "module.eks-cluster.module.eks",
      "mode": "managed",
      "type": "aws_iam_instance_profile",
      "name": "workers",
      "provider": "provider[\"registry.terraform.io/hashicorp/aws\"]",
      "instances": [
        {
          "index_key": 0,
          "schema_version": 0,
          "attributes": {
            "arn": "arn:aws:iam::772290144575:instance-profile/example-webapp-eks-1VfrQgpg2021032815153434090000000b",
            "create_date": "2021-03-28T15:15:34Z",
            "id": "example-webapp-eks-1VfrQgpg2021032815153434090000000b",
            "name": "example-webapp-eks-1VfrQgpg2021032815153434090000000b",
            "name_prefix": "example-webapp-eks-1VfrQgpg",
            "path": "/",
            "role": "example-webapp-eks-1VfrQgpg2021032815153257580000000a",
            "tags": {},
            "unique_id": "AIPA3HUAUNE72AA4B2ZHR"
          },
          "sensitive_attributes": [],
          "private": "bnVsbA==",
          "dependencies": [
            "module.eks-cluster.aws_security_group.eks_worker",
            "module.eks-cluster.data.aws_availability_zones.available",
            "module.eks-cluster.module.eks.aws_cloudwatch_log_group.this",
            "module.eks-cluster.module.eks.aws_eks_cluster.this",
            "module.eks-cluster.module.eks.aws_iam_role.cluster",
            "module.eks-cluster.module.eks.aws_iam_role.workers",
            "module.eks-cluster.module.eks.aws_iam_role_policy_attachment.cluster_AmazonEKSClusterPolicy",
            "module.eks-cluster.module.eks.aws_iam_role_policy_attachment.cluster_AmazonEKSServicePolicy",
            "module.eks-cluster.module.eks.aws_iam_role_policy_attachment.cluster_AmazonEKSVPCResourceControllerPolicy",
            "module.eks-cluster.module.eks.aws_security_group.cluster",
            "module.eks-cluster.module.eks.aws_security_group.workers",
            "module.eks-cluster.module.eks.aws_security_group_rule.cluster_egress_internet",
            "module.eks-cluster.module.eks.aws_security_group_rule.cluster_https_worker_ingress",
            "module.eks-cluster.module.eks.data.aws_iam_policy_document.cluster_assume_role_policy",
            "module.eks-cluster.module.eks.data.aws_iam_policy_document.workers_assume_role_policy",
            "module.eks-cluster.module.eks.data.aws_iam_role.custom_cluster_iam_role",
            "module.eks-cluster.module.eks.data.aws_partition.current",
            "module.eks-cluster.module.vpc.aws_eip.nat",
            "module.eks-cluster.module.vpc.aws_subnet.private",
            "module.eks-cluster.module.vpc.aws_vpc.this",
            "module.eks-cluster.module.vpc.aws_vpc_ipv4_cidr_block_association.this",
            "module.eks-cluster.random_string.suffix"
          ],
          "create_before_destroy": true
        }
      ]
    },
    {
      "module": "module.eks-cluster.module.eks",
      "mode": "managed",
      "type": "aws_iam_policy",
      "name": "cluster_elb_sl_role_creation",
      "provider": "provider[\"registry.terraform.io/hashicorp/aws\"]",
      "instances": [
        {
          "index_key": 0,
          "schema_version": 0,
          "attributes": {
            "arn": "arn:aws:iam::772290144575:policy/example-webapp-eks-1VfrQgpg-elb-sl-role-creation20210328150503710400000002",
            "description": "Permissions for EKS to create AWSServiceRoleForElasticLoadBalancing service-linked role",
            "id": "arn:aws:iam::772290144575:policy/example-webapp-eks-1VfrQgpg-elb-sl-role-creation20210328150503710400000002",
            "name": "example-webapp-eks-1VfrQgpg-elb-sl-role-creation20210328150503710400000002",
            "name_prefix": "example-webapp-eks-1VfrQgpg-elb-sl-role-creation",
            "path": "/",
            "policy": "{\n  \"Version\": \"2012-10-17\",\n  \"Statement\": [\n    {\n      \"Sid\": \"\",\n      \"Effect\": \"Allow\",\n      \"Action\": [\n        \"ec2:DescribeInternetGateways\",\n        \"ec2:DescribeAccountAttributes\"\n      ],\n      \"Resource\": \"*\"\n    }\n  ]\n}"
          },
          "sensitive_attributes": [],
          "private": "bnVsbA==",
          "dependencies": [
            "module.eks-cluster.module.eks.data.aws_iam_policy_document.cluster_elb_sl_role_creation",
            "module.eks-cluster.random_string.suffix"
          ]
        }
      ]
    },
    {
      "module": "module.eks-cluster.module.eks",
      "mode": "managed",
      "type": "aws_iam_role",
      "name": "cluster",
      "provider": "provider[\"registry.terraform.io/hashicorp/aws\"]",
      "instances": [
        {
          "index_key": 0,
          "schema_version": 0,
          "attributes": {
            "arn": "arn:aws:iam::772290144575:role/example-webapp-eks-1VfrQgpg20210328150503707500000001",
            "assume_role_policy": "{\"Version\":\"2012-10-17\",\"Statement\":[{\"Sid\":\"EKSClusterAssumeRole\",\"Effect\":\"Allow\",\"Principal\":{\"Service\":\"eks.amazonaws.com\"},\"Action\":\"sts:AssumeRole\"}]}",
            "create_date": "2021-03-28T15:05:04Z",
            "description": "",
            "force_detach_policies": true,
            "id": "example-webapp-eks-1VfrQgpg20210328150503707500000001",
            "inline_policy": [
              {
                "name": "",
                "policy": ""
              }
            ],
            "managed_policy_arns": [
              "arn:aws:iam::772290144575:policy/example-webapp-eks-1VfrQgpg-elb-sl-role-creation20210328150503710400000002",
              "arn:aws:iam::aws:policy/AmazonEKSClusterPolicy",
              "arn:aws:iam::aws:policy/AmazonEKSServicePolicy",
              "arn:aws:iam::aws:policy/AmazonEKSVPCResourceController"
            ],
            "max_session_duration": 3600,
            "name": "example-webapp-eks-1VfrQgpg20210328150503707500000001",
            "name_prefix": "example-webapp-eks-1VfrQgpg",
            "path": "/",
            "permissions_boundary": null,
            "tags": {
              "Environment": "Example"
            },
            "unique_id": "AROA3HUAUNE72GNNEA5NC"
          },
          "sensitive_attributes": [],
          "private": "bnVsbA==",
          "dependencies": [
            "module.eks-cluster.module.eks.data.aws_iam_policy_document.cluster_assume_role_policy",
            "module.eks-cluster.random_string.suffix"
          ],
          "create_before_destroy": true
        }
      ]
    },
    {
      "module": "module.eks-cluster.module.eks",
      "mode": "managed",
      "type": "aws_iam_role",
      "name": "workers",
      "provider": "provider[\"registry.terraform.io/hashicorp/aws\"]",
      "instances": [
        {
          "index_key": 0,
          "schema_version": 0,
          "attributes": {
            "arn": "arn:aws:iam::772290144575:role/example-webapp-eks-1VfrQgpg2021032815153257580000000a",
            "assume_role_policy": "{\"Version\":\"2012-10-17\",\"Statement\":[{\"Sid\":\"EKSWorkerAssumeRole\",\"Effect\":\"Allow\",\"Principal\":{\"Service\":\"ec2.amazonaws.com\"},\"Action\":\"sts:AssumeRole\"}]}",
            "create_date": "2021-03-28T15:15:33Z",
            "description": "",
            "force_detach_policies": true,
            "id": "example-webapp-eks-1VfrQgpg2021032815153257580000000a",
            "inline_policy": [
              {
                "name": "",
                "policy": ""
              }
            ],
            "managed_policy_arns": [
              "arn:aws:iam::aws:policy/AmazonEC2ContainerRegistryReadOnly",
              "arn:aws:iam::aws:policy/AmazonEKSWorkerNodePolicy",
              "arn:aws:iam::aws:policy/AmazonEKS_CNI_Policy",
              "arn:aws:iam::aws:policy/CloudWatchAgentServerPolicy"
            ],
            "max_session_duration": 3600,
            "name": "example-webapp-eks-1VfrQgpg2021032815153257580000000a",
            "name_prefix": "example-webapp-eks-1VfrQgpg",
            "path": "/",
            "permissions_boundary": null,
            "tags": {
              "Environment": "Example"
            },
            "unique_id": "AROA3HUAUNE7YNRT4ZB5K"
          },
          "sensitive_attributes": [],
          "private": "bnVsbA==",
          "dependencies": [
            "module.eks-cluster.data.aws_availability_zones.available",
            "module.eks-cluster.module.eks.aws_cloudwatch_log_group.this",
            "module.eks-cluster.module.eks.aws_eks_cluster.this",
            "module.eks-cluster.module.eks.aws_iam_role.cluster",
            "module.eks-cluster.module.eks.aws_iam_role_policy_attachment.cluster_AmazonEKSClusterPolicy",
            "module.eks-cluster.module.eks.aws_iam_role_policy_attachment.cluster_AmazonEKSServicePolicy",
            "module.eks-cluster.module.eks.aws_iam_role_policy_attachment.cluster_AmazonEKSVPCResourceControllerPolicy",
            "module.eks-cluster.module.eks.aws_security_group.cluster",
            "module.eks-cluster.module.eks.aws_security_group.workers",
            "module.eks-cluster.module.eks.aws_security_group_rule.cluster_egress_internet",
            "module.eks-cluster.module.eks.aws_security_group_rule.cluster_https_worker_ingress",
            "module.eks-cluster.module.eks.data.aws_iam_policy_document.cluster_assume_role_policy",
            "module.eks-cluster.module.eks.data.aws_iam_policy_document.workers_assume_role_policy",
            "module.eks-cluster.module.eks.data.aws_iam_role.custom_cluster_iam_role",
            "module.eks-cluster.module.eks.data.aws_partition.current",
            "module.eks-cluster.module.vpc.aws_eip.nat",
            "module.eks-cluster.module.vpc.aws_subnet.private",
            "module.eks-cluster.module.vpc.aws_vpc.this",
            "module.eks-cluster.module.vpc.aws_vpc_ipv4_cidr_block_association.this",
            "module.eks-cluster.random_string.suffix"
          ],
          "create_before_destroy": true
        }
      ]
    },
    {
      "module": "module.eks-cluster.module.eks",
      "mode": "managed",
      "type": "aws_iam_role_policy_attachment",
      "name": "cluster_AmazonEKSClusterPolicy",
      "provider": "provider[\"registry.terraform.io/hashicorp/aws\"]",
      "instances": [
        {
          "index_key": 0,
          "schema_version": 0,
          "attributes": {
            "id": "example-webapp-eks-1VfrQgpg20210328150503707500000001-20210328150506191000000006",
            "policy_arn": "arn:aws:iam::aws:policy/AmazonEKSClusterPolicy",
            "role": "example-webapp-eks-1VfrQgpg20210328150503707500000001"
          },
          "sensitive_attributes": [],
          "private": "bnVsbA==",
          "dependencies": [
            "module.eks-cluster.module.eks.aws_iam_role.cluster",
            "module.eks-cluster.module.eks.data.aws_iam_policy_document.cluster_assume_role_policy",
            "module.eks-cluster.module.eks.data.aws_partition.current",
            "module.eks-cluster.random_string.suffix"
          ],
          "create_before_destroy": true
        }
      ]
    },
    {
      "module": "module.eks-cluster.module.eks",
      "mode": "managed",
      "type": "aws_iam_role_policy_attachment",
      "name": "cluster_AmazonEKSServicePolicy",
      "provider": "provider[\"registry.terraform.io/hashicorp/aws\"]",
      "instances": [
        {
          "index_key": 0,
          "schema_version": 0,
          "attributes": {
            "id": "example-webapp-eks-1VfrQgpg20210328150503707500000001-20210328150506190900000005",
            "policy_arn": "arn:aws:iam::aws:policy/AmazonEKSServicePolicy",
            "role": "example-webapp-eks-1VfrQgpg20210328150503707500000001"
          },
          "sensitive_attributes": [],
          "private": "bnVsbA==",
          "dependencies": [
            "module.eks-cluster.module.eks.aws_iam_role.cluster",
            "module.eks-cluster.module.eks.data.aws_iam_policy_document.cluster_assume_role_policy",
            "module.eks-cluster.module.eks.data.aws_partition.current",
            "module.eks-cluster.random_string.suffix"
          ],
          "create_before_destroy": true
        }
      ]
    },
    {
      "module": "module.eks-cluster.module.eks",
      "mode": "managed",
      "type": "aws_iam_role_policy_attachment",
      "name": "cluster_AmazonEKSVPCResourceControllerPolicy",
      "provider": "provider[\"registry.terraform.io/hashicorp/aws\"]",
      "instances": [
        {
          "index_key": 0,
          "schema_version": 0,
          "attributes": {
            "id": "example-webapp-eks-1VfrQgpg20210328150503707500000001-20210328150506190600000004",
            "policy_arn": "arn:aws:iam::aws:policy/AmazonEKSVPCResourceController",
            "role": "example-webapp-eks-1VfrQgpg20210328150503707500000001"
          },
          "sensitive_attributes": [],
          "private": "bnVsbA==",
          "dependencies": [
            "module.eks-cluster.module.eks.aws_iam_role.cluster",
            "module.eks-cluster.module.eks.data.aws_iam_policy_document.cluster_assume_role_policy",
            "module.eks-cluster.module.eks.data.aws_partition.current",
            "module.eks-cluster.random_string.suffix"
          ],
          "create_before_destroy": true
        }
      ]
    },
    {
      "module": "module.eks-cluster.module.eks",
      "mode": "managed",
      "type": "aws_iam_role_policy_attachment",
      "name": "cluster_elb_sl_role_creation",
      "provider": "provider[\"registry.terraform.io/hashicorp/aws\"]",
      "instances": [
        {
          "index_key": 0,
          "schema_version": 0,
          "attributes": {
            "id": "example-webapp-eks-1VfrQgpg20210328150503707500000001-20210328150506190300000003",
            "policy_arn": "arn:aws:iam::772290144575:policy/example-webapp-eks-1VfrQgpg-elb-sl-role-creation20210328150503710400000002",
            "role": "example-webapp-eks-1VfrQgpg20210328150503707500000001"
          },
          "sensitive_attributes": [],
          "private": "bnVsbA==",
          "dependencies": [
            "module.eks-cluster.module.eks.aws_iam_policy.cluster_elb_sl_role_creation",
            "module.eks-cluster.module.eks.aws_iam_role.cluster",
            "module.eks-cluster.module.eks.data.aws_iam_policy_document.cluster_assume_role_policy",
            "module.eks-cluster.module.eks.data.aws_iam_policy_document.cluster_elb_sl_role_creation",
            "module.eks-cluster.random_string.suffix"
          ]
        }
      ]
    },
    {
      "module": "module.eks-cluster.module.eks",
      "mode": "managed",
      "type": "aws_iam_role_policy_attachment",
      "name": "workers_AmazonEC2ContainerRegistryReadOnly",
      "provider": "provider[\"registry.terraform.io/hashicorp/aws\"]",
      "instances": [
        {
          "index_key": 0,
          "schema_version": 0,
          "attributes": {
            "id": "example-webapp-eks-1VfrQgpg2021032815153257580000000a-2021032815153478220000000e",
            "policy_arn": "arn:aws:iam::aws:policy/AmazonEC2ContainerRegistryReadOnly",
            "role": "example-webapp-eks-1VfrQgpg2021032815153257580000000a"
          },
          "sensitive_attributes": [],
          "private": "bnVsbA==",
          "dependencies": [
            "module.eks-cluster.data.aws_availability_zones.available",
            "module.eks-cluster.module.eks.aws_cloudwatch_log_group.this",
            "module.eks-cluster.module.eks.aws_eks_cluster.this",
            "module.eks-cluster.module.eks.aws_iam_role.cluster",
            "module.eks-cluster.module.eks.aws_iam_role.workers",
            "module.eks-cluster.module.eks.aws_iam_role_policy_attachment.cluster_AmazonEKSClusterPolicy",
            "module.eks-cluster.module.eks.aws_iam_role_policy_attachment.cluster_AmazonEKSServicePolicy",
            "module.eks-cluster.module.eks.aws_iam_role_policy_attachment.cluster_AmazonEKSVPCResourceControllerPolicy",
            "module.eks-cluster.module.eks.aws_security_group.cluster",
            "module.eks-cluster.module.eks.aws_security_group.workers",
            "module.eks-cluster.module.eks.aws_security_group_rule.cluster_egress_internet",
            "module.eks-cluster.module.eks.aws_security_group_rule.cluster_https_worker_ingress",
            "module.eks-cluster.module.eks.data.aws_iam_policy_document.cluster_assume_role_policy",
            "module.eks-cluster.module.eks.data.aws_iam_policy_document.workers_assume_role_policy",
            "module.eks-cluster.module.eks.data.aws_iam_role.custom_cluster_iam_role",
            "module.eks-cluster.module.eks.data.aws_partition.current",
            "module.eks-cluster.module.vpc.aws_eip.nat",
            "module.eks-cluster.module.vpc.aws_subnet.private",
            "module.eks-cluster.module.vpc.aws_vpc.this",
            "module.eks-cluster.module.vpc.aws_vpc_ipv4_cidr_block_association.this",
            "module.eks-cluster.random_string.suffix"
          ],
          "create_before_destroy": true
        }
      ]
    },
    {
      "module": "module.eks-cluster.module.eks",
      "mode": "managed",
      "type": "aws_iam_role_policy_attachment",
      "name": "workers_AmazonEKSWorkerNodePolicy",
      "provider": "provider[\"registry.terraform.io/hashicorp/aws\"]",
      "instances": [
        {
          "index_key": 0,
          "schema_version": 0,
          "attributes": {
            "id": "example-webapp-eks-1VfrQgpg2021032815153257580000000a-2021032815153476830000000d",
            "policy_arn": "arn:aws:iam::aws:policy/AmazonEKSWorkerNodePolicy",
            "role": "example-webapp-eks-1VfrQgpg2021032815153257580000000a"
          },
          "sensitive_attributes": [],
          "private": "bnVsbA==",
          "dependencies": [
            "module.eks-cluster.data.aws_availability_zones.available",
            "module.eks-cluster.module.eks.aws_cloudwatch_log_group.this",
            "module.eks-cluster.module.eks.aws_eks_cluster.this",
            "module.eks-cluster.module.eks.aws_iam_role.cluster",
            "module.eks-cluster.module.eks.aws_iam_role.workers",
            "module.eks-cluster.module.eks.aws_iam_role_policy_attachment.cluster_AmazonEKSClusterPolicy",
            "module.eks-cluster.module.eks.aws_iam_role_policy_attachment.cluster_AmazonEKSServicePolicy",
            "module.eks-cluster.module.eks.aws_iam_role_policy_attachment.cluster_AmazonEKSVPCResourceControllerPolicy",
            "module.eks-cluster.module.eks.aws_security_group.cluster",
            "module.eks-cluster.module.eks.aws_security_group.workers",
            "module.eks-cluster.module.eks.aws_security_group_rule.cluster_egress_internet",
            "module.eks-cluster.module.eks.aws_security_group_rule.cluster_https_worker_ingress",
            "module.eks-cluster.module.eks.data.aws_iam_policy_document.cluster_assume_role_policy",
            "module.eks-cluster.module.eks.data.aws_iam_policy_document.workers_assume_role_policy",
            "module.eks-cluster.module.eks.data.aws_iam_role.custom_cluster_iam_role",
            "module.eks-cluster.module.eks.data.aws_partition.current",
            "module.eks-cluster.module.vpc.aws_eip.nat",
            "module.eks-cluster.module.vpc.aws_subnet.private",
            "module.eks-cluster.module.vpc.aws_vpc.this",
            "module.eks-cluster.module.vpc.aws_vpc_ipv4_cidr_block_association.this",
            "module.eks-cluster.random_string.suffix"
          ],
          "create_before_destroy": true
        }
      ]
    },
    {
      "module": "module.eks-cluster.module.eks",
      "mode": "managed",
      "type": "aws_iam_role_policy_attachment",
      "name": "workers_AmazonEKS_CNI_Policy",
      "provider": "provider[\"registry.terraform.io/hashicorp/aws\"]",
      "instances": [
        {
          "index_key": 0,
          "schema_version": 0,
          "attributes": {
            "id": "example-webapp-eks-1VfrQgpg2021032815153257580000000a-2021032815153475810000000c",
            "policy_arn": "arn:aws:iam::aws:policy/AmazonEKS_CNI_Policy",
            "role": "example-webapp-eks-1VfrQgpg2021032815153257580000000a"
          },
          "sensitive_attributes": [],
          "private": "bnVsbA==",
          "dependencies": [
            "module.eks-cluster.data.aws_availability_zones.available",
            "module.eks-cluster.module.eks.aws_cloudwatch_log_group.this",
            "module.eks-cluster.module.eks.aws_eks_cluster.this",
            "module.eks-cluster.module.eks.aws_iam_role.cluster",
            "module.eks-cluster.module.eks.aws_iam_role.workers",
            "module.eks-cluster.module.eks.aws_iam_role_policy_attachment.cluster_AmazonEKSClusterPolicy",
            "module.eks-cluster.module.eks.aws_iam_role_policy_attachment.cluster_AmazonEKSServicePolicy",
            "module.eks-cluster.module.eks.aws_iam_role_policy_attachment.cluster_AmazonEKSVPCResourceControllerPolicy",
            "module.eks-cluster.module.eks.aws_security_group.cluster",
            "module.eks-cluster.module.eks.aws_security_group.workers",
            "module.eks-cluster.module.eks.aws_security_group_rule.cluster_egress_internet",
            "module.eks-cluster.module.eks.aws_security_group_rule.cluster_https_worker_ingress",
            "module.eks-cluster.module.eks.data.aws_iam_policy_document.cluster_assume_role_policy",
            "module.eks-cluster.module.eks.data.aws_iam_policy_document.workers_assume_role_policy",
            "module.eks-cluster.module.eks.data.aws_iam_role.custom_cluster_iam_role",
            "module.eks-cluster.module.eks.data.aws_partition.current",
            "module.eks-cluster.module.vpc.aws_eip.nat",
            "module.eks-cluster.module.vpc.aws_subnet.private",
            "module.eks-cluster.module.vpc.aws_vpc.this",
            "module.eks-cluster.module.vpc.aws_vpc_ipv4_cidr_block_association.this",
            "module.eks-cluster.random_string.suffix"
          ],
          "create_before_destroy": true
        }
      ]
    },
    {
      "module": "module.eks-cluster.module.eks",
      "mode": "managed",
      "type": "aws_launch_configuration",
      "name": "workers",
      "provider": "provider[\"registry.terraform.io/hashicorp/aws\"]",
      "instances": [
        {
          "index_key": 0,
          "schema_version": 0,
          "attributes": {
            "arn": "arn:aws:autoscaling:eu-west-2:772290144575:launchConfiguration:a0e7dac9-6719-4b5f-9f54-793ff4d7906e:launchConfigurationName/example-webapp-eks-1VfrQgpg-eks-worker-group2021032815153588170000000f",
            "associate_public_ip_address": false,
            "ebs_block_device": [],
            "ebs_optimized": true,
            "enable_monitoring": true,
            "ephemeral_block_device": [],
            "iam_instance_profile": "example-webapp-eks-1VfrQgpg2021032815153434090000000b",
            "id": "example-webapp-eks-1VfrQgpg-eks-worker-group2021032815153588170000000f",
            "image_id": "ami-033389566816ade4b",
            "instance_type": "t3.small",
            "key_name": "",
            "metadata_options": [],
            "name": "example-webapp-eks-1VfrQgpg-eks-worker-group2021032815153588170000000f",
            "name_prefix": "example-webapp-eks-1VfrQgpg-eks-worker-group",
            "placement_tenancy": "",
            "root_block_device": [
              {
                "delete_on_termination": true,
                "encrypted": false,
                "iops": 0,
                "volume_size": 100,
                "volume_type": "gp2"
              }
            ],
            "security_groups": [
              "sg-036aa62d7e2d9e148",
              "sg-08d77b91d8f9815d7"
            ],
            "spot_price": "",
            "user_data": null,
            "user_data_base64": "IyEvYmluL2Jhc2ggLWUKCiMgQWxsb3cgdXNlciBzdXBwbGllZCBwcmUgdXNlcmRhdGEgY29kZQoKCiMgQm9vdHN0cmFwIGFuZCBqb2luIHRoZSBjbHVzdGVyCi9ldGMvZWtzL2Jvb3RzdHJhcC5zaCAtLWI2NC1jbHVzdGVyLWNhICdMUzB0TFMxQ1JVZEpUaUJEUlZKVVNVWkpRMEZVUlMwdExTMHRDazFKU1VNMWVrTkRRV01yWjBGM1NVSkJaMGxDUVVSQlRrSm5hM0ZvYTJsSE9YY3dRa0ZSYzBaQlJFRldUVkpOZDBWUldVUldVVkZFUlhkd2NtUlhTbXdLWTIwMWJHUkhWbnBOUWpSWVJGUkplRTFFVFhsUFJFVXhUVlJGZDAweGIxaEVWRTE0VFVSTmVVNXFSVEZOVkVWM1RURnZkMFpVUlZSTlFrVkhRVEZWUlFwQmVFMUxZVE5XYVZwWVNuVmFXRkpzWTNwRFEwRlRTWGRFVVZsS1MyOWFTV2gyWTA1QlVVVkNRbEZCUkdkblJWQkJSRU5EUVZGdlEyZG5SVUpCVFdsMENsVXhNV001THpGQ2JDOXJaVWhTY0ZVd1MxVlJkRE5tSzNWMlZHazRSVVVyWkVaRmQwVk9jalZ4WlVsME1EVTBSMkV4U0dSd2RFZHpSSE5YZUVsT1ZsRUtjWGhGVVdSaVNuWmlWVXBoVVhFNVdrdE9SbUV4Y0hadVJqbERhWFlyVld4ellVbHhkVzlvVGxKTkx6SlVaR0ZIUmtWSWEzQjFhMmRsTDB0TFlWQmxkQXAwWjNWMFRVc3lhemQwUzBGNVMzcENZakY1VTBONWIzbHhTQzlNUjFJcmFXOHZaa1psTnpaeVkxZzBlR1ZMUVdZNVMzbEpTbVJOT0VaTGRESlJiVzgxQ25KeGIzTXpVbk5NUjFsUGFUYzRjMjlZVG05aGMwazBTMUJKVFZsME9YRlVlVWRqWVVsWGVsSlFjR2x0UkdadGRDdHdkblZwZUV3MGNUQXhZV05yYkVrS1F6SmlXbEpGVDJOYVpqRkdXVGc0TUZGQmVVRndTRUZKYlc1dU5VMDNUa3RaWlRCb05ERmhUVGhYUnpkeVIwWk9RU3RSTVhSeGJ6WkdNeTlNZDFnMFlnbzRabVI0ZUc5UloyNXpSVVpIT0ZBeE1VRnpRMEYzUlVGQllVNURUVVZCZDBSbldVUldVakJRUVZGSUwwSkJVVVJCWjB0clRVRTRSMEV4VldSRmQwVkNDaTkzVVVaTlFVMUNRV1k0ZDBoUldVUldVakJQUWtKWlJVWkhZa1JvYUd0WlN6aHJkbmRzTlhCelJUTkNaamMxYkd4bVJGUk5RVEJIUTFOeFIxTkpZak1LUkZGRlFrTjNWVUZCTkVsQ1FWRkRUamgyV2k4eWQyaDNiR1V2VG5aU09ETTBXVkZRWkZaeFIyeGpTRTk1TWt4WFFqaGpjRXhrZVUxcEt6bFJVakZzTndwRWRHRlNOMVJsU0RCelRtTndVbGhuVkRsQlpTdHBMMEZWTm1ST1RGRnhVbTFDY1hGSVlURjBhQ3QwT0N0T1ozaGtOWEZRSzJ4TWNqUnZNWGhKTXpscENsUTFLM0F5VEVSUk5XOUZabXBCUW5aNldqRm9VVVl3ZDJ0U1lrY3lVV0Z6SzFOMVNqZHhZekVyTTI4eWFWbGxOVkJXTkVzNGVWY3lLM0JDTnpSNmJXY0tla1ZFYzNaWVJFOUZaMnhIVW5CcmVVZHFiRFVySzBoaFExTTNVbEpPYkhwbU5GWnZWVW81WlhFNFVsbDZOalZ5TjJsa1VVUndRVmd6V0Rnek1FOXBSQW8wZEVKRWFUbHdRbWxEYUdwVk5GbEZRamx5WVRrMU5rSktNelV5Y0UxRVdXMVROMkZvUmpKVU0zQmlkMjh2UjFScFNHVm9PV1I1YWpGTU1HUkxaVTFOQ2paTFZIRnVUVGhaYTJSRVpFSlBLMXBVZDJVNWFFdEJkMU5YUlhRclUyaHhXV2xXVEFvdExTMHRMVVZPUkNCRFJWSlVTVVpKUTBGVVJTMHRMUzB0Q2c9PScgLS1hcGlzZXJ2ZXItZW5kcG9pbnQgJ2h0dHBzOi8vMUU5NDc2MERGNUZEM0Y3MzM0RTUzQzZCRjU4ODczMDkuZ3I3LmV1LXdlc3QtMi5la3MuYW1hem9uYXdzLmNvbScgIC0ta3ViZWxldC1leHRyYS1hcmdzICIiICdleGFtcGxlLXdlYmFwcC1la3MtMVZmclFncGcnCgojIEFsbG93IHVzZXIgc3VwcGxpZWQgdXNlcmRhdGEgY29kZQoK",
            "vpc_classic_link_id": "",
            "vpc_classic_link_security_groups": []
          },
          "sensitive_attributes": [],
          "private": "bnVsbA==",
          "dependencies": [
            "module.eks-cluster.aws_security_group.eks_worker",
            "module.eks-cluster.data.aws_availability_zones.available",
            "module.eks-cluster.module.eks.aws_cloudwatch_log_group.this",
            "module.eks-cluster.module.eks.aws_eks_cluster.this",
            "module.eks-cluster.module.eks.aws_iam_instance_profile.workers",
            "module.eks-cluster.module.eks.aws_iam_role.cluster",
            "module.eks-cluster.module.eks.aws_iam_role.workers",
            "module.eks-cluster.module.eks.aws_iam_role_policy_attachment.cluster_AmazonEKSClusterPolicy",
            "module.eks-cluster.module.eks.aws_iam_role_policy_attachment.cluster_AmazonEKSServicePolicy",
            "module.eks-cluster.module.eks.aws_iam_role_policy_attachment.cluster_AmazonEKSVPCResourceControllerPolicy",
            "module.eks-cluster.module.eks.aws_iam_role_policy_attachment.workers_AmazonEC2ContainerRegistryReadOnly",
            "module.eks-cluster.module.eks.aws_iam_role_policy_attachment.workers_AmazonEKSWorkerNodePolicy",
            "module.eks-cluster.module.eks.aws_iam_role_policy_attachment.workers_AmazonEKS_CNI_Policy",
            "module.eks-cluster.module.eks.aws_iam_role_policy_attachment.workers_additional_policies",
            "module.eks-cluster.module.eks.aws_security_group.cluster",
            "module.eks-cluster.module.eks.aws_security_group.workers",
            "module.eks-cluster.module.eks.aws_security_group_rule.cluster_egress_internet",
            "module.eks-cluster.module.eks.aws_security_group_rule.cluster_https_worker_ingress",
            "module.eks-cluster.module.eks.aws_security_group_rule.cluster_primary_ingress_workers",
            "module.eks-cluster.module.eks.aws_security_group_rule.workers_egress_internet",
            "module.eks-cluster.module.eks.aws_security_group_rule.workers_ingress_cluster",
            "module.eks-cluster.module.eks.aws_security_group_rule.workers_ingress_cluster_https",
            "module.eks-cluster.module.eks.aws_security_group_rule.workers_ingress_cluster_kubelet",
            "module.eks-cluster.module.eks.aws_security_group_rule.workers_ingress_cluster_primary",
            "module.eks-cluster.module.eks.aws_security_group_rule.workers_ingress_self",
            "module.eks-cluster.module.eks.data.aws_ami.eks_worker",
            "module.eks-cluster.module.eks.data.aws_ami.eks_worker_windows",
            "module.eks-cluster.module.eks.data.aws_iam_instance_profile.custom_worker_group_iam_instance_profile",
            "module.eks-cluster.module.eks.data.aws_iam_policy_document.cluster_assume_role_policy",
            "module.eks-cluster.module.eks.data.aws_iam_policy_document.workers_assume_role_policy",
            "module.eks-cluster.module.eks.data.aws_iam_role.custom_cluster_iam_role",
            "module.eks-cluster.module.eks.data.aws_partition.current",
            "module.eks-cluster.module.eks.data.template_file.userdata",
            "module.eks-cluster.module.vpc.aws_eip.nat",
            "module.eks-cluster.module.vpc.aws_subnet.private",
            "module.eks-cluster.module.vpc.aws_vpc.this",
            "module.eks-cluster.module.vpc.aws_vpc_ipv4_cidr_block_association.this",
            "module.eks-cluster.random_string.suffix"
          ],
          "create_before_destroy": true
        }
      ]
    },
    {
      "module": "module.eks-cluster.module.eks",
      "mode": "managed",
      "type": "aws_security_group",
      "name": "cluster",
      "provider": "provider[\"registry.terraform.io/hashicorp/aws\"]",
      "instances": [
        {
          "index_key": 0,
          "schema_version": 1,
          "attributes": {
            "arn": "arn:aws:ec2:eu-west-2:772290144575:security-group/sg-06d2af5a05a0d4061",
            "description": "EKS cluster security group.",
            "egress": [
              {
                "cidr_blocks": [
                  "0.0.0.0/0"
                ],
                "description": "Allow cluster egress access to the Internet.",
                "from_port": 0,
                "ipv6_cidr_blocks": [],
                "prefix_list_ids": [],
                "protocol": "-1",
                "security_groups": [],
                "self": false,
                "to_port": 0
              }
            ],
            "id": "sg-06d2af5a05a0d4061",
            "ingress": [
              {
                "cidr_blocks": [],
                "description": "Allow pods to communicate with the EKS cluster API.",
                "from_port": 443,
                "ipv6_cidr_blocks": [],
                "prefix_list_ids": [],
                "protocol": "tcp",
                "security_groups": [
                  "sg-08d77b91d8f9815d7"
                ],
                "self": false,
                "to_port": 443
              }
            ],
            "name": "example-webapp-eks-1VfrQgpg20210328150515580000000008",
            "name_prefix": "example-webapp-eks-1VfrQgpg",
            "owner_id": "772290144575",
            "revoke_rules_on_delete": false,
            "tags": {
              "Environment": "Example",
              "Name": "example-webapp-eks-1VfrQgpg-eks_cluster_sg"
            },
            "timeouts": null,
            "vpc_id": "vpc-01bf6363532b4ba75"
          },
          "sensitive_attributes": [],
          "private": "eyJlMmJmYjczMC1lY2FhLTExZTYtOGY4OC0zNDM2M2JjN2M0YzAiOnsiY3JlYXRlIjo2MDAwMDAwMDAwMDAsImRlbGV0ZSI6NjAwMDAwMDAwMDAwfSwic2NoZW1hX3ZlcnNpb24iOiIxIn0=",
          "dependencies": [
            "module.eks-cluster.module.vpc.aws_vpc.this",
            "module.eks-cluster.random_string.suffix"
          ],
          "create_before_destroy": true
        }
      ]
    },
    {
      "module": "module.eks-cluster.module.eks",
      "mode": "managed",
      "type": "aws_security_group",
      "name": "workers",
      "provider": "provider[\"registry.terraform.io/hashicorp/aws\"]",
      "instances": [
        {
          "index_key": 0,
          "schema_version": 1,
          "attributes": {
            "arn": "arn:aws:ec2:eu-west-2:772290144575:security-group/sg-08d77b91d8f9815d7",
            "description": "Security group for all nodes in the cluster.",
            "egress": [
              {
                "cidr_blocks": [
                  "0.0.0.0/0"
                ],
                "description": "Allow nodes all egress to the Internet.",
                "from_port": 0,
                "ipv6_cidr_blocks": [],
                "prefix_list_ids": [],
                "protocol": "-1",
                "security_groups": [],
                "self": false,
                "to_port": 0
              }
            ],
            "id": "sg-08d77b91d8f9815d7",
            "ingress": [
              {
                "cidr_blocks": [],
                "description": "",
                "from_port": 0,
                "ipv6_cidr_blocks": [],
                "prefix_list_ids": [],
                "protocol": "-1",
                "security_groups": [
                  "sg-09244bcf5cb88b248"
                ],
                "self": false,
                "to_port": 0
              },
              {
                "cidr_blocks": [],
                "description": "Allow node to communicate with each other.",
                "from_port": 0,
                "ipv6_cidr_blocks": [],
                "prefix_list_ids": [],
                "protocol": "-1",
                "security_groups": [],
                "self": true,
                "to_port": 0
              },
              {
                "cidr_blocks": [],
                "description": "Allow pods running extension API servers on port 443 to receive communication from cluster control plane.",
                "from_port": 443,
                "ipv6_cidr_blocks": [],
                "prefix_list_ids": [],
                "protocol": "tcp",
                "security_groups": [
                  "sg-06d2af5a05a0d4061"
                ],
                "self": false,
                "to_port": 443
              },
              {
                "cidr_blocks": [],
                "description": "Allow workers pods to receive communication from the cluster control plane.",
                "from_port": 1025,
                "ipv6_cidr_blocks": [],
                "prefix_list_ids": [],
                "protocol": "tcp",
                "security_groups": [
                  "sg-06d2af5a05a0d4061"
                ],
                "self": false,
                "to_port": 65535
              }
            ],
            "name": "example-webapp-eks-1VfrQgpg20210328150516327300000009",
            "name_prefix": "example-webapp-eks-1VfrQgpg",
            "owner_id": "772290144575",
            "revoke_rules_on_delete": false,
            "tags": {
              "Environment": "Example",
              "Name": "example-webapp-eks-1VfrQgpg-eks_worker_sg",
              "kubernetes.io/cluster/example-webapp-eks-1VfrQgpg": "owned"
            },
            "timeouts": null,
            "vpc_id": "vpc-01bf6363532b4ba75"
          },
          "sensitive_attributes": [],
          "private": "eyJlMmJmYjczMC1lY2FhLTExZTYtOGY4OC0zNDM2M2JjN2M0YzAiOnsiY3JlYXRlIjo2MDAwMDAwMDAwMDAsImRlbGV0ZSI6NjAwMDAwMDAwMDAwfSwic2NoZW1hX3ZlcnNpb24iOiIxIn0=",
          "dependencies": [
            "module.eks-cluster.module.vpc.aws_vpc.this",
            "module.eks-cluster.random_string.suffix"
          ],
          "create_before_destroy": true
        }
      ]
    },
    {
      "module": "module.eks-cluster.module.eks",
      "mode": "managed",
      "type": "aws_security_group_rule",
      "name": "cluster_egress_internet",
      "provider": "provider[\"registry.terraform.io/hashicorp/aws\"]",
      "instances": [
        {
          "index_key": 0,
          "schema_version": 2,
          "attributes": {
            "cidr_blocks": [
              "0.0.0.0/0"
            ],
            "description": "Allow cluster egress access to the Internet.",
            "from_port": 0,
            "id": "sgrule-912676314",
            "ipv6_cidr_blocks": [],
            "prefix_list_ids": [],
            "protocol": "-1",
            "security_group_id": "sg-06d2af5a05a0d4061",
            "self": false,
            "source_security_group_id": null,
            "to_port": 0,
            "type": "egress"
          },
          "sensitive_attributes": [],
          "private": "eyJzY2hlbWFfdmVyc2lvbiI6IjIifQ==",
          "dependencies": [
            "module.eks-cluster.module.eks.aws_security_group.cluster",
            "module.eks-cluster.module.vpc.aws_vpc.this",
            "module.eks-cluster.random_string.suffix"
          ],
          "create_before_destroy": true
        }
      ]
    },
    {
      "module": "module.eks-cluster.module.eks",
      "mode": "managed",
      "type": "aws_security_group_rule",
      "name": "cluster_https_worker_ingress",
      "provider": "provider[\"registry.terraform.io/hashicorp/aws\"]",
      "instances": [
        {
          "index_key": 0,
          "schema_version": 2,
          "attributes": {
            "cidr_blocks": [],
            "description": "Allow pods to communicate with the EKS cluster API.",
            "from_port": 443,
            "id": "sgrule-3394520495",
            "ipv6_cidr_blocks": [],
            "prefix_list_ids": [],
            "protocol": "tcp",
            "security_group_id": "sg-06d2af5a05a0d4061",
            "self": false,
            "source_security_group_id": "sg-08d77b91d8f9815d7",
            "to_port": 443,
            "type": "ingress"
          },
          "sensitive_attributes": [],
          "private": "eyJzY2hlbWFfdmVyc2lvbiI6IjIifQ==",
          "dependencies": [
            "module.eks-cluster.module.eks.aws_security_group.cluster",
            "module.eks-cluster.module.eks.aws_security_group.workers",
            "module.eks-cluster.module.vpc.aws_vpc.this",
            "module.eks-cluster.random_string.suffix"
          ],
          "create_before_destroy": true
        }
      ]
    },
    {
      "module": "module.eks-cluster.module.eks",
      "mode": "managed",
      "type": "aws_security_group_rule",
      "name": "workers_egress_internet",
      "provider": "provider[\"registry.terraform.io/hashicorp/aws\"]",
      "instances": [
        {
          "index_key": 0,
          "schema_version": 2,
          "attributes": {
            "cidr_blocks": [
              "0.0.0.0/0"
            ],
            "description": "Allow nodes all egress to the Internet.",
            "from_port": 0,
            "id": "sgrule-1320433136",
            "ipv6_cidr_blocks": [],
            "prefix_list_ids": [],
            "protocol": "-1",
            "security_group_id": "sg-08d77b91d8f9815d7",
            "self": false,
            "source_security_group_id": null,
            "to_port": 0,
            "type": "egress"
          },
          "sensitive_attributes": [],
          "private": "eyJzY2hlbWFfdmVyc2lvbiI6IjIifQ==",
          "dependencies": [
            "module.eks-cluster.module.eks.aws_security_group.workers",
            "module.eks-cluster.module.vpc.aws_vpc.this",
            "module.eks-cluster.random_string.suffix"
          ],
          "create_before_destroy": true
        }
      ]
    },
    {
      "module": "module.eks-cluster.module.eks",
      "mode": "managed",
      "type": "aws_security_group_rule",
      "name": "workers_ingress_cluster",
      "provider": "provider[\"registry.terraform.io/hashicorp/aws\"]",
      "instances": [
        {
          "index_key": 0,
          "schema_version": 2,
          "attributes": {
            "cidr_blocks": [],
            "description": "Allow workers pods to receive communication from the cluster control plane.",
            "from_port": 1025,
            "id": "sgrule-3484329341",
            "ipv6_cidr_blocks": [],
            "prefix_list_ids": [],
            "protocol": "tcp",
            "security_group_id": "sg-08d77b91d8f9815d7",
            "self": false,
            "source_security_group_id": "sg-06d2af5a05a0d4061",
            "to_port": 65535,
            "type": "ingress"
          },
          "sensitive_attributes": [],
          "private": "eyJzY2hlbWFfdmVyc2lvbiI6IjIifQ==",
          "dependencies": [
            "module.eks-cluster.module.eks.aws_security_group.cluster",
            "module.eks-cluster.module.eks.aws_security_group.workers",
            "module.eks-cluster.module.vpc.aws_vpc.this",
            "module.eks-cluster.random_string.suffix"
          ],
          "create_before_destroy": true
        }
      ]
    },
    {
      "module": "module.eks-cluster.module.eks",
      "mode": "managed",
      "type": "aws_security_group_rule",
      "name": "workers_ingress_cluster_https",
      "provider": "provider[\"registry.terraform.io/hashicorp/aws\"]",
      "instances": [
        {
          "index_key": 0,
          "schema_version": 2,
          "attributes": {
            "cidr_blocks": [],
            "description": "Allow pods running extension API servers on port 443 to receive communication from cluster control plane.",
            "from_port": 443,
            "id": "sgrule-2625845049",
            "ipv6_cidr_blocks": [],
            "prefix_list_ids": [],
            "protocol": "tcp",
            "security_group_id": "sg-08d77b91d8f9815d7",
            "self": false,
            "source_security_group_id": "sg-06d2af5a05a0d4061",
            "to_port": 443,
            "type": "ingress"
          },
          "sensitive_attributes": [],
          "private": "eyJzY2hlbWFfdmVyc2lvbiI6IjIifQ==",
          "dependencies": [
            "module.eks-cluster.module.eks.aws_security_group.cluster",
            "module.eks-cluster.module.eks.aws_security_group.workers",
            "module.eks-cluster.module.vpc.aws_vpc.this",
            "module.eks-cluster.random_string.suffix"
          ],
          "create_before_destroy": true
        }
      ]
    },
    {
      "module": "module.eks-cluster.module.eks",
      "mode": "managed",
      "type": "aws_security_group_rule",
      "name": "workers_ingress_self",
      "provider": "provider[\"registry.terraform.io/hashicorp/aws\"]",
      "instances": [
        {
          "index_key": 0,
          "schema_version": 2,
          "attributes": {
            "cidr_blocks": [],
            "description": "Allow node to communicate with each other.",
            "from_port": 0,
            "id": "sgrule-1387286836",
            "ipv6_cidr_blocks": [],
            "prefix_list_ids": [],
            "protocol": "-1",
            "security_group_id": "sg-08d77b91d8f9815d7",
            "self": false,
            "source_security_group_id": "sg-08d77b91d8f9815d7",
            "to_port": 0,
            "type": "ingress"
          },
          "sensitive_attributes": [],
          "private": "eyJzY2hlbWFfdmVyc2lvbiI6IjIifQ==",
          "dependencies": [
            "module.eks-cluster.module.eks.aws_security_group.workers",
            "module.eks-cluster.module.vpc.aws_vpc.this",
            "module.eks-cluster.random_string.suffix"
          ],
          "create_before_destroy": true
        }
      ]
    },
    {
      "module": "module.eks-cluster.module.eks",
      "mode": "managed",
      "type": "kubernetes_config_map",
      "name": "aws_auth",
      "provider": "provider[\"registry.terraform.io/hashicorp/kubernetes\"]",
      "instances": [
        {
          "index_key": 0,
          "schema_version": 0,
          "attributes": {
            "binary_data": {},
            "data": {
              "mapAccounts": "[]\n",
              "mapRoles": "- \"groups\":\n  - \"system:bootstrappers\"\n  - \"system:nodes\"\n  \"rolearn\": \"arn:aws:iam::772290144575:role/example-webapp-eks-1VfrQgpg2021032815153257580000000a\"\n  \"username\": \"system:node:{{EC2PrivateDNSName}}\"\n",
              "mapUsers": "[]\n"
            },
            "id": "kube-system/aws-auth",
            "metadata": [
              {
                "annotations": {},
                "generate_name": "",
                "generation": 0,
                "labels": {
                  "app.kubernetes.io/managed-by": "Terraform",
                  "terraform.io/module": "terraform-aws-modules.eks.aws"
                },
                "name": "aws-auth",
                "namespace": "kube-system",
                "resource_version": "850",
                "self_link": "",
                "uid": "d1144de3-1aad-4ea3-b2df-1a039150be35"
              }
            ]
          },
          "sensitive_attributes": [],
          "private": "bnVsbA==",
          "dependencies": [
            "data.aws_eks_cluster.cluster",
            "module.eks-cluster.aws_security_group.eks_worker",
            "module.eks-cluster.data.aws_availability_zones.available",
            "module.eks-cluster.module.eks.aws_cloudwatch_log_group.this",
            "module.eks-cluster.module.eks.aws_eks_cluster.this",
            "module.eks-cluster.module.eks.aws_iam_instance_profile.workers",
            "module.eks-cluster.module.eks.aws_iam_instance_profile.workers_launch_template",
            "module.eks-cluster.module.eks.aws_iam_role.cluster",
            "module.eks-cluster.module.eks.aws_iam_role.workers",
            "module.eks-cluster.module.eks.aws_iam_role_policy_attachment.cluster_AmazonEKSClusterPolicy",
            "module.eks-cluster.module.eks.aws_iam_role_policy_attachment.cluster_AmazonEKSServicePolicy",
            "module.eks-cluster.module.eks.aws_iam_role_policy_attachment.cluster_AmazonEKSVPCResourceControllerPolicy",
            "module.eks-cluster.module.eks.aws_security_group.cluster",
            "module.eks-cluster.module.eks.aws_security_group.workers",
            "module.eks-cluster.module.eks.aws_security_group_rule.cluster_egress_internet",
            "module.eks-cluster.module.eks.aws_security_group_rule.cluster_https_worker_ingress",
            "module.eks-cluster.module.eks.aws_security_group_rule.cluster_private_access",
            "module.eks-cluster.module.eks.data.aws_ami.eks_worker",
            "module.eks-cluster.module.eks.data.aws_caller_identity.current",
            "module.eks-cluster.module.eks.data.aws_iam_instance_profile.custom_worker_group_iam_instance_profile",
            "module.eks-cluster.module.eks.data.aws_iam_instance_profile.custom_worker_group_launch_template_iam_instance_profile",
            "module.eks-cluster.module.eks.data.aws_iam_policy_document.cluster_assume_role_policy",
            "module.eks-cluster.module.eks.data.aws_iam_policy_document.workers_assume_role_policy",
            "module.eks-cluster.module.eks.data.aws_iam_role.custom_cluster_iam_role",
            "module.eks-cluster.module.eks.data.aws_partition.current",
            "module.eks-cluster.module.eks.module.fargate.aws_iam_role.eks_fargate_pod",
            "module.eks-cluster.module.eks.module.fargate.data.aws_iam_policy_document.eks_fargate_pod_assume_role",
            "module.eks-cluster.module.eks.module.fargate.data.aws_iam_role.custom_fargate_iam_role",
            "module.eks-cluster.module.eks.null_resource.wait_for_cluster",
            "module.eks-cluster.module.vpc.aws_eip.nat",
            "module.eks-cluster.module.vpc.aws_subnet.private",
            "module.eks-cluster.module.vpc.aws_vpc.this",
            "module.eks-cluster.module.vpc.aws_vpc_ipv4_cidr_block_association.this",
            "module.eks-cluster.random_string.suffix"
          ],
          "create_before_destroy": true
        }
      ]
    },
    {
      "module": "module.eks-cluster.module.eks",
      "mode": "managed",
      "type": "null_resource",
      "name": "wait_for_cluster",
      "provider": "provider[\"registry.terraform.io/hashicorp/null\"]",
      "instances": [
        {
          "index_key": 0,
          "schema_version": 0,
          "attributes": {
            "id": "6052639127211221487",
            "triggers": null
          },
          "sensitive_attributes": [],
          "private": "bnVsbA==",
          "dependencies": [
            "module.eks-cluster.data.aws_availability_zones.available",
            "module.eks-cluster.module.eks.aws_cloudwatch_log_group.this",
            "module.eks-cluster.module.eks.aws_eks_cluster.this",
            "module.eks-cluster.module.eks.aws_iam_role.cluster",
            "module.eks-cluster.module.eks.aws_iam_role_policy_attachment.cluster_AmazonEKSClusterPolicy",
            "module.eks-cluster.module.eks.aws_iam_role_policy_attachment.cluster_AmazonEKSServicePolicy",
            "module.eks-cluster.module.eks.aws_iam_role_policy_attachment.cluster_AmazonEKSVPCResourceControllerPolicy",
            "module.eks-cluster.module.eks.aws_security_group.cluster",
            "module.eks-cluster.module.eks.aws_security_group.workers",
            "module.eks-cluster.module.eks.aws_security_group_rule.cluster_egress_internet",
            "module.eks-cluster.module.eks.aws_security_group_rule.cluster_https_worker_ingress",
            "module.eks-cluster.module.eks.aws_security_group_rule.cluster_private_access",
            "module.eks-cluster.module.eks.data.aws_iam_policy_document.cluster_assume_role_policy",
            "module.eks-cluster.module.eks.data.aws_iam_role.custom_cluster_iam_role",
            "module.eks-cluster.module.eks.data.aws_partition.current",
            "module.eks-cluster.module.vpc.aws_eip.nat",
            "module.eks-cluster.module.vpc.aws_subnet.private",
            "module.eks-cluster.module.vpc.aws_vpc.this",
            "module.eks-cluster.module.vpc.aws_vpc_ipv4_cidr_block_association.this",
            "module.eks-cluster.random_string.suffix"
          ],
          "create_before_destroy": true
        }
      ]
    },
    {
      "module": "module.eks-cluster.module.eks",
      "mode": "managed",
      "type": "random_pet",
      "name": "workers",
      "provider": "provider[\"registry.terraform.io/hashicorp/random\"]",
      "instances": [
        {
          "index_key": 0,
          "schema_version": 0,
          "attributes": {
            "id": "workable-boa",
            "keepers": {
              "lc_name": "example-webapp-eks-1VfrQgpg-eks-worker-group2021032815153588170000000f"
            },
            "length": 2,
            "prefix": null,
            "separator": "-"
          },
          "sensitive_attributes": [],
          "private": "bnVsbA==",
          "dependencies": [
            "module.eks-cluster.aws_security_group.eks_worker",
            "module.eks-cluster.data.aws_availability_zones.available",
            "module.eks-cluster.module.eks.aws_cloudwatch_log_group.this",
            "module.eks-cluster.module.eks.aws_eks_cluster.this",
            "module.eks-cluster.module.eks.aws_iam_instance_profile.workers",
            "module.eks-cluster.module.eks.aws_iam_role.cluster",
            "module.eks-cluster.module.eks.aws_iam_role.workers",
            "module.eks-cluster.module.eks.aws_iam_role_policy_attachment.cluster_AmazonEKSClusterPolicy",
            "module.eks-cluster.module.eks.aws_iam_role_policy_attachment.cluster_AmazonEKSServicePolicy",
            "module.eks-cluster.module.eks.aws_iam_role_policy_attachment.cluster_AmazonEKSVPCResourceControllerPolicy",
            "module.eks-cluster.module.eks.aws_iam_role_policy_attachment.workers_AmazonEC2ContainerRegistryReadOnly",
            "module.eks-cluster.module.eks.aws_iam_role_policy_attachment.workers_AmazonEKSWorkerNodePolicy",
            "module.eks-cluster.module.eks.aws_iam_role_policy_attachment.workers_AmazonEKS_CNI_Policy",
            "module.eks-cluster.module.eks.aws_iam_role_policy_attachment.workers_additional_policies",
            "module.eks-cluster.module.eks.aws_launch_configuration.workers",
            "module.eks-cluster.module.eks.aws_security_group.cluster",
            "module.eks-cluster.module.eks.aws_security_group.workers",
            "module.eks-cluster.module.eks.aws_security_group_rule.cluster_egress_internet",
            "module.eks-cluster.module.eks.aws_security_group_rule.cluster_https_worker_ingress",
            "module.eks-cluster.module.eks.aws_security_group_rule.cluster_primary_ingress_workers",
            "module.eks-cluster.module.eks.aws_security_group_rule.workers_egress_internet",
            "module.eks-cluster.module.eks.aws_security_group_rule.workers_ingress_cluster",
            "module.eks-cluster.module.eks.aws_security_group_rule.workers_ingress_cluster_https",
            "module.eks-cluster.module.eks.aws_security_group_rule.workers_ingress_cluster_kubelet",
            "module.eks-cluster.module.eks.aws_security_group_rule.workers_ingress_cluster_primary",
            "module.eks-cluster.module.eks.aws_security_group_rule.workers_ingress_self",
            "module.eks-cluster.module.eks.data.aws_ami.eks_worker",
            "module.eks-cluster.module.eks.data.aws_ami.eks_worker_windows",
            "module.eks-cluster.module.eks.data.aws_iam_instance_profile.custom_worker_group_iam_instance_profile",
            "module.eks-cluster.module.eks.data.aws_iam_policy_document.cluster_assume_role_policy",
            "module.eks-cluster.module.eks.data.aws_iam_policy_document.workers_assume_role_policy",
            "module.eks-cluster.module.eks.data.aws_iam_role.custom_cluster_iam_role",
            "module.eks-cluster.module.eks.data.aws_partition.current",
            "module.eks-cluster.module.eks.data.template_file.userdata",
            "module.eks-cluster.module.vpc.aws_eip.nat",
            "module.eks-cluster.module.vpc.aws_subnet.private",
            "module.eks-cluster.module.vpc.aws_vpc.this",
            "module.eks-cluster.module.vpc.aws_vpc_ipv4_cidr_block_association.this",
            "module.eks-cluster.random_string.suffix"
          ],
          "create_before_destroy": true
        }
      ]
    },
    {
      "module": "module.eks-cluster.module.vpc",
      "mode": "managed",
      "type": "aws_eip",
      "name": "nat",
      "provider": "provider[\"registry.terraform.io/hashicorp/aws\"]",
      "instances": [
        {
          "index_key": 0,
          "schema_version": 0,
          "attributes": {
            "allocation_id": null,
            "associate_with_private_ip": null,
            "association_id": "eipassoc-09eb9a64b330b379d",
            "carrier_ip": "",
            "customer_owned_ip": "",
            "customer_owned_ipv4_pool": "",
            "domain": "vpc",
            "id": "eipalloc-0e79ebaeb71616831",
            "instance": "",
            "network_border_group": "eu-west-2",
            "network_interface": "eni-00e4512839f8b5dbc",
            "private_dns": "ip-10-0-4-123.eu-west-2.compute.internal",
            "private_ip": "10.0.4.123",
            "public_dns": "ec2-35-176-12-123.eu-west-2.compute.amazonaws.com",
            "public_ip": "35.176.12.123",
            "public_ipv4_pool": "amazon",
            "tags": {
              "Name": "example-webapp-vpc-eu-west-2a",
              "kubernetes.io/cluster/example-webapp-eks-1VfrQgpg": "shared"
            },
            "timeouts": null,
            "vpc": true
          },
          "sensitive_attributes": [],
          "private": "eyJlMmJmYjczMC1lY2FhLTExZTYtOGY4OC0zNDM2M2JjN2M0YzAiOnsiZGVsZXRlIjoxODAwMDAwMDAwMDAsInJlYWQiOjkwMDAwMDAwMDAwMCwidXBkYXRlIjozMDAwMDAwMDAwMDB9fQ==",
          "dependencies": [
            "module.eks-cluster.data.aws_availability_zones.available",
            "module.eks-cluster.random_string.suffix"
          ],
          "create_before_destroy": true
        }
      ]
    },
    {
      "module": "module.eks-cluster.module.vpc",
      "mode": "managed",
      "type": "aws_internet_gateway",
      "name": "this",
      "provider": "provider[\"registry.terraform.io/hashicorp/aws\"]",
      "instances": [
        {
          "index_key": 0,
          "schema_version": 0,
          "attributes": {
            "arn": "arn:aws:ec2:eu-west-2:772290144575:internet-gateway/igw-0a666740112763767",
            "id": "igw-0a666740112763767",
            "owner_id": "772290144575",
            "tags": {
              "Name": "example-webapp-vpc",
              "kubernetes.io/cluster/example-webapp-eks-1VfrQgpg": "shared"
            },
            "vpc_id": "vpc-01bf6363532b4ba75"
          },
          "sensitive_attributes": [],
          "private": "bnVsbA==",
          "dependencies": [
            "module.eks-cluster.module.vpc.aws_vpc.this",
            "module.eks-cluster.module.vpc.aws_vpc_ipv4_cidr_block_association.this",
            "module.eks-cluster.random_string.suffix"
          ]
        }
      ]
    },
    {
      "module": "module.eks-cluster.module.vpc",
      "mode": "managed",
      "type": "aws_nat_gateway",
      "name": "this",
      "provider": "provider[\"registry.terraform.io/hashicorp/aws\"]",
      "instances": [
        {
          "index_key": 0,
          "schema_version": 0,
          "attributes": {
            "allocation_id": "eipalloc-0e79ebaeb71616831",
            "id": "nat-04cdd9e21b39785ef",
            "network_interface_id": "eni-00e4512839f8b5dbc",
            "private_ip": "10.0.4.123",
            "public_ip": "35.176.12.123",
            "subnet_id": "subnet-0f99b5aa1ace9005d",
            "tags": {
              "Name": "example-webapp-vpc-eu-west-2a",
              "kubernetes.io/cluster/example-webapp-eks-1VfrQgpg": "shared"
            }
          },
          "sensitive_attributes": [],
          "private": "bnVsbA==",
          "dependencies": [
            "module.eks-cluster.data.aws_availability_zones.available",
            "module.eks-cluster.module.vpc.aws_eip.nat",
            "module.eks-cluster.module.vpc.aws_internet_gateway.this",
            "module.eks-cluster.module.vpc.aws_subnet.public",
            "module.eks-cluster.module.vpc.aws_vpc.this",
            "module.eks-cluster.module.vpc.aws_vpc_ipv4_cidr_block_association.this",
            "module.eks-cluster.random_string.suffix"
          ]
        }
      ]
    },
    {
      "module": "module.eks-cluster.module.vpc",
      "mode": "managed",
      "type": "aws_route",
      "name": "private_nat_gateway",
      "provider": "provider[\"registry.terraform.io/hashicorp/aws\"]",
      "instances": [
        {
          "index_key": 0,
          "schema_version": 0,
          "attributes": {
            "destination_cidr_block": "0.0.0.0/0",
            "destination_ipv6_cidr_block": "",
            "destination_prefix_list_id": "",
            "egress_only_gateway_id": "",
            "gateway_id": "",
            "id": "r-rtb-0c13b3fe06d2dfab21080289494",
            "instance_id": "",
            "instance_owner_id": "",
            "local_gateway_id": "",
            "nat_gateway_id": "nat-04cdd9e21b39785ef",
            "network_interface_id": "",
            "origin": "CreateRoute",
            "route_table_id": "rtb-0c13b3fe06d2dfab2",
            "state": "active",
            "timeouts": {
              "create": "5m",
              "delete": null
            },
            "transit_gateway_id": "",
            "vpc_endpoint_id": "",
            "vpc_peering_connection_id": ""
          },
          "sensitive_attributes": [],
          "private": "eyJlMmJmYjczMC1lY2FhLTExZTYtOGY4OC0zNDM2M2JjN2M0YzAiOnsiY3JlYXRlIjozMDAwMDAwMDAwMDAsImRlbGV0ZSI6MzAwMDAwMDAwMDAwfX0=",
          "dependencies": [
            "module.eks-cluster.data.aws_availability_zones.available",
            "module.eks-cluster.module.vpc.aws_eip.nat",
            "module.eks-cluster.module.vpc.aws_internet_gateway.this",
            "module.eks-cluster.module.vpc.aws_nat_gateway.this",
            "module.eks-cluster.module.vpc.aws_route_table.private",
            "module.eks-cluster.module.vpc.aws_subnet.public",
            "module.eks-cluster.module.vpc.aws_vpc.this",
            "module.eks-cluster.module.vpc.aws_vpc_ipv4_cidr_block_association.this",
            "module.eks-cluster.random_string.suffix"
          ]
        }
      ]
    },
    {
      "module": "module.eks-cluster.module.vpc",
      "mode": "managed",
      "type": "aws_route",
      "name": "public_internet_gateway",
      "provider": "provider[\"registry.terraform.io/hashicorp/aws\"]",
      "instances": [
        {
          "index_key": 0,
          "schema_version": 0,
          "attributes": {
            "destination_cidr_block": "0.0.0.0/0",
            "destination_ipv6_cidr_block": "",
            "destination_prefix_list_id": "",
            "egress_only_gateway_id": "",
            "gateway_id": "igw-0a666740112763767",
            "id": "r-rtb-07324cb926a2ea96c1080289494",
            "instance_id": "",
            "instance_owner_id": "",
            "local_gateway_id": "",
            "nat_gateway_id": "",
            "network_interface_id": "",
            "origin": "CreateRoute",
            "route_table_id": "rtb-07324cb926a2ea96c",
            "state": "active",
            "timeouts": {
              "create": "5m",
              "delete": null
            },
            "transit_gateway_id": "",
            "vpc_endpoint_id": "",
            "vpc_peering_connection_id": ""
          },
          "sensitive_attributes": [],
          "private": "eyJlMmJmYjczMC1lY2FhLTExZTYtOGY4OC0zNDM2M2JjN2M0YzAiOnsiY3JlYXRlIjozMDAwMDAwMDAwMDAsImRlbGV0ZSI6MzAwMDAwMDAwMDAwfX0=",
          "dependencies": [
            "module.eks-cluster.module.vpc.aws_internet_gateway.this",
            "module.eks-cluster.module.vpc.aws_route_table.public",
            "module.eks-cluster.module.vpc.aws_vpc.this",
            "module.eks-cluster.module.vpc.aws_vpc_ipv4_cidr_block_association.this",
            "module.eks-cluster.random_string.suffix"
          ]
        }
      ]
    },
    {
      "module": "module.eks-cluster.module.vpc",
      "mode": "managed",
      "type": "aws_route_table",
      "name": "private",
      "provider": "provider[\"registry.terraform.io/hashicorp/aws\"]",
      "instances": [
        {
          "index_key": 0,
          "schema_version": 0,
          "attributes": {
            "id": "rtb-0c13b3fe06d2dfab2",
            "owner_id": "772290144575",
            "propagating_vgws": [],
            "route": [
              {
                "cidr_block": "0.0.0.0/0",
                "egress_only_gateway_id": "",
                "gateway_id": "",
                "instance_id": "",
                "ipv6_cidr_block": "",
                "local_gateway_id": "",
                "nat_gateway_id": "nat-04cdd9e21b39785ef",
                "network_interface_id": "",
                "transit_gateway_id": "",
                "vpc_endpoint_id": "",
                "vpc_peering_connection_id": ""
              }
            ],
            "tags": {
              "Name": "example-webapp-vpc-private",
              "kubernetes.io/cluster/example-webapp-eks-1VfrQgpg": "shared"
            },
            "vpc_id": "vpc-01bf6363532b4ba75"
          },
          "sensitive_attributes": [],
          "private": "bnVsbA==",
          "dependencies": [
            "module.eks-cluster.data.aws_availability_zones.available",
            "module.eks-cluster.module.vpc.aws_vpc.this",
            "module.eks-cluster.module.vpc.aws_vpc_ipv4_cidr_block_association.this",
            "module.eks-cluster.random_string.suffix"
          ]
        }
      ]
    },
    {
      "module": "module.eks-cluster.module.vpc",
      "mode": "managed",
      "type": "aws_route_table",
      "name": "public",
      "provider": "provider[\"registry.terraform.io/hashicorp/aws\"]",
      "instances": [
        {
          "index_key": 0,
          "schema_version": 0,
          "attributes": {
            "id": "rtb-07324cb926a2ea96c",
            "owner_id": "772290144575",
            "propagating_vgws": [],
            "route": [
              {
                "cidr_block": "0.0.0.0/0",
                "egress_only_gateway_id": "",
                "gateway_id": "igw-0a666740112763767",
                "instance_id": "",
                "ipv6_cidr_block": "",
                "local_gateway_id": "",
                "nat_gateway_id": "",
                "network_interface_id": "",
                "transit_gateway_id": "",
                "vpc_endpoint_id": "",
                "vpc_peering_connection_id": ""
              }
            ],
            "tags": {
              "Name": "example-webapp-vpc-public",
              "kubernetes.io/cluster/example-webapp-eks-1VfrQgpg": "shared"
            },
            "vpc_id": "vpc-01bf6363532b4ba75"
          },
          "sensitive_attributes": [],
          "private": "bnVsbA==",
          "dependencies": [
            "module.eks-cluster.module.vpc.aws_vpc.this",
            "module.eks-cluster.module.vpc.aws_vpc_ipv4_cidr_block_association.this",
            "module.eks-cluster.random_string.suffix"
          ]
        }
      ]
    },
    {
      "module": "module.eks-cluster.module.vpc",
      "mode": "managed",
      "type": "aws_route_table_association",
      "name": "private",
      "provider": "provider[\"registry.terraform.io/hashicorp/aws\"]",
      "instances": [
        {
          "index_key": 0,
          "schema_version": 0,
          "attributes": {
            "gateway_id": null,
            "id": "rtbassoc-07f028fea75b94ed6",
            "route_table_id": "rtb-0c13b3fe06d2dfab2",
            "subnet_id": "subnet-09a7465a41b6df07e"
          },
          "sensitive_attributes": [],
          "private": "bnVsbA==",
          "dependencies": [
            "module.eks-cluster.data.aws_availability_zones.available",
            "module.eks-cluster.module.vpc.aws_route_table.private",
            "module.eks-cluster.module.vpc.aws_subnet.private",
            "module.eks-cluster.module.vpc.aws_vpc.this",
            "module.eks-cluster.module.vpc.aws_vpc_ipv4_cidr_block_association.this",
            "module.eks-cluster.random_string.suffix"
          ]
        },
        {
          "index_key": 1,
          "schema_version": 0,
          "attributes": {
            "gateway_id": null,
            "id": "rtbassoc-09a7f23cb64134b80",
            "route_table_id": "rtb-0c13b3fe06d2dfab2",
            "subnet_id": "subnet-0b2e92df179d0a8c7"
          },
          "sensitive_attributes": [],
          "private": "bnVsbA==",
          "dependencies": [
            "module.eks-cluster.data.aws_availability_zones.available",
            "module.eks-cluster.module.vpc.aws_route_table.private",
            "module.eks-cluster.module.vpc.aws_subnet.private",
            "module.eks-cluster.module.vpc.aws_vpc.this",
            "module.eks-cluster.module.vpc.aws_vpc_ipv4_cidr_block_association.this",
            "module.eks-cluster.random_string.suffix"
          ]
        },
        {
          "index_key": 2,
          "schema_version": 0,
          "attributes": {
            "gateway_id": null,
            "id": "rtbassoc-061ed50872cbdfadd",
            "route_table_id": "rtb-0c13b3fe06d2dfab2",
            "subnet_id": "subnet-09144cef21ce0e9bc"
          },
          "sensitive_attributes": [],
          "private": "bnVsbA==",
          "dependencies": [
            "module.eks-cluster.data.aws_availability_zones.available",
            "module.eks-cluster.module.vpc.aws_route_table.private",
            "module.eks-cluster.module.vpc.aws_subnet.private",
            "module.eks-cluster.module.vpc.aws_vpc.this",
            "module.eks-cluster.module.vpc.aws_vpc_ipv4_cidr_block_association.this",
            "module.eks-cluster.random_string.suffix"
          ]
        }
      ]
    },
    {
      "module": "module.eks-cluster.module.vpc",
      "mode": "managed",
      "type": "aws_route_table_association",
      "name": "public",
      "provider": "provider[\"registry.terraform.io/hashicorp/aws\"]",
      "instances": [
        {
          "index_key": 0,
          "schema_version": 0,
          "attributes": {
            "gateway_id": null,
            "id": "rtbassoc-030e0480c41d50d79",
            "route_table_id": "rtb-07324cb926a2ea96c",
            "subnet_id": "subnet-0f99b5aa1ace9005d"
          },
          "sensitive_attributes": [],
          "private": "bnVsbA==",
          "dependencies": [
            "module.eks-cluster.data.aws_availability_zones.available",
            "module.eks-cluster.module.vpc.aws_route_table.public",
            "module.eks-cluster.module.vpc.aws_subnet.public",
            "module.eks-cluster.module.vpc.aws_vpc.this",
            "module.eks-cluster.module.vpc.aws_vpc_ipv4_cidr_block_association.this",
            "module.eks-cluster.random_string.suffix"
          ]
        },
        {
          "index_key": 1,
          "schema_version": 0,
          "attributes": {
            "gateway_id": null,
            "id": "rtbassoc-0535b5727e50b8c35",
            "route_table_id": "rtb-07324cb926a2ea96c",
            "subnet_id": "subnet-0eacc2f9371b23cb1"
          },
          "sensitive_attributes": [],
          "private": "bnVsbA==",
          "dependencies": [
            "module.eks-cluster.data.aws_availability_zones.available",
            "module.eks-cluster.module.vpc.aws_route_table.public",
            "module.eks-cluster.module.vpc.aws_subnet.public",
            "module.eks-cluster.module.vpc.aws_vpc.this",
            "module.eks-cluster.module.vpc.aws_vpc_ipv4_cidr_block_association.this",
            "module.eks-cluster.random_string.suffix"
          ]
        },
        {
          "index_key": 2,
          "schema_version": 0,
          "attributes": {
            "gateway_id": null,
            "id": "rtbassoc-06c4d9a71057fe2df",
            "route_table_id": "rtb-07324cb926a2ea96c",
            "subnet_id": "subnet-085e62efe863d9ffb"
          },
          "sensitive_attributes": [],
          "private": "bnVsbA==",
          "dependencies": [
            "module.eks-cluster.data.aws_availability_zones.available",
            "module.eks-cluster.module.vpc.aws_route_table.public",
            "module.eks-cluster.module.vpc.aws_subnet.public",
            "module.eks-cluster.module.vpc.aws_vpc.this",
            "module.eks-cluster.module.vpc.aws_vpc_ipv4_cidr_block_association.this",
            "module.eks-cluster.random_string.suffix"
          ]
        }
      ]
    },
    {
      "module": "module.eks-cluster.module.vpc",
      "mode": "managed",
      "type": "aws_subnet",
      "name": "private",
      "provider": "provider[\"registry.terraform.io/hashicorp/aws\"]",
      "instances": [
        {
          "index_key": 0,
          "schema_version": 1,
          "attributes": {
            "arn": "arn:aws:ec2:eu-west-2:772290144575:subnet/subnet-09a7465a41b6df07e",
            "assign_ipv6_address_on_creation": false,
            "availability_zone": "eu-west-2a",
            "availability_zone_id": "euw2-az2",
            "cidr_block": "10.0.1.0/24",
            "customer_owned_ipv4_pool": "",
            "id": "subnet-09a7465a41b6df07e",
            "ipv6_cidr_block": "",
            "ipv6_cidr_block_association_id": "",
            "map_customer_owned_ip_on_launch": false,
            "map_public_ip_on_launch": false,
            "outpost_arn": "",
            "owner_id": "772290144575",
            "tags": {
              "Name": "example-webapp-vpc-private-eu-west-2a",
              "kubernetes.io/cluster/example-webapp-eks-1VfrQgpg": "shared",
              "kubernetes.io/role/internal-elb": "1"
            },
            "tags_all": {
              "Name": "example-webapp-vpc-private-eu-west-2a",
              "kubernetes.io/cluster/example-webapp-eks-1VfrQgpg": "shared",
              "kubernetes.io/role/internal-elb": "1"
            },
            "timeouts": null,
            "vpc_id": "vpc-01bf6363532b4ba75"
          },
          "sensitive_attributes": [],
          "private": "eyJlMmJmYjczMC1lY2FhLTExZTYtOGY4OC0zNDM2M2JjN2M0YzAiOnsiY3JlYXRlIjo2MDAwMDAwMDAwMDAsImRlbGV0ZSI6MTIwMDAwMDAwMDAwMH0sInNjaGVtYV92ZXJzaW9uIjoiMSJ9",
          "dependencies": [
            "module.eks-cluster.data.aws_availability_zones.available",
            "module.eks-cluster.module.vpc.aws_vpc.this",
            "module.eks-cluster.module.vpc.aws_vpc_ipv4_cidr_block_association.this",
            "module.eks-cluster.random_string.suffix"
          ],
          "create_before_destroy": true
        },
        {
          "index_key": 1,
          "schema_version": 1,
          "attributes": {
            "arn": "arn:aws:ec2:eu-west-2:772290144575:subnet/subnet-0b2e92df179d0a8c7",
            "assign_ipv6_address_on_creation": false,
            "availability_zone": "eu-west-2b",
            "availability_zone_id": "euw2-az3",
            "cidr_block": "10.0.2.0/24",
            "customer_owned_ipv4_pool": "",
            "id": "subnet-0b2e92df179d0a8c7",
            "ipv6_cidr_block": "",
            "ipv6_cidr_block_association_id": "",
            "map_customer_owned_ip_on_launch": false,
            "map_public_ip_on_launch": false,
            "outpost_arn": "",
            "owner_id": "772290144575",
            "tags": {
              "Name": "example-webapp-vpc-private-eu-west-2b",
              "kubernetes.io/cluster/example-webapp-eks-1VfrQgpg": "shared",
              "kubernetes.io/role/internal-elb": "1"
            },
            "tags_all": {
              "Name": "example-webapp-vpc-private-eu-west-2b",
              "kubernetes.io/cluster/example-webapp-eks-1VfrQgpg": "shared",
              "kubernetes.io/role/internal-elb": "1"
            },
            "timeouts": null,
            "vpc_id": "vpc-01bf6363532b4ba75"
          },
          "sensitive_attributes": [],
          "private": "eyJlMmJmYjczMC1lY2FhLTExZTYtOGY4OC0zNDM2M2JjN2M0YzAiOnsiY3JlYXRlIjo2MDAwMDAwMDAwMDAsImRlbGV0ZSI6MTIwMDAwMDAwMDAwMH0sInNjaGVtYV92ZXJzaW9uIjoiMSJ9",
          "dependencies": [
            "module.eks-cluster.data.aws_availability_zones.available",
            "module.eks-cluster.module.vpc.aws_vpc.this",
            "module.eks-cluster.module.vpc.aws_vpc_ipv4_cidr_block_association.this",
            "module.eks-cluster.random_string.suffix"
          ],
          "create_before_destroy": true
        },
        {
          "index_key": 2,
          "schema_version": 1,
          "attributes": {
            "arn": "arn:aws:ec2:eu-west-2:772290144575:subnet/subnet-09144cef21ce0e9bc",
            "assign_ipv6_address_on_creation": false,
            "availability_zone": "eu-west-2c",
            "availability_zone_id": "euw2-az1",
            "cidr_block": "10.0.3.0/24",
            "customer_owned_ipv4_pool": "",
            "id": "subnet-09144cef21ce0e9bc",
            "ipv6_cidr_block": "",
            "ipv6_cidr_block_association_id": "",
            "map_customer_owned_ip_on_launch": false,
            "map_public_ip_on_launch": false,
            "outpost_arn": "",
            "owner_id": "772290144575",
            "tags": {
              "Name": "example-webapp-vpc-private-eu-west-2c",
              "kubernetes.io/cluster/example-webapp-eks-1VfrQgpg": "shared",
              "kubernetes.io/role/internal-elb": "1"
            },
            "tags_all": {
              "Name": "example-webapp-vpc-private-eu-west-2c",
              "kubernetes.io/cluster/example-webapp-eks-1VfrQgpg": "shared",
              "kubernetes.io/role/internal-elb": "1"
            },
            "timeouts": null,
            "vpc_id": "vpc-01bf6363532b4ba75"
          },
          "sensitive_attributes": [],
          "private": "eyJlMmJmYjczMC1lY2FhLTExZTYtOGY4OC0zNDM2M2JjN2M0YzAiOnsiY3JlYXRlIjo2MDAwMDAwMDAwMDAsImRlbGV0ZSI6MTIwMDAwMDAwMDAwMH0sInNjaGVtYV92ZXJzaW9uIjoiMSJ9",
          "dependencies": [
            "module.eks-cluster.data.aws_availability_zones.available",
            "module.eks-cluster.module.vpc.aws_vpc.this",
            "module.eks-cluster.module.vpc.aws_vpc_ipv4_cidr_block_association.this",
            "module.eks-cluster.random_string.suffix"
          ],
          "create_before_destroy": true
        }
      ]
    },
    {
      "module": "module.eks-cluster.module.vpc",
      "mode": "managed",
      "type": "aws_subnet",
      "name": "public",
      "provider": "provider[\"registry.terraform.io/hashicorp/aws\"]",
      "instances": [
        {
          "index_key": 0,
          "schema_version": 1,
          "attributes": {
            "arn": "arn:aws:ec2:eu-west-2:772290144575:subnet/subnet-0f99b5aa1ace9005d",
            "assign_ipv6_address_on_creation": false,
            "availability_zone": "eu-west-2a",
            "availability_zone_id": "euw2-az2",
            "cidr_block": "10.0.4.0/24",
            "customer_owned_ipv4_pool": "",
            "id": "subnet-0f99b5aa1ace9005d",
            "ipv6_cidr_block": "",
            "ipv6_cidr_block_association_id": "",
            "map_customer_owned_ip_on_launch": false,
            "map_public_ip_on_launch": true,
            "outpost_arn": "",
            "owner_id": "772290144575",
            "tags": {
              "Name": "example-webapp-vpc-public-eu-west-2a",
              "kubernetes.io/cluster/example-webapp-eks-1VfrQgpg": "shared",
              "kubernetes.io/role/elb": "1"
            },
            "tags_all": {
              "Name": "example-webapp-vpc-public-eu-west-2a",
              "kubernetes.io/cluster/example-webapp-eks-1VfrQgpg": "shared",
              "kubernetes.io/role/elb": "1"
            },
            "timeouts": null,
            "vpc_id": "vpc-01bf6363532b4ba75"
          },
          "sensitive_attributes": [],
          "private": "eyJlMmJmYjczMC1lY2FhLTExZTYtOGY4OC0zNDM2M2JjN2M0YzAiOnsiY3JlYXRlIjo2MDAwMDAwMDAwMDAsImRlbGV0ZSI6MTIwMDAwMDAwMDAwMH0sInNjaGVtYV92ZXJzaW9uIjoiMSJ9",
          "dependencies": [
            "module.eks-cluster.data.aws_availability_zones.available",
            "module.eks-cluster.module.vpc.aws_vpc.this",
            "module.eks-cluster.module.vpc.aws_vpc_ipv4_cidr_block_association.this",
            "module.eks-cluster.random_string.suffix"
          ]
        },
        {
          "index_key": 1,
          "schema_version": 1,
          "attributes": {
            "arn": "arn:aws:ec2:eu-west-2:772290144575:subnet/subnet-0eacc2f9371b23cb1",
            "assign_ipv6_address_on_creation": false,
            "availability_zone": "eu-west-2b",
            "availability_zone_id": "euw2-az3",
            "cidr_block": "10.0.5.0/24",
            "customer_owned_ipv4_pool": "",
            "id": "subnet-0eacc2f9371b23cb1",
            "ipv6_cidr_block": "",
            "ipv6_cidr_block_association_id": "",
            "map_customer_owned_ip_on_launch": false,
            "map_public_ip_on_launch": true,
            "outpost_arn": "",
            "owner_id": "772290144575",
            "tags": {
              "Name": "example-webapp-vpc-public-eu-west-2b",
              "kubernetes.io/cluster/example-webapp-eks-1VfrQgpg": "shared",
              "kubernetes.io/role/elb": "1"
            },
            "tags_all": {
              "Name": "example-webapp-vpc-public-eu-west-2b",
              "kubernetes.io/cluster/example-webapp-eks-1VfrQgpg": "shared",
              "kubernetes.io/role/elb": "1"
            },
            "timeouts": null,
            "vpc_id": "vpc-01bf6363532b4ba75"
          },
          "sensitive_attributes": [],
          "private": "eyJlMmJmYjczMC1lY2FhLTExZTYtOGY4OC0zNDM2M2JjN2M0YzAiOnsiY3JlYXRlIjo2MDAwMDAwMDAwMDAsImRlbGV0ZSI6MTIwMDAwMDAwMDAwMH0sInNjaGVtYV92ZXJzaW9uIjoiMSJ9",
          "dependencies": [
            "module.eks-cluster.data.aws_availability_zones.available",
            "module.eks-cluster.module.vpc.aws_vpc.this",
            "module.eks-cluster.module.vpc.aws_vpc_ipv4_cidr_block_association.this",
            "module.eks-cluster.random_string.suffix"
          ]
        },
        {
          "index_key": 2,
          "schema_version": 1,
          "attributes": {
            "arn": "arn:aws:ec2:eu-west-2:772290144575:subnet/subnet-085e62efe863d9ffb",
            "assign_ipv6_address_on_creation": false,
            "availability_zone": "eu-west-2c",
            "availability_zone_id": "euw2-az1",
            "cidr_block": "10.0.6.0/24",
            "customer_owned_ipv4_pool": "",
            "id": "subnet-085e62efe863d9ffb",
            "ipv6_cidr_block": "",
            "ipv6_cidr_block_association_id": "",
            "map_customer_owned_ip_on_launch": false,
            "map_public_ip_on_launch": true,
            "outpost_arn": "",
            "owner_id": "772290144575",
            "tags": {
              "Name": "example-webapp-vpc-public-eu-west-2c",
              "kubernetes.io/cluster/example-webapp-eks-1VfrQgpg": "shared",
              "kubernetes.io/role/elb": "1"
            },
            "tags_all": {
              "Name": "example-webapp-vpc-public-eu-west-2c",
              "kubernetes.io/cluster/example-webapp-eks-1VfrQgpg": "shared",
              "kubernetes.io/role/elb": "1"
            },
            "timeouts": null,
            "vpc_id": "vpc-01bf6363532b4ba75"
          },
          "sensitive_attributes": [],
          "private": "eyJlMmJmYjczMC1lY2FhLTExZTYtOGY4OC0zNDM2M2JjN2M0YzAiOnsiY3JlYXRlIjo2MDAwMDAwMDAwMDAsImRlbGV0ZSI6MTIwMDAwMDAwMDAwMH0sInNjaGVtYV92ZXJzaW9uIjoiMSJ9",
          "dependencies": [
            "module.eks-cluster.data.aws_availability_zones.available",
            "module.eks-cluster.module.vpc.aws_vpc.this",
            "module.eks-cluster.module.vpc.aws_vpc_ipv4_cidr_block_association.this",
            "module.eks-cluster.random_string.suffix"
          ]
        }
      ]
    },
    {
      "module": "module.eks-cluster.module.vpc",
      "mode": "managed",
      "type": "aws_vpc",
      "name": "this",
      "provider": "provider[\"registry.terraform.io/hashicorp/aws\"]",
      "instances": [
        {
          "index_key": 0,
          "schema_version": 1,
          "attributes": {
            "arn": "arn:aws:ec2:eu-west-2:772290144575:vpc/vpc-01bf6363532b4ba75",
            "assign_generated_ipv6_cidr_block": false,
            "cidr_block": "10.0.0.0/16",
            "default_network_acl_id": "acl-0edc3c55a30acf3e1",
            "default_route_table_id": "rtb-04df6ea2a11622b1d",
            "default_security_group_id": "sg-011c83a36c9c0a774",
            "dhcp_options_id": "dopt-0f4dba007200ba2a7",
            "enable_classiclink": null,
            "enable_classiclink_dns_support": null,
            "enable_dns_hostnames": true,
            "enable_dns_support": true,
            "id": "vpc-01bf6363532b4ba75",
            "instance_tenancy": "default",
            "ipv6_association_id": "",
            "ipv6_cidr_block": "",
            "main_route_table_id": "rtb-04df6ea2a11622b1d",
            "owner_id": "772290144575",
            "tags": {
              "Name": "example-webapp-vpc",
              "kubernetes.io/cluster/example-webapp-eks-1VfrQgpg": "shared"
            },
            "tags_all": {
              "Name": "example-webapp-vpc",
              "kubernetes.io/cluster/example-webapp-eks-1VfrQgpg": "shared"
            }
          },
          "sensitive_attributes": [],
          "private": "eyJzY2hlbWFfdmVyc2lvbiI6IjEifQ==",
          "dependencies": [
            "module.eks-cluster.random_string.suffix"
          ],
          "create_before_destroy": true
        }
      ]
    }
  ]
}
